
Microsoft Visual Studio Solution File, Format Version 12.00
# Visual Studio 14
VisualStudioVersion = 14.0.24720.0
MinimumVisualStudioVersion = 10.0.40219.1
Project("{FAE04EC0-301F-11D3-BF4B-00C04F79EFBC}") = "Setup.WPF", "Setup.WPF\Setup.WPF.csproj", "{2B3D1C22-7F3E-4B19-AE6B-892B8E4981C2}"
EndProject
Project("{FAE04EC0-301F-11D3-BF4B-00C04F79EFBC}") = "Setup.Silverlight", "Setup.Silverlight\Setup.Silverlight.csproj", "{E6881290-8CFB-4626-A62C-731D4B3D5A19}"
EndProject
Project("{FAE04EC0-301F-11D3-BF4B-00C04F79EFBC}") = "Setup.WindowsPhone.Silverlight", "Setup.WindowsPhone.Silverlight\Setup.WindowsPhone.Silverlight.csproj", "{160F30BE-FEF5-49AD-9A12-518C9839504F}"
EndProject
Project("{FAE04EC0-301F-11D3-BF4B-00C04F79EFBC}") = "Setup.WindowsPhone.WindowsRuntime", "Setup.WindowsPhone.WindowsRuntime\Setup.WindowsPhone.WindowsRuntime.csproj", "{75BFCAA5-C989-4EF3-BC2E-F7E0006A8913}"
EndProject
Project("{FAE04EC0-301F-11D3-BF4B-00C04F79EFBC}") = "Setup.WindowsRuntime", "Setup.WindowsRuntime\Setup.WindowsRuntime.csproj", "{54DA37E7-70BF-46F9-AEA0-E38BB0FED2B7}"
EndProject
Project("{FAE04EC0-301F-11D3-BF4B-00C04F79EFBC}") = "Setup.UWP", "Setup.UWP\Setup.UWP.csproj", "{42069D03-9642-41D5-8D65-E5A156249828}"
EndProject
Project("{FAE04EC0-301F-11D3-BF4B-00C04F79EFBC}") = "Setup.Android", "Setup.Android\Setup.Android.csproj", "{5E5C9CBC-56CE-44A2-91B2-3D861D08581F}"
EndProject
Project("{FAE04EC0-301F-11D3-BF4B-00C04F79EFBC}") = "Setup.iOS", "Setup.iOS\Setup.iOS.csproj", "{C05EEC09-9341-404E-AA4E-19134CF4C5E3}"
EndProject
Project("{2150E333-8FDC-42A3-9474-1A3956D46DE8}") = "Xamarin Forms", "Xamarin Forms", "{7555A83C-9CAA-4A18-8D8B-E59BD729969A}"
EndProject
Project("{2150E333-8FDC-42A3-9474-1A3956D46DE8}") = "Xamarin", "Xamarin", "{C619B6EB-FD55-4D5D-9297-39D203C72069}"
EndProject
Project("{FAE04EC0-301F-11D3-BF4B-00C04F79EFBC}") = "Setup.Forms.Droid", "Setup.Forms\Setup.Forms.Droid\Setup.Forms.Droid.csproj", "{FCCDA5F7-D64A-4EF0-BF60-DF8DF39689D4}"
EndProject
Project("{FAE04EC0-301F-11D3-BF4B-00C04F79EFBC}") = "Setup.Forms.iOS", "Setup.Forms\Setup.Forms.iOS\Setup.Forms.iOS.csproj", "{275CD363-BA8C-4B0E-9ED7-18B72A335F0B}"
EndProject
Project("{FAE04EC0-301F-11D3-BF4B-00C04F79EFBC}") = "Setup.Forms.WinPhone", "Setup.Forms\Setup.Forms.WinPhone\Setup.Forms.WinPhone.csproj", "{47D34C7D-BB8F-422B-B72B-31D2F5185E0F}"
EndProject
Project("{FAE04EC0-301F-11D3-BF4B-00C04F79EFBC}") = "Setup.Forms", "Setup.Forms\Setup.Forms\Setup.Forms.csproj", "{6FDF7898-5AE9-4D43-BEE1-985D9289060D}"
EndProject
Global
	GlobalSection(SolutionConfigurationPlatforms) = preSolution
		Ad-Hoc|Any CPU = Ad-Hoc|Any CPU
		Ad-Hoc|ARM = Ad-Hoc|ARM
		Ad-Hoc|iPhone = Ad-Hoc|iPhone
		Ad-Hoc|iPhoneSimulator = Ad-Hoc|iPhoneSimulator
		Ad-Hoc|x64 = Ad-Hoc|x64
		Ad-Hoc|x86 = Ad-Hoc|x86
		AppStore|Any CPU = AppStore|Any CPU
		AppStore|ARM = AppStore|ARM
		AppStore|iPhone = AppStore|iPhone
		AppStore|iPhoneSimulator = AppStore|iPhoneSimulator
		AppStore|x64 = AppStore|x64
		AppStore|x86 = AppStore|x86
		Debug|Any CPU = Debug|Any CPU
		Debug|ARM = Debug|ARM
		Debug|iPhone = Debug|iPhone
		Debug|iPhoneSimulator = Debug|iPhoneSimulator
		Debug|x64 = Debug|x64
		Debug|x86 = Debug|x86
		Release|Any CPU = Release|Any CPU
		Release|ARM = Release|ARM
		Release|iPhone = Release|iPhone
		Release|iPhoneSimulator = Release|iPhoneSimulator
		Release|x64 = Release|x64
		Release|x86 = Release|x86
	EndGlobalSection
	GlobalSection(ProjectConfigurationPlatforms) = postSolution
		{2B3D1C22-7F3E-4B19-AE6B-892B8E4981C2}.Ad-Hoc|Any CPU.ActiveCfg = Release|Any CPU
		{2B3D1C22-7F3E-4B19-AE6B-892B8E4981C2}.Ad-Hoc|Any CPU.Build.0 = Release|Any CPU
		{2B3D1C22-7F3E-4B19-AE6B-892B8E4981C2}.Ad-Hoc|ARM.ActiveCfg = Release|Any CPU
		{2B3D1C22-7F3E-4B19-AE6B-892B8E4981C2}.Ad-Hoc|ARM.Build.0 = Release|Any CPU
		{2B3D1C22-7F3E-4B19-AE6B-892B8E4981C2}.Ad-Hoc|iPhone.ActiveCfg = Release|Any CPU
		{2B3D1C22-7F3E-4B19-AE6B-892B8E4981C2}.Ad-Hoc|iPhone.Build.0 = Release|Any CPU
		{2B3D1C22-7F3E-4B19-AE6B-892B8E4981C2}.Ad-Hoc|iPhoneSimulator.ActiveCfg = Release|Any CPU
		{2B3D1C22-7F3E-4B19-AE6B-892B8E4981C2}.Ad-Hoc|iPhoneSimulator.Build.0 = Release|Any CPU
		{2B3D1C22-7F3E-4B19-AE6B-892B8E4981C2}.Ad-Hoc|x64.ActiveCfg = Release|Any CPU
		{2B3D1C22-7F3E-4B19-AE6B-892B8E4981C2}.Ad-Hoc|x64.Build.0 = Release|Any CPU
		{2B3D1C22-7F3E-4B19-AE6B-892B8E4981C2}.Ad-Hoc|x86.ActiveCfg = Release|Any CPU
		{2B3D1C22-7F3E-4B19-AE6B-892B8E4981C2}.Ad-Hoc|x86.Build.0 = Release|Any CPU
		{2B3D1C22-7F3E-4B19-AE6B-892B8E4981C2}.AppStore|Any CPU.ActiveCfg = Release|Any CPU
		{2B3D1C22-7F3E-4B19-AE6B-892B8E4981C2}.AppStore|Any CPU.Build.0 = Release|Any CPU
		{2B3D1C22-7F3E-4B19-AE6B-892B8E4981C2}.AppStore|ARM.ActiveCfg = Release|Any CPU
		{2B3D1C22-7F3E-4B19-AE6B-892B8E4981C2}.AppStore|ARM.Build.0 = Release|Any CPU
		{2B3D1C22-7F3E-4B19-AE6B-892B8E4981C2}.AppStore|iPhone.ActiveCfg = Release|Any CPU
		{2B3D1C22-7F3E-4B19-AE6B-892B8E4981C2}.AppStore|iPhone.Build.0 = Release|Any CPU
		{2B3D1C22-7F3E-4B19-AE6B-892B8E4981C2}.AppStore|iPhoneSimulator.ActiveCfg = Release|Any CPU
		{2B3D1C22-7F3E-4B19-AE6B-892B8E4981C2}.AppStore|iPhoneSimulator.Build.0 = Release|Any CPU
		{2B3D1C22-7F3E-4B19-AE6B-892B8E4981C2}.AppStore|x64.ActiveCfg = Release|Any CPU
		{2B3D1C22-7F3E-4B19-AE6B-892B8E4981C2}.AppStore|x64.Build.0 = Release|Any CPU
		{2B3D1C22-7F3E-4B19-AE6B-892B8E4981C2}.AppStore|x86.ActiveCfg = Release|Any CPU
		{2B3D1C22-7F3E-4B19-AE6B-892B8E4981C2}.AppStore|x86.Build.0 = Release|Any CPU
		{2B3D1C22-7F3E-4B19-AE6B-892B8E4981C2}.Debug|Any CPU.ActiveCfg = Debug|Any CPU
		{2B3D1C22-7F3E-4B19-AE6B-892B8E4981C2}.Debug|Any CPU.Build.0 = Debug|Any CPU
		{2B3D1C22-7F3E-4B19-AE6B-892B8E4981C2}.Debug|ARM.ActiveCfg = Debug|Any CPU
		{2B3D1C22-7F3E-4B19-AE6B-892B8E4981C2}.Debug|ARM.Build.0 = Debug|Any CPU
		{2B3D1C22-7F3E-4B19-AE6B-892B8E4981C2}.Debug|iPhone.ActiveCfg = Debug|Any CPU
		{2B3D1C22-7F3E-4B19-AE6B-892B8E4981C2}.Debug|iPhone.Build.0 = Debug|Any CPU
		{2B3D1C22-7F3E-4B19-AE6B-892B8E4981C2}.Debug|iPhoneSimulator.ActiveCfg = Debug|Any CPU
		{2B3D1C22-7F3E-4B19-AE6B-892B8E4981C2}.Debug|iPhoneSimulator.Build.0 = Debug|Any CPU
		{2B3D1C22-7F3E-4B19-AE6B-892B8E4981C2}.Debug|x64.ActiveCfg = Debug|Any CPU
		{2B3D1C22-7F3E-4B19-AE6B-892B8E4981C2}.Debug|x64.Build.0 = Debug|Any CPU
		{2B3D1C22-7F3E-4B19-AE6B-892B8E4981C2}.Debug|x86.ActiveCfg = Debug|Any CPU
		{2B3D1C22-7F3E-4B19-AE6B-892B8E4981C2}.Debug|x86.Build.0 = Debug|Any CPU
		{2B3D1C22-7F3E-4B19-AE6B-892B8E4981C2}.Release|Any CPU.ActiveCfg = Release|Any CPU
		{2B3D1C22-7F3E-4B19-AE6B-892B8E4981C2}.Release|Any CPU.Build.0 = Release|Any CPU
		{2B3D1C22-7F3E-4B19-AE6B-892B8E4981C2}.Release|ARM.ActiveCfg = Release|Any CPU
		{2B3D1C22-7F3E-4B19-AE6B-892B8E4981C2}.Release|ARM.Build.0 = Release|Any CPU
		{2B3D1C22-7F3E-4B19-AE6B-892B8E4981C2}.Release|iPhone.ActiveCfg = Release|Any CPU
		{2B3D1C22-7F3E-4B19-AE6B-892B8E4981C2}.Release|iPhone.Build.0 = Release|Any CPU
		{2B3D1C22-7F3E-4B19-AE6B-892B8E4981C2}.Release|iPhoneSimulator.ActiveCfg = Release|Any CPU
		{2B3D1C22-7F3E-4B19-AE6B-892B8E4981C2}.Release|iPhoneSimulator.Build.0 = Release|Any CPU
		{2B3D1C22-7F3E-4B19-AE6B-892B8E4981C2}.Release|x64.ActiveCfg = Release|Any CPU
		{2B3D1C22-7F3E-4B19-AE6B-892B8E4981C2}.Release|x64.Build.0 = Release|Any CPU
		{2B3D1C22-7F3E-4B19-AE6B-892B8E4981C2}.Release|x86.ActiveCfg = Release|Any CPU
		{2B3D1C22-7F3E-4B19-AE6B-892B8E4981C2}.Release|x86.Build.0 = Release|Any CPU
		{E6881290-8CFB-4626-A62C-731D4B3D5A19}.Ad-Hoc|Any CPU.ActiveCfg = Release|Any CPU
		{E6881290-8CFB-4626-A62C-731D4B3D5A19}.Ad-Hoc|Any CPU.Build.0 = Release|Any CPU
		{E6881290-8CFB-4626-A62C-731D4B3D5A19}.Ad-Hoc|ARM.ActiveCfg = Release|Any CPU
		{E6881290-8CFB-4626-A62C-731D4B3D5A19}.Ad-Hoc|ARM.Build.0 = Release|Any CPU
		{E6881290-8CFB-4626-A62C-731D4B3D5A19}.Ad-Hoc|iPhone.ActiveCfg = Release|Any CPU
		{E6881290-8CFB-4626-A62C-731D4B3D5A19}.Ad-Hoc|iPhone.Build.0 = Release|Any CPU
		{E6881290-8CFB-4626-A62C-731D4B3D5A19}.Ad-Hoc|iPhoneSimulator.ActiveCfg = Release|Any CPU
		{E6881290-8CFB-4626-A62C-731D4B3D5A19}.Ad-Hoc|iPhoneSimulator.Build.0 = Release|Any CPU
		{E6881290-8CFB-4626-A62C-731D4B3D5A19}.Ad-Hoc|x64.ActiveCfg = Release|Any CPU
		{E6881290-8CFB-4626-A62C-731D4B3D5A19}.Ad-Hoc|x64.Build.0 = Release|Any CPU
		{E6881290-8CFB-4626-A62C-731D4B3D5A19}.Ad-Hoc|x86.ActiveCfg = Release|Any CPU
		{E6881290-8CFB-4626-A62C-731D4B3D5A19}.Ad-Hoc|x86.Build.0 = Release|Any CPU
		{E6881290-8CFB-4626-A62C-731D4B3D5A19}.AppStore|Any CPU.ActiveCfg = Release|Any CPU
		{E6881290-8CFB-4626-A62C-731D4B3D5A19}.AppStore|Any CPU.Build.0 = Release|Any CPU
		{E6881290-8CFB-4626-A62C-731D4B3D5A19}.AppStore|ARM.ActiveCfg = Release|Any CPU
		{E6881290-8CFB-4626-A62C-731D4B3D5A19}.AppStore|ARM.Build.0 = Release|Any CPU
		{E6881290-8CFB-4626-A62C-731D4B3D5A19}.AppStore|iPhone.ActiveCfg = Release|Any CPU
		{E6881290-8CFB-4626-A62C-731D4B3D5A19}.AppStore|iPhone.Build.0 = Release|Any CPU
		{E6881290-8CFB-4626-A62C-731D4B3D5A19}.AppStore|iPhoneSimulator.ActiveCfg = Release|Any CPU
		{E6881290-8CFB-4626-A62C-731D4B3D5A19}.AppStore|iPhoneSimulator.Build.0 = Release|Any CPU
		{E6881290-8CFB-4626-A62C-731D4B3D5A19}.AppStore|x64.ActiveCfg = Release|Any CPU
		{E6881290-8CFB-4626-A62C-731D4B3D5A19}.AppStore|x64.Build.0 = Release|Any CPU
		{E6881290-8CFB-4626-A62C-731D4B3D5A19}.AppStore|x86.ActiveCfg = Release|Any CPU
		{E6881290-8CFB-4626-A62C-731D4B3D5A19}.AppStore|x86.Build.0 = Release|Any CPU
		{E6881290-8CFB-4626-A62C-731D4B3D5A19}.Debug|Any CPU.ActiveCfg = Debug|Any CPU
		{E6881290-8CFB-4626-A62C-731D4B3D5A19}.Debug|Any CPU.Build.0 = Debug|Any CPU
		{E6881290-8CFB-4626-A62C-731D4B3D5A19}.Debug|ARM.ActiveCfg = Debug|Any CPU
		{E6881290-8CFB-4626-A62C-731D4B3D5A19}.Debug|ARM.Build.0 = Debug|Any CPU
		{E6881290-8CFB-4626-A62C-731D4B3D5A19}.Debug|iPhone.ActiveCfg = Debug|Any CPU
		{E6881290-8CFB-4626-A62C-731D4B3D5A19}.Debug|iPhone.Build.0 = Debug|Any CPU
		{E6881290-8CFB-4626-A62C-731D4B3D5A19}.Debug|iPhoneSimulator.ActiveCfg = Debug|Any CPU
		{E6881290-8CFB-4626-A62C-731D4B3D5A19}.Debug|iPhoneSimulator.Build.0 = Debug|Any CPU
		{E6881290-8CFB-4626-A62C-731D4B3D5A19}.Debug|x64.ActiveCfg = Debug|Any CPU
		{E6881290-8CFB-4626-A62C-731D4B3D5A19}.Debug|x64.Build.0 = Debug|Any CPU
		{E6881290-8CFB-4626-A62C-731D4B3D5A19}.Debug|x86.ActiveCfg = Debug|Any CPU
		{E6881290-8CFB-4626-A62C-731D4B3D5A19}.Debug|x86.Build.0 = Debug|Any CPU
		{E6881290-8CFB-4626-A62C-731D4B3D5A19}.Release|Any CPU.ActiveCfg = Release|Any CPU
		{E6881290-8CFB-4626-A62C-731D4B3D5A19}.Release|Any CPU.Build.0 = Release|Any CPU
		{E6881290-8CFB-4626-A62C-731D4B3D5A19}.Release|ARM.ActiveCfg = Release|Any CPU
		{E6881290-8CFB-4626-A62C-731D4B3D5A19}.Release|ARM.Build.0 = Release|Any CPU
		{E6881290-8CFB-4626-A62C-731D4B3D5A19}.Release|iPhone.ActiveCfg = Release|Any CPU
		{E6881290-8CFB-4626-A62C-731D4B3D5A19}.Release|iPhone.Build.0 = Release|Any CPU
		{E6881290-8CFB-4626-A62C-731D4B3D5A19}.Release|iPhoneSimulator.ActiveCfg = Release|Any CPU
		{E6881290-8CFB-4626-A62C-731D4B3D5A19}.Release|iPhoneSimulator.Build.0 = Release|Any CPU
		{E6881290-8CFB-4626-A62C-731D4B3D5A19}.Release|x64.ActiveCfg = Release|Any CPU
		{E6881290-8CFB-4626-A62C-731D4B3D5A19}.Release|x64.Build.0 = Release|Any CPU
		{E6881290-8CFB-4626-A62C-731D4B3D5A19}.Release|x86.ActiveCfg = Release|Any CPU
		{E6881290-8CFB-4626-A62C-731D4B3D5A19}.Release|x86.Build.0 = Release|Any CPU
		{160F30BE-FEF5-49AD-9A12-518C9839504F}.Ad-Hoc|Any CPU.ActiveCfg = Release|Any CPU
		{160F30BE-FEF5-49AD-9A12-518C9839504F}.Ad-Hoc|Any CPU.Build.0 = Release|Any CPU
		{160F30BE-FEF5-49AD-9A12-518C9839504F}.Ad-Hoc|Any CPU.Deploy.0 = Release|Any CPU
		{160F30BE-FEF5-49AD-9A12-518C9839504F}.Ad-Hoc|ARM.ActiveCfg = Release|ARM
		{160F30BE-FEF5-49AD-9A12-518C9839504F}.Ad-Hoc|ARM.Build.0 = Release|ARM
		{160F30BE-FEF5-49AD-9A12-518C9839504F}.Ad-Hoc|ARM.Deploy.0 = Release|ARM
		{160F30BE-FEF5-49AD-9A12-518C9839504F}.Ad-Hoc|iPhone.ActiveCfg = Release|Any CPU
		{160F30BE-FEF5-49AD-9A12-518C9839504F}.Ad-Hoc|iPhone.Build.0 = Release|Any CPU
		{160F30BE-FEF5-49AD-9A12-518C9839504F}.Ad-Hoc|iPhone.Deploy.0 = Release|Any CPU
		{160F30BE-FEF5-49AD-9A12-518C9839504F}.Ad-Hoc|iPhoneSimulator.ActiveCfg = Release|Any CPU
		{160F30BE-FEF5-49AD-9A12-518C9839504F}.Ad-Hoc|iPhoneSimulator.Build.0 = Release|Any CPU
		{160F30BE-FEF5-49AD-9A12-518C9839504F}.Ad-Hoc|iPhoneSimulator.Deploy.0 = Release|Any CPU
		{160F30BE-FEF5-49AD-9A12-518C9839504F}.Ad-Hoc|x64.ActiveCfg = Release|Any CPU
		{160F30BE-FEF5-49AD-9A12-518C9839504F}.Ad-Hoc|x64.Build.0 = Release|Any CPU
		{160F30BE-FEF5-49AD-9A12-518C9839504F}.Ad-Hoc|x64.Deploy.0 = Release|Any CPU
		{160F30BE-FEF5-49AD-9A12-518C9839504F}.Ad-Hoc|x86.ActiveCfg = Release|x86
		{160F30BE-FEF5-49AD-9A12-518C9839504F}.Ad-Hoc|x86.Build.0 = Release|x86
		{160F30BE-FEF5-49AD-9A12-518C9839504F}.Ad-Hoc|x86.Deploy.0 = Release|x86
		{160F30BE-FEF5-49AD-9A12-518C9839504F}.AppStore|Any CPU.ActiveCfg = Release|Any CPU
		{160F30BE-FEF5-49AD-9A12-518C9839504F}.AppStore|Any CPU.Build.0 = Release|Any CPU
		{160F30BE-FEF5-49AD-9A12-518C9839504F}.AppStore|Any CPU.Deploy.0 = Release|Any CPU
		{160F30BE-FEF5-49AD-9A12-518C9839504F}.AppStore|ARM.ActiveCfg = Release|ARM
		{160F30BE-FEF5-49AD-9A12-518C9839504F}.AppStore|ARM.Build.0 = Release|ARM
		{160F30BE-FEF5-49AD-9A12-518C9839504F}.AppStore|ARM.Deploy.0 = Release|ARM
		{160F30BE-FEF5-49AD-9A12-518C9839504F}.AppStore|iPhone.ActiveCfg = Release|Any CPU
		{160F30BE-FEF5-49AD-9A12-518C9839504F}.AppStore|iPhone.Build.0 = Release|Any CPU
		{160F30BE-FEF5-49AD-9A12-518C9839504F}.AppStore|iPhone.Deploy.0 = Release|Any CPU
		{160F30BE-FEF5-49AD-9A12-518C9839504F}.AppStore|iPhoneSimulator.ActiveCfg = Release|Any CPU
		{160F30BE-FEF5-49AD-9A12-518C9839504F}.AppStore|iPhoneSimulator.Build.0 = Release|Any CPU
		{160F30BE-FEF5-49AD-9A12-518C9839504F}.AppStore|iPhoneSimulator.Deploy.0 = Release|Any CPU
		{160F30BE-FEF5-49AD-9A12-518C9839504F}.AppStore|x64.ActiveCfg = Release|Any CPU
		{160F30BE-FEF5-49AD-9A12-518C9839504F}.AppStore|x64.Build.0 = Release|Any CPU
		{160F30BE-FEF5-49AD-9A12-518C9839504F}.AppStore|x64.Deploy.0 = Release|Any CPU
		{160F30BE-FEF5-49AD-9A12-518C9839504F}.AppStore|x86.ActiveCfg = Release|x86
		{160F30BE-FEF5-49AD-9A12-518C9839504F}.AppStore|x86.Build.0 = Release|x86
		{160F30BE-FEF5-49AD-9A12-518C9839504F}.AppStore|x86.Deploy.0 = Release|x86
		{160F30BE-FEF5-49AD-9A12-518C9839504F}.Debug|Any CPU.ActiveCfg = Debug|Any CPU
		{160F30BE-FEF5-49AD-9A12-518C9839504F}.Debug|Any CPU.Build.0 = Debug|Any CPU
		{160F30BE-FEF5-49AD-9A12-518C9839504F}.Debug|Any CPU.Deploy.0 = Debug|Any CPU
		{160F30BE-FEF5-49AD-9A12-518C9839504F}.Debug|ARM.ActiveCfg = Debug|ARM
		{160F30BE-FEF5-49AD-9A12-518C9839504F}.Debug|ARM.Build.0 = Debug|ARM
		{160F30BE-FEF5-49AD-9A12-518C9839504F}.Debug|ARM.Deploy.0 = Debug|ARM
		{160F30BE-FEF5-49AD-9A12-518C9839504F}.Debug|iPhone.ActiveCfg = Debug|Any CPU
		{160F30BE-FEF5-49AD-9A12-518C9839504F}.Debug|iPhone.Build.0 = Debug|Any CPU
		{160F30BE-FEF5-49AD-9A12-518C9839504F}.Debug|iPhone.Deploy.0 = Debug|Any CPU
		{160F30BE-FEF5-49AD-9A12-518C9839504F}.Debug|iPhoneSimulator.ActiveCfg = Debug|Any CPU
		{160F30BE-FEF5-49AD-9A12-518C9839504F}.Debug|iPhoneSimulator.Build.0 = Debug|Any CPU
		{160F30BE-FEF5-49AD-9A12-518C9839504F}.Debug|iPhoneSimulator.Deploy.0 = Debug|Any CPU
		{160F30BE-FEF5-49AD-9A12-518C9839504F}.Debug|x64.ActiveCfg = Debug|Any CPU
		{160F30BE-FEF5-49AD-9A12-518C9839504F}.Debug|x64.Build.0 = Debug|Any CPU
		{160F30BE-FEF5-49AD-9A12-518C9839504F}.Debug|x64.Deploy.0 = Debug|Any CPU
		{160F30BE-FEF5-49AD-9A12-518C9839504F}.Debug|x86.ActiveCfg = Debug|x86
		{160F30BE-FEF5-49AD-9A12-518C9839504F}.Debug|x86.Build.0 = Debug|x86
		{160F30BE-FEF5-49AD-9A12-518C9839504F}.Debug|x86.Deploy.0 = Debug|x86
		{160F30BE-FEF5-49AD-9A12-518C9839504F}.Release|Any CPU.ActiveCfg = Release|Any CPU
		{160F30BE-FEF5-49AD-9A12-518C9839504F}.Release|Any CPU.Build.0 = Release|Any CPU
		{160F30BE-FEF5-49AD-9A12-518C9839504F}.Release|Any CPU.Deploy.0 = Release|Any CPU
		{160F30BE-FEF5-49AD-9A12-518C9839504F}.Release|ARM.ActiveCfg = Release|ARM
		{160F30BE-FEF5-49AD-9A12-518C9839504F}.Release|ARM.Build.0 = Release|ARM
		{160F30BE-FEF5-49AD-9A12-518C9839504F}.Release|ARM.Deploy.0 = Release|ARM
		{160F30BE-FEF5-49AD-9A12-518C9839504F}.Release|iPhone.ActiveCfg = Release|Any CPU
		{160F30BE-FEF5-49AD-9A12-518C9839504F}.Release|iPhone.Build.0 = Release|Any CPU
		{160F30BE-FEF5-49AD-9A12-518C9839504F}.Release|iPhone.Deploy.0 = Release|Any CPU
		{160F30BE-FEF5-49AD-9A12-518C9839504F}.Release|iPhoneSimulator.ActiveCfg = Release|Any CPU
		{160F30BE-FEF5-49AD-9A12-518C9839504F}.Release|iPhoneSimulator.Build.0 = Release|Any CPU
		{160F30BE-FEF5-49AD-9A12-518C9839504F}.Release|iPhoneSimulator.Deploy.0 = Release|Any CPU
		{160F30BE-FEF5-49AD-9A12-518C9839504F}.Release|x64.ActiveCfg = Release|Any CPU
		{160F30BE-FEF5-49AD-9A12-518C9839504F}.Release|x64.Build.0 = Release|Any CPU
		{160F30BE-FEF5-49AD-9A12-518C9839504F}.Release|x64.Deploy.0 = Release|Any CPU
		{160F30BE-FEF5-49AD-9A12-518C9839504F}.Release|x86.ActiveCfg = Release|x86
		{160F30BE-FEF5-49AD-9A12-518C9839504F}.Release|x86.Build.0 = Release|x86
		{160F30BE-FEF5-49AD-9A12-518C9839504F}.Release|x86.Deploy.0 = Release|x86
		{75BFCAA5-C989-4EF3-BC2E-F7E0006A8913}.Ad-Hoc|Any CPU.ActiveCfg = Release|Any CPU
		{75BFCAA5-C989-4EF3-BC2E-F7E0006A8913}.Ad-Hoc|Any CPU.Build.0 = Release|Any CPU
		{75BFCAA5-C989-4EF3-BC2E-F7E0006A8913}.Ad-Hoc|Any CPU.Deploy.0 = Release|Any CPU
		{75BFCAA5-C989-4EF3-BC2E-F7E0006A8913}.Ad-Hoc|ARM.ActiveCfg = Release|ARM
		{75BFCAA5-C989-4EF3-BC2E-F7E0006A8913}.Ad-Hoc|ARM.Build.0 = Release|ARM
		{75BFCAA5-C989-4EF3-BC2E-F7E0006A8913}.Ad-Hoc|ARM.Deploy.0 = Release|ARM
		{75BFCAA5-C989-4EF3-BC2E-F7E0006A8913}.Ad-Hoc|iPhone.ActiveCfg = Release|Any CPU
		{75BFCAA5-C989-4EF3-BC2E-F7E0006A8913}.Ad-Hoc|iPhone.Build.0 = Release|Any CPU
		{75BFCAA5-C989-4EF3-BC2E-F7E0006A8913}.Ad-Hoc|iPhone.Deploy.0 = Release|Any CPU
		{75BFCAA5-C989-4EF3-BC2E-F7E0006A8913}.Ad-Hoc|iPhoneSimulator.ActiveCfg = Release|Any CPU
		{75BFCAA5-C989-4EF3-BC2E-F7E0006A8913}.Ad-Hoc|iPhoneSimulator.Build.0 = Release|Any CPU
		{75BFCAA5-C989-4EF3-BC2E-F7E0006A8913}.Ad-Hoc|iPhoneSimulator.Deploy.0 = Release|Any CPU
		{75BFCAA5-C989-4EF3-BC2E-F7E0006A8913}.Ad-Hoc|x64.ActiveCfg = Release|Any CPU
		{75BFCAA5-C989-4EF3-BC2E-F7E0006A8913}.Ad-Hoc|x64.Build.0 = Release|Any CPU
		{75BFCAA5-C989-4EF3-BC2E-F7E0006A8913}.Ad-Hoc|x64.Deploy.0 = Release|Any CPU
		{75BFCAA5-C989-4EF3-BC2E-F7E0006A8913}.Ad-Hoc|x86.ActiveCfg = Release|x86
		{75BFCAA5-C989-4EF3-BC2E-F7E0006A8913}.Ad-Hoc|x86.Build.0 = Release|x86
		{75BFCAA5-C989-4EF3-BC2E-F7E0006A8913}.Ad-Hoc|x86.Deploy.0 = Release|x86
		{75BFCAA5-C989-4EF3-BC2E-F7E0006A8913}.AppStore|Any CPU.ActiveCfg = Release|Any CPU
		{75BFCAA5-C989-4EF3-BC2E-F7E0006A8913}.AppStore|Any CPU.Build.0 = Release|Any CPU
		{75BFCAA5-C989-4EF3-BC2E-F7E0006A8913}.AppStore|Any CPU.Deploy.0 = Release|Any CPU
		{75BFCAA5-C989-4EF3-BC2E-F7E0006A8913}.AppStore|ARM.ActiveCfg = Release|ARM
		{75BFCAA5-C989-4EF3-BC2E-F7E0006A8913}.AppStore|ARM.Build.0 = Release|ARM
		{75BFCAA5-C989-4EF3-BC2E-F7E0006A8913}.AppStore|ARM.Deploy.0 = Release|ARM
		{75BFCAA5-C989-4EF3-BC2E-F7E0006A8913}.AppStore|iPhone.ActiveCfg = Release|Any CPU
		{75BFCAA5-C989-4EF3-BC2E-F7E0006A8913}.AppStore|iPhone.Build.0 = Release|Any CPU
		{75BFCAA5-C989-4EF3-BC2E-F7E0006A8913}.AppStore|iPhone.Deploy.0 = Release|Any CPU
		{75BFCAA5-C989-4EF3-BC2E-F7E0006A8913}.AppStore|iPhoneSimulator.ActiveCfg = Release|Any CPU
		{75BFCAA5-C989-4EF3-BC2E-F7E0006A8913}.AppStore|iPhoneSimulator.Build.0 = Release|Any CPU
		{75BFCAA5-C989-4EF3-BC2E-F7E0006A8913}.AppStore|iPhoneSimulator.Deploy.0 = Release|Any CPU
		{75BFCAA5-C989-4EF3-BC2E-F7E0006A8913}.AppStore|x64.ActiveCfg = Release|Any CPU
		{75BFCAA5-C989-4EF3-BC2E-F7E0006A8913}.AppStore|x64.Build.0 = Release|Any CPU
		{75BFCAA5-C989-4EF3-BC2E-F7E0006A8913}.AppStore|x64.Deploy.0 = Release|Any CPU
		{75BFCAA5-C989-4EF3-BC2E-F7E0006A8913}.AppStore|x86.ActiveCfg = Release|x86
		{75BFCAA5-C989-4EF3-BC2E-F7E0006A8913}.AppStore|x86.Build.0 = Release|x86
		{75BFCAA5-C989-4EF3-BC2E-F7E0006A8913}.AppStore|x86.Deploy.0 = Release|x86
		{75BFCAA5-C989-4EF3-BC2E-F7E0006A8913}.Debug|Any CPU.ActiveCfg = Debug|Any CPU
		{75BFCAA5-C989-4EF3-BC2E-F7E0006A8913}.Debug|Any CPU.Build.0 = Debug|Any CPU
		{75BFCAA5-C989-4EF3-BC2E-F7E0006A8913}.Debug|Any CPU.Deploy.0 = Debug|Any CPU
		{75BFCAA5-C989-4EF3-BC2E-F7E0006A8913}.Debug|ARM.ActiveCfg = Debug|ARM
		{75BFCAA5-C989-4EF3-BC2E-F7E0006A8913}.Debug|ARM.Build.0 = Debug|ARM
		{75BFCAA5-C989-4EF3-BC2E-F7E0006A8913}.Debug|ARM.Deploy.0 = Debug|ARM
		{75BFCAA5-C989-4EF3-BC2E-F7E0006A8913}.Debug|iPhone.ActiveCfg = Debug|Any CPU
		{75BFCAA5-C989-4EF3-BC2E-F7E0006A8913}.Debug|iPhone.Build.0 = Debug|Any CPU
		{75BFCAA5-C989-4EF3-BC2E-F7E0006A8913}.Debug|iPhone.Deploy.0 = Debug|Any CPU
		{75BFCAA5-C989-4EF3-BC2E-F7E0006A8913}.Debug|iPhoneSimulator.ActiveCfg = Debug|Any CPU
		{75BFCAA5-C989-4EF3-BC2E-F7E0006A8913}.Debug|iPhoneSimulator.Build.0 = Debug|Any CPU
		{75BFCAA5-C989-4EF3-BC2E-F7E0006A8913}.Debug|iPhoneSimulator.Deploy.0 = Debug|Any CPU
		{75BFCAA5-C989-4EF3-BC2E-F7E0006A8913}.Debug|x64.ActiveCfg = Debug|Any CPU
		{75BFCAA5-C989-4EF3-BC2E-F7E0006A8913}.Debug|x64.Build.0 = Debug|Any CPU
		{75BFCAA5-C989-4EF3-BC2E-F7E0006A8913}.Debug|x64.Deploy.0 = Debug|Any CPU
		{75BFCAA5-C989-4EF3-BC2E-F7E0006A8913}.Debug|x86.ActiveCfg = Debug|x86
		{75BFCAA5-C989-4EF3-BC2E-F7E0006A8913}.Debug|x86.Build.0 = Debug|x86
		{75BFCAA5-C989-4EF3-BC2E-F7E0006A8913}.Debug|x86.Deploy.0 = Debug|x86
		{75BFCAA5-C989-4EF3-BC2E-F7E0006A8913}.Release|Any CPU.ActiveCfg = Release|Any CPU
		{75BFCAA5-C989-4EF3-BC2E-F7E0006A8913}.Release|Any CPU.Build.0 = Release|Any CPU
		{75BFCAA5-C989-4EF3-BC2E-F7E0006A8913}.Release|Any CPU.Deploy.0 = Release|Any CPU
		{75BFCAA5-C989-4EF3-BC2E-F7E0006A8913}.Release|ARM.ActiveCfg = Release|ARM
		{75BFCAA5-C989-4EF3-BC2E-F7E0006A8913}.Release|ARM.Build.0 = Release|ARM
		{75BFCAA5-C989-4EF3-BC2E-F7E0006A8913}.Release|ARM.Deploy.0 = Release|ARM
		{75BFCAA5-C989-4EF3-BC2E-F7E0006A8913}.Release|iPhone.ActiveCfg = Release|Any CPU
		{75BFCAA5-C989-4EF3-BC2E-F7E0006A8913}.Release|iPhone.Build.0 = Release|Any CPU
		{75BFCAA5-C989-4EF3-BC2E-F7E0006A8913}.Release|iPhone.Deploy.0 = Release|Any CPU
		{75BFCAA5-C989-4EF3-BC2E-F7E0006A8913}.Release|iPhoneSimulator.ActiveCfg = Release|Any CPU
		{75BFCAA5-C989-4EF3-BC2E-F7E0006A8913}.Release|iPhoneSimulator.Build.0 = Release|Any CPU
		{75BFCAA5-C989-4EF3-BC2E-F7E0006A8913}.Release|iPhoneSimulator.Deploy.0 = Release|Any CPU
		{75BFCAA5-C989-4EF3-BC2E-F7E0006A8913}.Release|x64.ActiveCfg = Release|Any CPU
		{75BFCAA5-C989-4EF3-BC2E-F7E0006A8913}.Release|x64.Build.0 = Release|Any CPU
		{75BFCAA5-C989-4EF3-BC2E-F7E0006A8913}.Release|x64.Deploy.0 = Release|Any CPU
		{75BFCAA5-C989-4EF3-BC2E-F7E0006A8913}.Release|x86.ActiveCfg = Release|x86
		{75BFCAA5-C989-4EF3-BC2E-F7E0006A8913}.Release|x86.Build.0 = Release|x86
		{75BFCAA5-C989-4EF3-BC2E-F7E0006A8913}.Release|x86.Deploy.0 = Release|x86
		{54DA37E7-70BF-46F9-AEA0-E38BB0FED2B7}.Ad-Hoc|Any CPU.ActiveCfg = Release|Any CPU
		{54DA37E7-70BF-46F9-AEA0-E38BB0FED2B7}.Ad-Hoc|Any CPU.Build.0 = Release|Any CPU
		{54DA37E7-70BF-46F9-AEA0-E38BB0FED2B7}.Ad-Hoc|Any CPU.Deploy.0 = Release|Any CPU
		{54DA37E7-70BF-46F9-AEA0-E38BB0FED2B7}.Ad-Hoc|ARM.ActiveCfg = Release|ARM
		{54DA37E7-70BF-46F9-AEA0-E38BB0FED2B7}.Ad-Hoc|ARM.Build.0 = Release|ARM
		{54DA37E7-70BF-46F9-AEA0-E38BB0FED2B7}.Ad-Hoc|ARM.Deploy.0 = Release|ARM
		{54DA37E7-70BF-46F9-AEA0-E38BB0FED2B7}.Ad-Hoc|iPhone.ActiveCfg = Release|Any CPU
		{54DA37E7-70BF-46F9-AEA0-E38BB0FED2B7}.Ad-Hoc|iPhone.Build.0 = Release|Any CPU
		{54DA37E7-70BF-46F9-AEA0-E38BB0FED2B7}.Ad-Hoc|iPhone.Deploy.0 = Release|Any CPU
		{54DA37E7-70BF-46F9-AEA0-E38BB0FED2B7}.Ad-Hoc|iPhoneSimulator.ActiveCfg = Release|Any CPU
		{54DA37E7-70BF-46F9-AEA0-E38BB0FED2B7}.Ad-Hoc|iPhoneSimulator.Build.0 = Release|Any CPU
		{54DA37E7-70BF-46F9-AEA0-E38BB0FED2B7}.Ad-Hoc|iPhoneSimulator.Deploy.0 = Release|Any CPU
		{54DA37E7-70BF-46F9-AEA0-E38BB0FED2B7}.Ad-Hoc|x64.ActiveCfg = Release|x64
		{54DA37E7-70BF-46F9-AEA0-E38BB0FED2B7}.Ad-Hoc|x64.Build.0 = Release|x64
		{54DA37E7-70BF-46F9-AEA0-E38BB0FED2B7}.Ad-Hoc|x64.Deploy.0 = Release|x64
		{54DA37E7-70BF-46F9-AEA0-E38BB0FED2B7}.Ad-Hoc|x86.ActiveCfg = Release|x86
		{54DA37E7-70BF-46F9-AEA0-E38BB0FED2B7}.Ad-Hoc|x86.Build.0 = Release|x86
		{54DA37E7-70BF-46F9-AEA0-E38BB0FED2B7}.Ad-Hoc|x86.Deploy.0 = Release|x86
		{54DA37E7-70BF-46F9-AEA0-E38BB0FED2B7}.AppStore|Any CPU.ActiveCfg = Release|Any CPU
		{54DA37E7-70BF-46F9-AEA0-E38BB0FED2B7}.AppStore|Any CPU.Build.0 = Release|Any CPU
		{54DA37E7-70BF-46F9-AEA0-E38BB0FED2B7}.AppStore|Any CPU.Deploy.0 = Release|Any CPU
		{54DA37E7-70BF-46F9-AEA0-E38BB0FED2B7}.AppStore|ARM.ActiveCfg = Release|ARM
		{54DA37E7-70BF-46F9-AEA0-E38BB0FED2B7}.AppStore|ARM.Build.0 = Release|ARM
		{54DA37E7-70BF-46F9-AEA0-E38BB0FED2B7}.AppStore|ARM.Deploy.0 = Release|ARM
		{54DA37E7-70BF-46F9-AEA0-E38BB0FED2B7}.AppStore|iPhone.ActiveCfg = Release|Any CPU
		{54DA37E7-70BF-46F9-AEA0-E38BB0FED2B7}.AppStore|iPhone.Build.0 = Release|Any CPU
		{54DA37E7-70BF-46F9-AEA0-E38BB0FED2B7}.AppStore|iPhone.Deploy.0 = Release|Any CPU
		{54DA37E7-70BF-46F9-AEA0-E38BB0FED2B7}.AppStore|iPhoneSimulator.ActiveCfg = Release|Any CPU
		{54DA37E7-70BF-46F9-AEA0-E38BB0FED2B7}.AppStore|iPhoneSimulator.Build.0 = Release|Any CPU
		{54DA37E7-70BF-46F9-AEA0-E38BB0FED2B7}.AppStore|iPhoneSimulator.Deploy.0 = Release|Any CPU
		{54DA37E7-70BF-46F9-AEA0-E38BB0FED2B7}.AppStore|x64.ActiveCfg = Release|x64
		{54DA37E7-70BF-46F9-AEA0-E38BB0FED2B7}.AppStore|x64.Build.0 = Release|x64
		{54DA37E7-70BF-46F9-AEA0-E38BB0FED2B7}.AppStore|x64.Deploy.0 = Release|x64
		{54DA37E7-70BF-46F9-AEA0-E38BB0FED2B7}.AppStore|x86.ActiveCfg = Release|x86
		{54DA37E7-70BF-46F9-AEA0-E38BB0FED2B7}.AppStore|x86.Build.0 = Release|x86
		{54DA37E7-70BF-46F9-AEA0-E38BB0FED2B7}.AppStore|x86.Deploy.0 = Release|x86
		{54DA37E7-70BF-46F9-AEA0-E38BB0FED2B7}.Debug|Any CPU.ActiveCfg = Debug|Any CPU
		{54DA37E7-70BF-46F9-AEA0-E38BB0FED2B7}.Debug|Any CPU.Build.0 = Debug|Any CPU
		{54DA37E7-70BF-46F9-AEA0-E38BB0FED2B7}.Debug|Any CPU.Deploy.0 = Debug|Any CPU
		{54DA37E7-70BF-46F9-AEA0-E38BB0FED2B7}.Debug|ARM.ActiveCfg = Debug|ARM
		{54DA37E7-70BF-46F9-AEA0-E38BB0FED2B7}.Debug|ARM.Build.0 = Debug|ARM
		{54DA37E7-70BF-46F9-AEA0-E38BB0FED2B7}.Debug|ARM.Deploy.0 = Debug|ARM
		{54DA37E7-70BF-46F9-AEA0-E38BB0FED2B7}.Debug|iPhone.ActiveCfg = Debug|Any CPU
		{54DA37E7-70BF-46F9-AEA0-E38BB0FED2B7}.Debug|iPhone.Build.0 = Debug|Any CPU
		{54DA37E7-70BF-46F9-AEA0-E38BB0FED2B7}.Debug|iPhone.Deploy.0 = Debug|Any CPU
		{54DA37E7-70BF-46F9-AEA0-E38BB0FED2B7}.Debug|iPhoneSimulator.ActiveCfg = Debug|Any CPU
		{54DA37E7-70BF-46F9-AEA0-E38BB0FED2B7}.Debug|iPhoneSimulator.Build.0 = Debug|Any CPU
		{54DA37E7-70BF-46F9-AEA0-E38BB0FED2B7}.Debug|iPhoneSimulator.Deploy.0 = Debug|Any CPU
		{54DA37E7-70BF-46F9-AEA0-E38BB0FED2B7}.Debug|x64.ActiveCfg = Debug|x64
		{54DA37E7-70BF-46F9-AEA0-E38BB0FED2B7}.Debug|x64.Build.0 = Debug|x64
		{54DA37E7-70BF-46F9-AEA0-E38BB0FED2B7}.Debug|x64.Deploy.0 = Debug|x64
		{54DA37E7-70BF-46F9-AEA0-E38BB0FED2B7}.Debug|x86.ActiveCfg = Debug|x86
		{54DA37E7-70BF-46F9-AEA0-E38BB0FED2B7}.Debug|x86.Build.0 = Debug|x86
		{54DA37E7-70BF-46F9-AEA0-E38BB0FED2B7}.Debug|x86.Deploy.0 = Debug|x86
		{54DA37E7-70BF-46F9-AEA0-E38BB0FED2B7}.Release|Any CPU.ActiveCfg = Release|Any CPU
		{54DA37E7-70BF-46F9-AEA0-E38BB0FED2B7}.Release|Any CPU.Build.0 = Release|Any CPU
		{54DA37E7-70BF-46F9-AEA0-E38BB0FED2B7}.Release|Any CPU.Deploy.0 = Release|Any CPU
		{54DA37E7-70BF-46F9-AEA0-E38BB0FED2B7}.Release|ARM.ActiveCfg = Release|ARM
		{54DA37E7-70BF-46F9-AEA0-E38BB0FED2B7}.Release|ARM.Build.0 = Release|ARM
		{54DA37E7-70BF-46F9-AEA0-E38BB0FED2B7}.Release|ARM.Deploy.0 = Release|ARM
		{54DA37E7-70BF-46F9-AEA0-E38BB0FED2B7}.Release|iPhone.ActiveCfg = Release|Any CPU
		{54DA37E7-70BF-46F9-AEA0-E38BB0FED2B7}.Release|iPhone.Build.0 = Release|Any CPU
		{54DA37E7-70BF-46F9-AEA0-E38BB0FED2B7}.Release|iPhone.Deploy.0 = Release|Any CPU
		{54DA37E7-70BF-46F9-AEA0-E38BB0FED2B7}.Release|iPhoneSimulator.ActiveCfg = Release|Any CPU
		{54DA37E7-70BF-46F9-AEA0-E38BB0FED2B7}.Release|iPhoneSimulator.Build.0 = Release|Any CPU
		{54DA37E7-70BF-46F9-AEA0-E38BB0FED2B7}.Release|iPhoneSimulator.Deploy.0 = Release|Any CPU
		{54DA37E7-70BF-46F9-AEA0-E38BB0FED2B7}.Release|x64.ActiveCfg = Release|x64
		{54DA37E7-70BF-46F9-AEA0-E38BB0FED2B7}.Release|x64.Build.0 = Release|x64
		{54DA37E7-70BF-46F9-AEA0-E38BB0FED2B7}.Release|x64.Deploy.0 = Release|x64
		{54DA37E7-70BF-46F9-AEA0-E38BB0FED2B7}.Release|x86.ActiveCfg = Release|x86
		{54DA37E7-70BF-46F9-AEA0-E38BB0FED2B7}.Release|x86.Build.0 = Release|x86
		{54DA37E7-70BF-46F9-AEA0-E38BB0FED2B7}.Release|x86.Deploy.0 = Release|x86
		{42069D03-9642-41D5-8D65-E5A156249828}.Ad-Hoc|Any CPU.ActiveCfg = Release|x64
		{42069D03-9642-41D5-8D65-E5A156249828}.Ad-Hoc|Any CPU.Build.0 = Release|x64
		{42069D03-9642-41D5-8D65-E5A156249828}.Ad-Hoc|Any CPU.Deploy.0 = Release|x64
		{42069D03-9642-41D5-8D65-E5A156249828}.Ad-Hoc|ARM.ActiveCfg = Release|ARM
		{42069D03-9642-41D5-8D65-E5A156249828}.Ad-Hoc|ARM.Build.0 = Release|ARM
		{42069D03-9642-41D5-8D65-E5A156249828}.Ad-Hoc|ARM.Deploy.0 = Release|ARM
		{42069D03-9642-41D5-8D65-E5A156249828}.Ad-Hoc|iPhone.ActiveCfg = Release|x64
		{42069D03-9642-41D5-8D65-E5A156249828}.Ad-Hoc|iPhone.Build.0 = Release|x64
		{42069D03-9642-41D5-8D65-E5A156249828}.Ad-Hoc|iPhone.Deploy.0 = Release|x64
		{42069D03-9642-41D5-8D65-E5A156249828}.Ad-Hoc|iPhoneSimulator.ActiveCfg = Release|x64
		{42069D03-9642-41D5-8D65-E5A156249828}.Ad-Hoc|iPhoneSimulator.Build.0 = Release|x64
		{42069D03-9642-41D5-8D65-E5A156249828}.Ad-Hoc|iPhoneSimulator.Deploy.0 = Release|x64
		{42069D03-9642-41D5-8D65-E5A156249828}.Ad-Hoc|x64.ActiveCfg = Release|x64
		{42069D03-9642-41D5-8D65-E5A156249828}.Ad-Hoc|x64.Build.0 = Release|x64
		{42069D03-9642-41D5-8D65-E5A156249828}.Ad-Hoc|x64.Deploy.0 = Release|x64
		{42069D03-9642-41D5-8D65-E5A156249828}.Ad-Hoc|x86.ActiveCfg = Release|x86
		{42069D03-9642-41D5-8D65-E5A156249828}.Ad-Hoc|x86.Build.0 = Release|x86
		{42069D03-9642-41D5-8D65-E5A156249828}.Ad-Hoc|x86.Deploy.0 = Release|x86
		{42069D03-9642-41D5-8D65-E5A156249828}.AppStore|Any CPU.ActiveCfg = Release|x64
		{42069D03-9642-41D5-8D65-E5A156249828}.AppStore|Any CPU.Build.0 = Release|x64
		{42069D03-9642-41D5-8D65-E5A156249828}.AppStore|Any CPU.Deploy.0 = Release|x64
		{42069D03-9642-41D5-8D65-E5A156249828}.AppStore|ARM.ActiveCfg = Release|ARM
		{42069D03-9642-41D5-8D65-E5A156249828}.AppStore|ARM.Build.0 = Release|ARM
		{42069D03-9642-41D5-8D65-E5A156249828}.AppStore|ARM.Deploy.0 = Release|ARM
		{42069D03-9642-41D5-8D65-E5A156249828}.AppStore|iPhone.ActiveCfg = Release|x64
		{42069D03-9642-41D5-8D65-E5A156249828}.AppStore|iPhone.Build.0 = Release|x64
		{42069D03-9642-41D5-8D65-E5A156249828}.AppStore|iPhone.Deploy.0 = Release|x64
		{42069D03-9642-41D5-8D65-E5A156249828}.AppStore|iPhoneSimulator.ActiveCfg = Release|x64
		{42069D03-9642-41D5-8D65-E5A156249828}.AppStore|iPhoneSimulator.Build.0 = Release|x64
		{42069D03-9642-41D5-8D65-E5A156249828}.AppStore|iPhoneSimulator.Deploy.0 = Release|x64
		{42069D03-9642-41D5-8D65-E5A156249828}.AppStore|x64.ActiveCfg = Release|x64
		{42069D03-9642-41D5-8D65-E5A156249828}.AppStore|x64.Build.0 = Release|x64
		{42069D03-9642-41D5-8D65-E5A156249828}.AppStore|x64.Deploy.0 = Release|x64
		{42069D03-9642-41D5-8D65-E5A156249828}.AppStore|x86.ActiveCfg = Release|x86
		{42069D03-9642-41D5-8D65-E5A156249828}.AppStore|x86.Build.0 = Release|x86
		{42069D03-9642-41D5-8D65-E5A156249828}.AppStore|x86.Deploy.0 = Release|x86
		{42069D03-9642-41D5-8D65-E5A156249828}.Debug|Any CPU.ActiveCfg = Debug|x86
		{42069D03-9642-41D5-8D65-E5A156249828}.Debug|ARM.ActiveCfg = Debug|ARM
		{42069D03-9642-41D5-8D65-E5A156249828}.Debug|ARM.Build.0 = Debug|ARM
		{42069D03-9642-41D5-8D65-E5A156249828}.Debug|ARM.Deploy.0 = Debug|ARM
		{42069D03-9642-41D5-8D65-E5A156249828}.Debug|iPhone.ActiveCfg = Debug|x86
		{42069D03-9642-41D5-8D65-E5A156249828}.Debug|iPhoneSimulator.ActiveCfg = Debug|x86
		{42069D03-9642-41D5-8D65-E5A156249828}.Debug|x64.ActiveCfg = Debug|x64
		{42069D03-9642-41D5-8D65-E5A156249828}.Debug|x64.Build.0 = Debug|x64
		{42069D03-9642-41D5-8D65-E5A156249828}.Debug|x64.Deploy.0 = Debug|x64
		{42069D03-9642-41D5-8D65-E5A156249828}.Debug|x86.ActiveCfg = Debug|x86
		{42069D03-9642-41D5-8D65-E5A156249828}.Debug|x86.Build.0 = Debug|x86
		{42069D03-9642-41D5-8D65-E5A156249828}.Debug|x86.Deploy.0 = Debug|x86
		{42069D03-9642-41D5-8D65-E5A156249828}.Release|Any CPU.ActiveCfg = Release|x86
		{42069D03-9642-41D5-8D65-E5A156249828}.Release|ARM.ActiveCfg = Release|ARM
		{42069D03-9642-41D5-8D65-E5A156249828}.Release|ARM.Build.0 = Release|ARM
		{42069D03-9642-41D5-8D65-E5A156249828}.Release|ARM.Deploy.0 = Release|ARM
		{42069D03-9642-41D5-8D65-E5A156249828}.Release|iPhone.ActiveCfg = Release|x86
		{42069D03-9642-41D5-8D65-E5A156249828}.Release|iPhoneSimulator.ActiveCfg = Release|x86
		{42069D03-9642-41D5-8D65-E5A156249828}.Release|x64.ActiveCfg = Release|x64
		{42069D03-9642-41D5-8D65-E5A156249828}.Release|x64.Build.0 = Release|x64
		{42069D03-9642-41D5-8D65-E5A156249828}.Release|x64.Deploy.0 = Release|x64
		{42069D03-9642-41D5-8D65-E5A156249828}.Release|x86.ActiveCfg = Release|x86
		{42069D03-9642-41D5-8D65-E5A156249828}.Release|x86.Build.0 = Release|x86
		{42069D03-9642-41D5-8D65-E5A156249828}.Release|x86.Deploy.0 = Release|x86
		{5E5C9CBC-56CE-44A2-91B2-3D861D08581F}.Ad-Hoc|Any CPU.ActiveCfg = Release|Any CPU
		{5E5C9CBC-56CE-44A2-91B2-3D861D08581F}.Ad-Hoc|Any CPU.Build.0 = Release|Any CPU
		{5E5C9CBC-56CE-44A2-91B2-3D861D08581F}.Ad-Hoc|Any CPU.Deploy.0 = Release|Any CPU
		{5E5C9CBC-56CE-44A2-91B2-3D861D08581F}.Ad-Hoc|ARM.ActiveCfg = Release|Any CPU
		{5E5C9CBC-56CE-44A2-91B2-3D861D08581F}.Ad-Hoc|ARM.Build.0 = Release|Any CPU
		{5E5C9CBC-56CE-44A2-91B2-3D861D08581F}.Ad-Hoc|ARM.Deploy.0 = Release|Any CPU
		{5E5C9CBC-56CE-44A2-91B2-3D861D08581F}.Ad-Hoc|iPhone.ActiveCfg = Release|Any CPU
		{5E5C9CBC-56CE-44A2-91B2-3D861D08581F}.Ad-Hoc|iPhone.Build.0 = Release|Any CPU
		{5E5C9CBC-56CE-44A2-91B2-3D861D08581F}.Ad-Hoc|iPhone.Deploy.0 = Release|Any CPU
		{5E5C9CBC-56CE-44A2-91B2-3D861D08581F}.Ad-Hoc|iPhoneSimulator.ActiveCfg = Release|Any CPU
		{5E5C9CBC-56CE-44A2-91B2-3D861D08581F}.Ad-Hoc|iPhoneSimulator.Build.0 = Release|Any CPU
		{5E5C9CBC-56CE-44A2-91B2-3D861D08581F}.Ad-Hoc|iPhoneSimulator.Deploy.0 = Release|Any CPU
		{5E5C9CBC-56CE-44A2-91B2-3D861D08581F}.Ad-Hoc|x64.ActiveCfg = Release|Any CPU
		{5E5C9CBC-56CE-44A2-91B2-3D861D08581F}.Ad-Hoc|x64.Build.0 = Release|Any CPU
		{5E5C9CBC-56CE-44A2-91B2-3D861D08581F}.Ad-Hoc|x64.Deploy.0 = Release|Any CPU
		{5E5C9CBC-56CE-44A2-91B2-3D861D08581F}.Ad-Hoc|x86.ActiveCfg = Release|Any CPU
		{5E5C9CBC-56CE-44A2-91B2-3D861D08581F}.Ad-Hoc|x86.Build.0 = Release|Any CPU
		{5E5C9CBC-56CE-44A2-91B2-3D861D08581F}.Ad-Hoc|x86.Deploy.0 = Release|Any CPU
		{5E5C9CBC-56CE-44A2-91B2-3D861D08581F}.AppStore|Any CPU.ActiveCfg = Release|Any CPU
		{5E5C9CBC-56CE-44A2-91B2-3D861D08581F}.AppStore|Any CPU.Build.0 = Release|Any CPU
		{5E5C9CBC-56CE-44A2-91B2-3D861D08581F}.AppStore|Any CPU.Deploy.0 = Release|Any CPU
		{5E5C9CBC-56CE-44A2-91B2-3D861D08581F}.AppStore|ARM.ActiveCfg = Release|Any CPU
		{5E5C9CBC-56CE-44A2-91B2-3D861D08581F}.AppStore|ARM.Build.0 = Release|Any CPU
		{5E5C9CBC-56CE-44A2-91B2-3D861D08581F}.AppStore|ARM.Deploy.0 = Release|Any CPU
		{5E5C9CBC-56CE-44A2-91B2-3D861D08581F}.AppStore|iPhone.ActiveCfg = Release|Any CPU
		{5E5C9CBC-56CE-44A2-91B2-3D861D08581F}.AppStore|iPhone.Build.0 = Release|Any CPU
		{5E5C9CBC-56CE-44A2-91B2-3D861D08581F}.AppStore|iPhone.Deploy.0 = Release|Any CPU
		{5E5C9CBC-56CE-44A2-91B2-3D861D08581F}.AppStore|iPhoneSimulator.ActiveCfg = Release|Any CPU
		{5E5C9CBC-56CE-44A2-91B2-3D861D08581F}.AppStore|iPhoneSimulator.Build.0 = Release|Any CPU
		{5E5C9CBC-56CE-44A2-91B2-3D861D08581F}.AppStore|iPhoneSimulator.Deploy.0 = Release|Any CPU
		{5E5C9CBC-56CE-44A2-91B2-3D861D08581F}.AppStore|x64.ActiveCfg = Release|Any CPU
		{5E5C9CBC-56CE-44A2-91B2-3D861D08581F}.AppStore|x64.Build.0 = Release|Any CPU
		{5E5C9CBC-56CE-44A2-91B2-3D861D08581F}.AppStore|x64.Deploy.0 = Release|Any CPU
		{5E5C9CBC-56CE-44A2-91B2-3D861D08581F}.AppStore|x86.ActiveCfg = Release|Any CPU
		{5E5C9CBC-56CE-44A2-91B2-3D861D08581F}.AppStore|x86.Build.0 = Release|Any CPU
		{5E5C9CBC-56CE-44A2-91B2-3D861D08581F}.AppStore|x86.Deploy.0 = Release|Any CPU
		{5E5C9CBC-56CE-44A2-91B2-3D861D08581F}.Debug|Any CPU.ActiveCfg = Debug|Any CPU
		{5E5C9CBC-56CE-44A2-91B2-3D861D08581F}.Debug|Any CPU.Build.0 = Debug|Any CPU
		{5E5C9CBC-56CE-44A2-91B2-3D861D08581F}.Debug|Any CPU.Deploy.0 = Debug|Any CPU
		{5E5C9CBC-56CE-44A2-91B2-3D861D08581F}.Debug|ARM.ActiveCfg = Debug|Any CPU
		{5E5C9CBC-56CE-44A2-91B2-3D861D08581F}.Debug|ARM.Build.0 = Debug|Any CPU
		{5E5C9CBC-56CE-44A2-91B2-3D861D08581F}.Debug|ARM.Deploy.0 = Debug|Any CPU
		{5E5C9CBC-56CE-44A2-91B2-3D861D08581F}.Debug|iPhone.ActiveCfg = Debug|Any CPU
		{5E5C9CBC-56CE-44A2-91B2-3D861D08581F}.Debug|iPhone.Build.0 = Debug|Any CPU
		{5E5C9CBC-56CE-44A2-91B2-3D861D08581F}.Debug|iPhone.Deploy.0 = Debug|Any CPU
		{5E5C9CBC-56CE-44A2-91B2-3D861D08581F}.Debug|iPhoneSimulator.ActiveCfg = Debug|Any CPU
		{5E5C9CBC-56CE-44A2-91B2-3D861D08581F}.Debug|iPhoneSimulator.Build.0 = Debug|Any CPU
		{5E5C9CBC-56CE-44A2-91B2-3D861D08581F}.Debug|iPhoneSimulator.Deploy.0 = Debug|Any CPU
		{5E5C9CBC-56CE-44A2-91B2-3D861D08581F}.Debug|x64.ActiveCfg = Debug|Any CPU
		{5E5C9CBC-56CE-44A2-91B2-3D861D08581F}.Debug|x64.Build.0 = Debug|Any CPU
		{5E5C9CBC-56CE-44A2-91B2-3D861D08581F}.Debug|x64.Deploy.0 = Debug|Any CPU
		{5E5C9CBC-56CE-44A2-91B2-3D861D08581F}.Debug|x86.ActiveCfg = Debug|Any CPU
		{5E5C9CBC-56CE-44A2-91B2-3D861D08581F}.Debug|x86.Build.0 = Debug|Any CPU
		{5E5C9CBC-56CE-44A2-91B2-3D861D08581F}.Debug|x86.Deploy.0 = Debug|Any CPU
		{5E5C9CBC-56CE-44A2-91B2-3D861D08581F}.Release|Any CPU.ActiveCfg = Release|Any CPU
		{5E5C9CBC-56CE-44A2-91B2-3D861D08581F}.Release|Any CPU.Build.0 = Release|Any CPU
		{5E5C9CBC-56CE-44A2-91B2-3D861D08581F}.Release|Any CPU.Deploy.0 = Release|Any CPU
		{5E5C9CBC-56CE-44A2-91B2-3D861D08581F}.Release|ARM.ActiveCfg = Release|Any CPU
		{5E5C9CBC-56CE-44A2-91B2-3D861D08581F}.Release|ARM.Build.0 = Release|Any CPU
		{5E5C9CBC-56CE-44A2-91B2-3D861D08581F}.Release|ARM.Deploy.0 = Release|Any CPU
		{5E5C9CBC-56CE-44A2-91B2-3D861D08581F}.Release|iPhone.ActiveCfg = Release|Any CPU
		{5E5C9CBC-56CE-44A2-91B2-3D861D08581F}.Release|iPhone.Build.0 = Release|Any CPU
		{5E5C9CBC-56CE-44A2-91B2-3D861D08581F}.Release|iPhone.Deploy.0 = Release|Any CPU
		{5E5C9CBC-56CE-44A2-91B2-3D861D08581F}.Release|iPhoneSimulator.ActiveCfg = Release|Any CPU
		{5E5C9CBC-56CE-44A2-91B2-3D861D08581F}.Release|iPhoneSimulator.Build.0 = Release|Any CPU
		{5E5C9CBC-56CE-44A2-91B2-3D861D08581F}.Release|iPhoneSimulator.Deploy.0 = Release|Any CPU
		{5E5C9CBC-56CE-44A2-91B2-3D861D08581F}.Release|x64.ActiveCfg = Release|Any CPU
		{5E5C9CBC-56CE-44A2-91B2-3D861D08581F}.Release|x64.Build.0 = Release|Any CPU
		{5E5C9CBC-56CE-44A2-91B2-3D861D08581F}.Release|x64.Deploy.0 = Release|Any CPU
		{5E5C9CBC-56CE-44A2-91B2-3D861D08581F}.Release|x86.ActiveCfg = Release|Any CPU
		{5E5C9CBC-56CE-44A2-91B2-3D861D08581F}.Release|x86.Build.0 = Release|Any CPU
		{5E5C9CBC-56CE-44A2-91B2-3D861D08581F}.Release|x86.Deploy.0 = Release|Any CPU
		{C05EEC09-9341-404E-AA4E-19134CF4C5E3}.Ad-Hoc|Any CPU.ActiveCfg = Ad-Hoc|iPhone
		{C05EEC09-9341-404E-AA4E-19134CF4C5E3}.Ad-Hoc|ARM.ActiveCfg = Ad-Hoc|iPhone
		{C05EEC09-9341-404E-AA4E-19134CF4C5E3}.Ad-Hoc|iPhone.ActiveCfg = Ad-Hoc|iPhone
		{C05EEC09-9341-404E-AA4E-19134CF4C5E3}.Ad-Hoc|iPhone.Build.0 = Ad-Hoc|iPhone
		{C05EEC09-9341-404E-AA4E-19134CF4C5E3}.Ad-Hoc|iPhoneSimulator.ActiveCfg = Ad-Hoc|iPhoneSimulator
		{C05EEC09-9341-404E-AA4E-19134CF4C5E3}.Ad-Hoc|iPhoneSimulator.Build.0 = Ad-Hoc|iPhoneSimulator
		{C05EEC09-9341-404E-AA4E-19134CF4C5E3}.Ad-Hoc|x64.ActiveCfg = Ad-Hoc|iPhone
		{C05EEC09-9341-404E-AA4E-19134CF4C5E3}.Ad-Hoc|x86.ActiveCfg = Ad-Hoc|iPhone
		{C05EEC09-9341-404E-AA4E-19134CF4C5E3}.AppStore|Any CPU.ActiveCfg = AppStore|iPhone
		{C05EEC09-9341-404E-AA4E-19134CF4C5E3}.AppStore|ARM.ActiveCfg = AppStore|iPhone
		{C05EEC09-9341-404E-AA4E-19134CF4C5E3}.AppStore|iPhone.ActiveCfg = AppStore|iPhone
		{C05EEC09-9341-404E-AA4E-19134CF4C5E3}.AppStore|iPhone.Build.0 = AppStore|iPhone
		{C05EEC09-9341-404E-AA4E-19134CF4C5E3}.AppStore|iPhoneSimulator.ActiveCfg = AppStore|iPhoneSimulator
		{C05EEC09-9341-404E-AA4E-19134CF4C5E3}.AppStore|iPhoneSimulator.Build.0 = AppStore|iPhoneSimulator
		{C05EEC09-9341-404E-AA4E-19134CF4C5E3}.AppStore|x64.ActiveCfg = AppStore|iPhone
		{C05EEC09-9341-404E-AA4E-19134CF4C5E3}.AppStore|x86.ActiveCfg = AppStore|iPhone
		{C05EEC09-9341-404E-AA4E-19134CF4C5E3}.Debug|Any CPU.ActiveCfg = Debug|iPhone
		{C05EEC09-9341-404E-AA4E-19134CF4C5E3}.Debug|ARM.ActiveCfg = Debug|iPhone
		{C05EEC09-9341-404E-AA4E-19134CF4C5E3}.Debug|iPhone.ActiveCfg = Debug|iPhone
		{C05EEC09-9341-404E-AA4E-19134CF4C5E3}.Debug|iPhone.Build.0 = Debug|iPhone
		{C05EEC09-9341-404E-AA4E-19134CF4C5E3}.Debug|iPhoneSimulator.ActiveCfg = Debug|iPhoneSimulator
		{C05EEC09-9341-404E-AA4E-19134CF4C5E3}.Debug|iPhoneSimulator.Build.0 = Debug|iPhoneSimulator
		{C05EEC09-9341-404E-AA4E-19134CF4C5E3}.Debug|x64.ActiveCfg = Debug|iPhone
		{C05EEC09-9341-404E-AA4E-19134CF4C5E3}.Debug|x86.ActiveCfg = Debug|iPhone
		{C05EEC09-9341-404E-AA4E-19134CF4C5E3}.Release|Any CPU.ActiveCfg = Release|iPhone
		{C05EEC09-9341-404E-AA4E-19134CF4C5E3}.Release|ARM.ActiveCfg = Release|iPhone
		{C05EEC09-9341-404E-AA4E-19134CF4C5E3}.Release|iPhone.ActiveCfg = Release|iPhone
		{C05EEC09-9341-404E-AA4E-19134CF4C5E3}.Release|iPhone.Build.0 = Release|iPhone
		{C05EEC09-9341-404E-AA4E-19134CF4C5E3}.Release|iPhoneSimulator.ActiveCfg = Release|iPhoneSimulator
		{C05EEC09-9341-404E-AA4E-19134CF4C5E3}.Release|iPhoneSimulator.Build.0 = Release|iPhoneSimulator
		{C05EEC09-9341-404E-AA4E-19134CF4C5E3}.Release|x64.ActiveCfg = Release|iPhone
		{C05EEC09-9341-404E-AA4E-19134CF4C5E3}.Release|x86.ActiveCfg = Release|iPhone
		{FCCDA5F7-D64A-4EF0-BF60-DF8DF39689D4}.Ad-Hoc|Any CPU.ActiveCfg = Release|Any CPU
		{FCCDA5F7-D64A-4EF0-BF60-DF8DF39689D4}.Ad-Hoc|Any CPU.Build.0 = Release|Any CPU
		{FCCDA5F7-D64A-4EF0-BF60-DF8DF39689D4}.Ad-Hoc|Any CPU.Deploy.0 = Release|Any CPU
		{FCCDA5F7-D64A-4EF0-BF60-DF8DF39689D4}.Ad-Hoc|ARM.ActiveCfg = Release|Any CPU
		{FCCDA5F7-D64A-4EF0-BF60-DF8DF39689D4}.Ad-Hoc|ARM.Build.0 = Release|Any CPU
		{FCCDA5F7-D64A-4EF0-BF60-DF8DF39689D4}.Ad-Hoc|ARM.Deploy.0 = Release|Any CPU
		{FCCDA5F7-D64A-4EF0-BF60-DF8DF39689D4}.Ad-Hoc|iPhone.ActiveCfg = Release|Any CPU
		{FCCDA5F7-D64A-4EF0-BF60-DF8DF39689D4}.Ad-Hoc|iPhone.Build.0 = Release|Any CPU
		{FCCDA5F7-D64A-4EF0-BF60-DF8DF39689D4}.Ad-Hoc|iPhone.Deploy.0 = Release|Any CPU
		{FCCDA5F7-D64A-4EF0-BF60-DF8DF39689D4}.Ad-Hoc|iPhoneSimulator.ActiveCfg = Release|Any CPU
		{FCCDA5F7-D64A-4EF0-BF60-DF8DF39689D4}.Ad-Hoc|iPhoneSimulator.Build.0 = Release|Any CPU
		{FCCDA5F7-D64A-4EF0-BF60-DF8DF39689D4}.Ad-Hoc|iPhoneSimulator.Deploy.0 = Release|Any CPU
		{FCCDA5F7-D64A-4EF0-BF60-DF8DF39689D4}.Ad-Hoc|x64.ActiveCfg = Release|Any CPU
		{FCCDA5F7-D64A-4EF0-BF60-DF8DF39689D4}.Ad-Hoc|x64.Build.0 = Release|Any CPU
		{FCCDA5F7-D64A-4EF0-BF60-DF8DF39689D4}.Ad-Hoc|x64.Deploy.0 = Release|Any CPU
		{FCCDA5F7-D64A-4EF0-BF60-DF8DF39689D4}.Ad-Hoc|x86.ActiveCfg = Release|Any CPU
		{FCCDA5F7-D64A-4EF0-BF60-DF8DF39689D4}.Ad-Hoc|x86.Build.0 = Release|Any CPU
		{FCCDA5F7-D64A-4EF0-BF60-DF8DF39689D4}.Ad-Hoc|x86.Deploy.0 = Release|Any CPU
		{FCCDA5F7-D64A-4EF0-BF60-DF8DF39689D4}.AppStore|Any CPU.ActiveCfg = Release|Any CPU
		{FCCDA5F7-D64A-4EF0-BF60-DF8DF39689D4}.AppStore|Any CPU.Build.0 = Release|Any CPU
		{FCCDA5F7-D64A-4EF0-BF60-DF8DF39689D4}.AppStore|Any CPU.Deploy.0 = Release|Any CPU
		{FCCDA5F7-D64A-4EF0-BF60-DF8DF39689D4}.AppStore|ARM.ActiveCfg = Release|Any CPU
		{FCCDA5F7-D64A-4EF0-BF60-DF8DF39689D4}.AppStore|ARM.Build.0 = Release|Any CPU
		{FCCDA5F7-D64A-4EF0-BF60-DF8DF39689D4}.AppStore|ARM.Deploy.0 = Release|Any CPU
		{FCCDA5F7-D64A-4EF0-BF60-DF8DF39689D4}.AppStore|iPhone.ActiveCfg = Release|Any CPU
		{FCCDA5F7-D64A-4EF0-BF60-DF8DF39689D4}.AppStore|iPhone.Build.0 = Release|Any CPU
		{FCCDA5F7-D64A-4EF0-BF60-DF8DF39689D4}.AppStore|iPhone.Deploy.0 = Release|Any CPU
		{FCCDA5F7-D64A-4EF0-BF60-DF8DF39689D4}.AppStore|iPhoneSimulator.ActiveCfg = Release|Any CPU
		{FCCDA5F7-D64A-4EF0-BF60-DF8DF39689D4}.AppStore|iPhoneSimulator.Build.0 = Release|Any CPU
		{FCCDA5F7-D64A-4EF0-BF60-DF8DF39689D4}.AppStore|iPhoneSimulator.Deploy.0 = Release|Any CPU
		{FCCDA5F7-D64A-4EF0-BF60-DF8DF39689D4}.AppStore|x64.ActiveCfg = Release|Any CPU
		{FCCDA5F7-D64A-4EF0-BF60-DF8DF39689D4}.AppStore|x64.Build.0 = Release|Any CPU
		{FCCDA5F7-D64A-4EF0-BF60-DF8DF39689D4}.AppStore|x64.Deploy.0 = Release|Any CPU
		{FCCDA5F7-D64A-4EF0-BF60-DF8DF39689D4}.AppStore|x86.ActiveCfg = Release|Any CPU
		{FCCDA5F7-D64A-4EF0-BF60-DF8DF39689D4}.AppStore|x86.Build.0 = Release|Any CPU
		{FCCDA5F7-D64A-4EF0-BF60-DF8DF39689D4}.AppStore|x86.Deploy.0 = Release|Any CPU
		{FCCDA5F7-D64A-4EF0-BF60-DF8DF39689D4}.Debug|Any CPU.ActiveCfg = Debug|Any CPU
		{FCCDA5F7-D64A-4EF0-BF60-DF8DF39689D4}.Debug|Any CPU.Build.0 = Debug|Any CPU
		{FCCDA5F7-D64A-4EF0-BF60-DF8DF39689D4}.Debug|Any CPU.Deploy.0 = Debug|Any CPU
		{FCCDA5F7-D64A-4EF0-BF60-DF8DF39689D4}.Debug|ARM.ActiveCfg = Debug|Any CPU
		{FCCDA5F7-D64A-4EF0-BF60-DF8DF39689D4}.Debug|ARM.Build.0 = Debug|Any CPU
		{FCCDA5F7-D64A-4EF0-BF60-DF8DF39689D4}.Debug|ARM.Deploy.0 = Debug|Any CPU
		{FCCDA5F7-D64A-4EF0-BF60-DF8DF39689D4}.Debug|iPhone.ActiveCfg = Debug|Any CPU
		{FCCDA5F7-D64A-4EF0-BF60-DF8DF39689D4}.Debug|iPhone.Build.0 = Debug|Any CPU
		{FCCDA5F7-D64A-4EF0-BF60-DF8DF39689D4}.Debug|iPhone.Deploy.0 = Debug|Any CPU
		{FCCDA5F7-D64A-4EF0-BF60-DF8DF39689D4}.Debug|iPhoneSimulator.ActiveCfg = Debug|Any CPU
		{FCCDA5F7-D64A-4EF0-BF60-DF8DF39689D4}.Debug|iPhoneSimulator.Build.0 = Debug|Any CPU
		{FCCDA5F7-D64A-4EF0-BF60-DF8DF39689D4}.Debug|iPhoneSimulator.Deploy.0 = Debug|Any CPU
		{FCCDA5F7-D64A-4EF0-BF60-DF8DF39689D4}.Debug|x64.ActiveCfg = Debug|Any CPU
		{FCCDA5F7-D64A-4EF0-BF60-DF8DF39689D4}.Debug|x64.Build.0 = Debug|Any CPU
		{FCCDA5F7-D64A-4EF0-BF60-DF8DF39689D4}.Debug|x64.Deploy.0 = Debug|Any CPU
		{FCCDA5F7-D64A-4EF0-BF60-DF8DF39689D4}.Debug|x86.ActiveCfg = Debug|Any CPU
		{FCCDA5F7-D64A-4EF0-BF60-DF8DF39689D4}.Debug|x86.Build.0 = Debug|Any CPU
		{FCCDA5F7-D64A-4EF0-BF60-DF8DF39689D4}.Debug|x86.Deploy.0 = Debug|Any CPU
		{FCCDA5F7-D64A-4EF0-BF60-DF8DF39689D4}.Release|Any CPU.ActiveCfg = Release|Any CPU
		{FCCDA5F7-D64A-4EF0-BF60-DF8DF39689D4}.Release|Any CPU.Build.0 = Release|Any CPU
		{FCCDA5F7-D64A-4EF0-BF60-DF8DF39689D4}.Release|Any CPU.Deploy.0 = Release|Any CPU
		{FCCDA5F7-D64A-4EF0-BF60-DF8DF39689D4}.Release|ARM.ActiveCfg = Release|Any CPU
		{FCCDA5F7-D64A-4EF0-BF60-DF8DF39689D4}.Release|ARM.Build.0 = Release|Any CPU
		{FCCDA5F7-D64A-4EF0-BF60-DF8DF39689D4}.Release|ARM.Deploy.0 = Release|Any CPU
		{FCCDA5F7-D64A-4EF0-BF60-DF8DF39689D4}.Release|iPhone.ActiveCfg = Release|Any CPU
		{FCCDA5F7-D64A-4EF0-BF60-DF8DF39689D4}.Release|iPhone.Build.0 = Release|Any CPU
		{FCCDA5F7-D64A-4EF0-BF60-DF8DF39689D4}.Release|iPhone.Deploy.0 = Release|Any CPU
		{FCCDA5F7-D64A-4EF0-BF60-DF8DF39689D4}.Release|iPhoneSimulator.ActiveCfg = Release|Any CPU
		{FCCDA5F7-D64A-4EF0-BF60-DF8DF39689D4}.Release|iPhoneSimulator.Build.0 = Release|Any CPU
		{FCCDA5F7-D64A-4EF0-BF60-DF8DF39689D4}.Release|iPhoneSimulator.Deploy.0 = Release|Any CPU
		{FCCDA5F7-D64A-4EF0-BF60-DF8DF39689D4}.Release|x64.ActiveCfg = Release|Any CPU
		{FCCDA5F7-D64A-4EF0-BF60-DF8DF39689D4}.Release|x64.Build.0 = Release|Any CPU
		{FCCDA5F7-D64A-4EF0-BF60-DF8DF39689D4}.Release|x64.Deploy.0 = Release|Any CPU
		{FCCDA5F7-D64A-4EF0-BF60-DF8DF39689D4}.Release|x86.ActiveCfg = Release|Any CPU
		{FCCDA5F7-D64A-4EF0-BF60-DF8DF39689D4}.Release|x86.Build.0 = Release|Any CPU
		{FCCDA5F7-D64A-4EF0-BF60-DF8DF39689D4}.Release|x86.Deploy.0 = Release|Any CPU
		{275CD363-BA8C-4B0E-9ED7-18B72A335F0B}.Ad-Hoc|Any CPU.ActiveCfg = Ad-Hoc|iPhone
		{275CD363-BA8C-4B0E-9ED7-18B72A335F0B}.Ad-Hoc|ARM.ActiveCfg = Ad-Hoc|iPhone
		{275CD363-BA8C-4B0E-9ED7-18B72A335F0B}.Ad-Hoc|iPhone.ActiveCfg = Ad-Hoc|iPhone
		{275CD363-BA8C-4B0E-9ED7-18B72A335F0B}.Ad-Hoc|iPhone.Build.0 = Ad-Hoc|iPhone
		{275CD363-BA8C-4B0E-9ED7-18B72A335F0B}.Ad-Hoc|iPhoneSimulator.ActiveCfg = Ad-Hoc|iPhoneSimulator
		{275CD363-BA8C-4B0E-9ED7-18B72A335F0B}.Ad-Hoc|iPhoneSimulator.Build.0 = Ad-Hoc|iPhoneSimulator
		{275CD363-BA8C-4B0E-9ED7-18B72A335F0B}.Ad-Hoc|x64.ActiveCfg = Ad-Hoc|iPhone
		{275CD363-BA8C-4B0E-9ED7-18B72A335F0B}.Ad-Hoc|x86.ActiveCfg = Ad-Hoc|iPhone
		{275CD363-BA8C-4B0E-9ED7-18B72A335F0B}.AppStore|Any CPU.ActiveCfg = AppStore|iPhone
		{275CD363-BA8C-4B0E-9ED7-18B72A335F0B}.AppStore|ARM.ActiveCfg = AppStore|iPhone
		{275CD363-BA8C-4B0E-9ED7-18B72A335F0B}.AppStore|iPhone.ActiveCfg = AppStore|iPhone
		{275CD363-BA8C-4B0E-9ED7-18B72A335F0B}.AppStore|iPhone.Build.0 = AppStore|iPhone
		{275CD363-BA8C-4B0E-9ED7-18B72A335F0B}.AppStore|iPhoneSimulator.ActiveCfg = AppStore|iPhoneSimulator
		{275CD363-BA8C-4B0E-9ED7-18B72A335F0B}.AppStore|iPhoneSimulator.Build.0 = AppStore|iPhoneSimulator
		{275CD363-BA8C-4B0E-9ED7-18B72A335F0B}.AppStore|x64.ActiveCfg = AppStore|iPhone
		{275CD363-BA8C-4B0E-9ED7-18B72A335F0B}.AppStore|x86.ActiveCfg = AppStore|iPhone
		{275CD363-BA8C-4B0E-9ED7-18B72A335F0B}.Debug|Any CPU.ActiveCfg = Debug|iPhone
		{275CD363-BA8C-4B0E-9ED7-18B72A335F0B}.Debug|ARM.ActiveCfg = Debug|iPhone
		{275CD363-BA8C-4B0E-9ED7-18B72A335F0B}.Debug|iPhone.ActiveCfg = Debug|iPhone
		{275CD363-BA8C-4B0E-9ED7-18B72A335F0B}.Debug|iPhone.Build.0 = Debug|iPhone
		{275CD363-BA8C-4B0E-9ED7-18B72A335F0B}.Debug|iPhoneSimulator.ActiveCfg = Debug|iPhoneSimulator
		{275CD363-BA8C-4B0E-9ED7-18B72A335F0B}.Debug|iPhoneSimulator.Build.0 = Debug|iPhoneSimulator
		{275CD363-BA8C-4B0E-9ED7-18B72A335F0B}.Debug|x64.ActiveCfg = Debug|iPhone
		{275CD363-BA8C-4B0E-9ED7-18B72A335F0B}.Debug|x86.ActiveCfg = Debug|iPhone
		{275CD363-BA8C-4B0E-9ED7-18B72A335F0B}.Release|Any CPU.ActiveCfg = Release|iPhone
		{275CD363-BA8C-4B0E-9ED7-18B72A335F0B}.Release|ARM.ActiveCfg = Release|iPhone
		{275CD363-BA8C-4B0E-9ED7-18B72A335F0B}.Release|iPhone.ActiveCfg = Release|iPhone
		{275CD363-BA8C-4B0E-9ED7-18B72A335F0B}.Release|iPhone.Build.0 = Release|iPhone
		{275CD363-BA8C-4B0E-9ED7-18B72A335F0B}.Release|iPhoneSimulator.ActiveCfg = Release|iPhoneSimulator
		{275CD363-BA8C-4B0E-9ED7-18B72A335F0B}.Release|iPhoneSimulator.Build.0 = Release|iPhoneSimulator
		{275CD363-BA8C-4B0E-9ED7-18B72A335F0B}.Release|x64.ActiveCfg = Release|iPhone
		{275CD363-BA8C-4B0E-9ED7-18B72A335F0B}.Release|x86.ActiveCfg = Release|iPhone
		{47D34C7D-BB8F-422B-B72B-31D2F5185E0F}.Ad-Hoc|Any CPU.ActiveCfg = Release|Any CPU
		{47D34C7D-BB8F-422B-B72B-31D2F5185E0F}.Ad-Hoc|Any CPU.Build.0 = Release|Any CPU
		{47D34C7D-BB8F-422B-B72B-31D2F5185E0F}.Ad-Hoc|Any CPU.Deploy.0 = Release|Any CPU
		{47D34C7D-BB8F-422B-B72B-31D2F5185E0F}.Ad-Hoc|ARM.ActiveCfg = Release|ARM
		{47D34C7D-BB8F-422B-B72B-31D2F5185E0F}.Ad-Hoc|ARM.Build.0 = Release|ARM
		{47D34C7D-BB8F-422B-B72B-31D2F5185E0F}.Ad-Hoc|ARM.Deploy.0 = Release|ARM
		{47D34C7D-BB8F-422B-B72B-31D2F5185E0F}.Ad-Hoc|iPhone.ActiveCfg = Release|Any CPU
		{47D34C7D-BB8F-422B-B72B-31D2F5185E0F}.Ad-Hoc|iPhone.Build.0 = Release|Any CPU
		{47D34C7D-BB8F-422B-B72B-31D2F5185E0F}.Ad-Hoc|iPhone.Deploy.0 = Release|Any CPU
		{47D34C7D-BB8F-422B-B72B-31D2F5185E0F}.Ad-Hoc|iPhoneSimulator.ActiveCfg = Release|Any CPU
		{47D34C7D-BB8F-422B-B72B-31D2F5185E0F}.Ad-Hoc|iPhoneSimulator.Build.0 = Release|Any CPU
		{47D34C7D-BB8F-422B-B72B-31D2F5185E0F}.Ad-Hoc|iPhoneSimulator.Deploy.0 = Release|Any CPU
		{47D34C7D-BB8F-422B-B72B-31D2F5185E0F}.Ad-Hoc|x64.ActiveCfg = Release|Any CPU
		{47D34C7D-BB8F-422B-B72B-31D2F5185E0F}.Ad-Hoc|x64.Build.0 = Release|Any CPU
		{47D34C7D-BB8F-422B-B72B-31D2F5185E0F}.Ad-Hoc|x64.Deploy.0 = Release|Any CPU
		{47D34C7D-BB8F-422B-B72B-31D2F5185E0F}.Ad-Hoc|x86.ActiveCfg = Release|x86
		{47D34C7D-BB8F-422B-B72B-31D2F5185E0F}.Ad-Hoc|x86.Build.0 = Release|x86
		{47D34C7D-BB8F-422B-B72B-31D2F5185E0F}.Ad-Hoc|x86.Deploy.0 = Release|x86
		{47D34C7D-BB8F-422B-B72B-31D2F5185E0F}.AppStore|Any CPU.ActiveCfg = Release|Any CPU
		{47D34C7D-BB8F-422B-B72B-31D2F5185E0F}.AppStore|Any CPU.Build.0 = Release|Any CPU
		{47D34C7D-BB8F-422B-B72B-31D2F5185E0F}.AppStore|Any CPU.Deploy.0 = Release|Any CPU
		{47D34C7D-BB8F-422B-B72B-31D2F5185E0F}.AppStore|ARM.ActiveCfg = Release|ARM
		{47D34C7D-BB8F-422B-B72B-31D2F5185E0F}.AppStore|ARM.Build.0 = Release|ARM
		{47D34C7D-BB8F-422B-B72B-31D2F5185E0F}.AppStore|ARM.Deploy.0 = Release|ARM
		{47D34C7D-BB8F-422B-B72B-31D2F5185E0F}.AppStore|iPhone.ActiveCfg = Release|Any CPU
		{47D34C7D-BB8F-422B-B72B-31D2F5185E0F}.AppStore|iPhone.Build.0 = Release|Any CPU
		{47D34C7D-BB8F-422B-B72B-31D2F5185E0F}.AppStore|iPhone.Deploy.0 = Release|Any CPU
		{47D34C7D-BB8F-422B-B72B-31D2F5185E0F}.AppStore|iPhoneSimulator.ActiveCfg = Release|Any CPU
		{47D34C7D-BB8F-422B-B72B-31D2F5185E0F}.AppStore|iPhoneSimulator.Build.0 = Release|Any CPU
		{47D34C7D-BB8F-422B-B72B-31D2F5185E0F}.AppStore|iPhoneSimulator.Deploy.0 = Release|Any CPU
		{47D34C7D-BB8F-422B-B72B-31D2F5185E0F}.AppStore|x64.ActiveCfg = Release|Any CPU
		{47D34C7D-BB8F-422B-B72B-31D2F5185E0F}.AppStore|x64.Build.0 = Release|Any CPU
		{47D34C7D-BB8F-422B-B72B-31D2F5185E0F}.AppStore|x64.Deploy.0 = Release|Any CPU
		{47D34C7D-BB8F-422B-B72B-31D2F5185E0F}.AppStore|x86.ActiveCfg = Release|x86
		{47D34C7D-BB8F-422B-B72B-31D2F5185E0F}.AppStore|x86.Build.0 = Release|x86
		{47D34C7D-BB8F-422B-B72B-31D2F5185E0F}.AppStore|x86.Deploy.0 = Release|x86
		{47D34C7D-BB8F-422B-B72B-31D2F5185E0F}.Debug|Any CPU.ActiveCfg = Debug|Any CPU
		{47D34C7D-BB8F-422B-B72B-31D2F5185E0F}.Debug|Any CPU.Build.0 = Debug|Any CPU
		{47D34C7D-BB8F-422B-B72B-31D2F5185E0F}.Debug|Any CPU.Deploy.0 = Debug|Any CPU
		{47D34C7D-BB8F-422B-B72B-31D2F5185E0F}.Debug|ARM.ActiveCfg = Debug|ARM
		{47D34C7D-BB8F-422B-B72B-31D2F5185E0F}.Debug|ARM.Build.0 = Debug|ARM
		{47D34C7D-BB8F-422B-B72B-31D2F5185E0F}.Debug|ARM.Deploy.0 = Debug|ARM
		{47D34C7D-BB8F-422B-B72B-31D2F5185E0F}.Debug|iPhone.ActiveCfg = Debug|Any CPU
		{47D34C7D-BB8F-422B-B72B-31D2F5185E0F}.Debug|iPhone.Build.0 = Debug|Any CPU
		{47D34C7D-BB8F-422B-B72B-31D2F5185E0F}.Debug|iPhone.Deploy.0 = Debug|Any CPU
		{47D34C7D-BB8F-422B-B72B-31D2F5185E0F}.Debug|iPhoneSimulator.ActiveCfg = Debug|Any CPU
		{47D34C7D-BB8F-422B-B72B-31D2F5185E0F}.Debug|iPhoneSimulator.Build.0 = Debug|Any CPU
		{47D34C7D-BB8F-422B-B72B-31D2F5185E0F}.Debug|iPhoneSimulator.Deploy.0 = Debug|Any CPU
		{47D34C7D-BB8F-422B-B72B-31D2F5185E0F}.Debug|x64.ActiveCfg = Debug|Any CPU
		{47D34C7D-BB8F-422B-B72B-31D2F5185E0F}.Debug|x64.Build.0 = Debug|Any CPU
		{47D34C7D-BB8F-422B-B72B-31D2F5185E0F}.Debug|x64.Deploy.0 = Debug|Any CPU
		{47D34C7D-BB8F-422B-B72B-31D2F5185E0F}.Debug|x86.ActiveCfg = Debug|x86
		{47D34C7D-BB8F-422B-B72B-31D2F5185E0F}.Debug|x86.Build.0 = Debug|x86
		{47D34C7D-BB8F-422B-B72B-31D2F5185E0F}.Debug|x86.Deploy.0 = Debug|x86
		{47D34C7D-BB8F-422B-B72B-31D2F5185E0F}.Release|Any CPU.ActiveCfg = Release|Any CPU
		{47D34C7D-BB8F-422B-B72B-31D2F5185E0F}.Release|Any CPU.Build.0 = Release|Any CPU
		{47D34C7D-BB8F-422B-B72B-31D2F5185E0F}.Release|Any CPU.Deploy.0 = Release|Any CPU
		{47D34C7D-BB8F-422B-B72B-31D2F5185E0F}.Release|ARM.ActiveCfg = Release|ARM
		{47D34C7D-BB8F-422B-B72B-31D2F5185E0F}.Release|ARM.Build.0 = Release|ARM
		{47D34C7D-BB8F-422B-B72B-31D2F5185E0F}.Release|ARM.Deploy.0 = Release|ARM
		{47D34C7D-BB8F-422B-B72B-31D2F5185E0F}.Release|iPhone.ActiveCfg = Release|Any CPU
		{47D34C7D-BB8F-422B-B72B-31D2F5185E0F}.Release|iPhone.Build.0 = Release|Any CPU
		{47D34C7D-BB8F-422B-B72B-31D2F5185E0F}.Release|iPhone.Deploy.0 = Release|Any CPU
		{47D34C7D-BB8F-422B-B72B-31D2F5185E0F}.Release|iPhoneSimulator.ActiveCfg = Release|Any CPU
		{47D34C7D-BB8F-422B-B72B-31D2F5185E0F}.Release|iPhoneSimulator.Build.0 = Release|Any CPU
		{47D34C7D-BB8F-422B-B72B-31D2F5185E0F}.Release|iPhoneSimulator.Deploy.0 = Release|Any CPU
		{47D34C7D-BB8F-422B-B72B-31D2F5185E0F}.Release|x64.ActiveCfg = Release|Any CPU
		{47D34C7D-BB8F-422B-B72B-31D2F5185E0F}.Release|x64.Build.0 = Release|Any CPU
		{47D34C7D-BB8F-422B-B72B-31D2F5185E0F}.Release|x64.Deploy.0 = Release|Any CPU
		{47D34C7D-BB8F-422B-B72B-31D2F5185E0F}.Release|x86.ActiveCfg = Release|x86
		{47D34C7D-BB8F-422B-B72B-31D2F5185E0F}.Release|x86.Build.0 = Release|x86
		{47D34C7D-BB8F-422B-B72B-31D2F5185E0F}.Release|x86.Deploy.0 = Release|x86
		{6FDF7898-5AE9-4D43-BEE1-985D9289060D}.Ad-Hoc|Any CPU.ActiveCfg = Release|Any CPU
		{6FDF7898-5AE9-4D43-BEE1-985D9289060D}.Ad-Hoc|Any CPU.Build.0 = Release|Any CPU
		{6FDF7898-5AE9-4D43-BEE1-985D9289060D}.Ad-Hoc|ARM.ActiveCfg = Release|Any CPU
		{6FDF7898-5AE9-4D43-BEE1-985D9289060D}.Ad-Hoc|ARM.Build.0 = Release|Any CPU
		{6FDF7898-5AE9-4D43-BEE1-985D9289060D}.Ad-Hoc|iPhone.ActiveCfg = Release|Any CPU
		{6FDF7898-5AE9-4D43-BEE1-985D9289060D}.Ad-Hoc|iPhone.Build.0 = Release|Any CPU
		{6FDF7898-5AE9-4D43-BEE1-985D9289060D}.Ad-Hoc|iPhoneSimulator.ActiveCfg = Release|Any CPU
		{6FDF7898-5AE9-4D43-BEE1-985D9289060D}.Ad-Hoc|iPhoneSimulator.Build.0 = Release|Any CPU
		{6FDF7898-5AE9-4D43-BEE1-985D9289060D}.Ad-Hoc|x64.ActiveCfg = Release|Any CPU
		{6FDF7898-5AE9-4D43-BEE1-985D9289060D}.Ad-Hoc|x64.Build.0 = Release|Any CPU
		{6FDF7898-5AE9-4D43-BEE1-985D9289060D}.Ad-Hoc|x86.ActiveCfg = Release|Any CPU
		{6FDF7898-5AE9-4D43-BEE1-985D9289060D}.Ad-Hoc|x86.Build.0 = Release|Any CPU
		{6FDF7898-5AE9-4D43-BEE1-985D9289060D}.AppStore|Any CPU.ActiveCfg = Release|Any CPU
		{6FDF7898-5AE9-4D43-BEE1-985D9289060D}.AppStore|Any CPU.Build.0 = Release|Any CPU
		{6FDF7898-5AE9-4D43-BEE1-985D9289060D}.AppStore|ARM.ActiveCfg = Release|Any CPU
		{6FDF7898-5AE9-4D43-BEE1-985D9289060D}.AppStore|ARM.Build.0 = Release|Any CPU
		{6FDF7898-5AE9-4D43-BEE1-985D9289060D}.AppStore|iPhone.ActiveCfg = Release|Any CPU
		{6FDF7898-5AE9-4D43-BEE1-985D9289060D}.AppStore|iPhone.Build.0 = Release|Any CPU
		{6FDF7898-5AE9-4D43-BEE1-985D9289060D}.AppStore|iPhoneSimulator.ActiveCfg = Release|Any CPU
		{6FDF7898-5AE9-4D43-BEE1-985D9289060D}.AppStore|iPhoneSimulator.Build.0 = Release|Any CPU
		{6FDF7898-5AE9-4D43-BEE1-985D9289060D}.AppStore|x64.ActiveCfg = Release|Any CPU
		{6FDF7898-5AE9-4D43-BEE1-985D9289060D}.AppStore|x64.Build.0 = Release|Any CPU
		{6FDF7898-5AE9-4D43-BEE1-985D9289060D}.AppStore|x86.ActiveCfg = Release|Any CPU
		{6FDF7898-5AE9-4D43-BEE1-985D9289060D}.AppStore|x86.Build.0 = Release|Any CPU
		{6FDF7898-5AE9-4D43-BEE1-985D9289060D}.Debug|Any CPU.ActiveCfg = Debug|Any CPU
		{6FDF7898-5AE9-4D43-BEE1-985D9289060D}.Debug|Any CPU.Build.0 = Debug|Any CPU
		{6FDF7898-5AE9-4D43-BEE1-985D9289060D}.Debug|ARM.ActiveCfg = Debug|Any CPU
		{6FDF7898-5AE9-4D43-BEE1-985D9289060D}.Debug|ARM.Build.0 = Debug|Any CPU
		{6FDF7898-5AE9-4D43-BEE1-985D9289060D}.Debug|iPhone.ActiveCfg = Debug|Any CPU
		{6FDF7898-5AE9-4D43-BEE1-985D9289060D}.Debug|iPhone.Build.0 = Debug|Any CPU
		{6FDF7898-5AE9-4D43-BEE1-985D9289060D}.Debug|iPhoneSimulator.ActiveCfg = Debug|Any CPU
		{6FDF7898-5AE9-4D43-BEE1-985D9289060D}.Debug|iPhoneSimulator.Build.0 = Debug|Any CPU
		{6FDF7898-5AE9-4D43-BEE1-985D9289060D}.Debug|x64.ActiveCfg = Debug|Any CPU
		{6FDF7898-5AE9-4D43-BEE1-985D9289060D}.Debug|x64.Build.0 = Debug|Any CPU
		{6FDF7898-5AE9-4D43-BEE1-985D9289060D}.Debug|x86.ActiveCfg = Debug|Any CPU
		{6FDF7898-5AE9-4D43-BEE1-985D9289060D}.Debug|x86.Build.0 = Debug|Any CPU
		{6FDF7898-5AE9-4D43-BEE1-985D9289060D}.Release|Any CPU.ActiveCfg = Release|Any CPU
		{6FDF7898-5AE9-4D43-BEE1-985D9289060D}.Release|Any CPU.Build.0 = Release|Any CPU
		{6FDF7898-5AE9-4D43-BEE1-985D9289060D}.Release|ARM.ActiveCfg = Release|Any CPU
		{6FDF7898-5AE9-4D43-BEE1-985D9289060D}.Release|ARM.Build.0 = Release|Any CPU
		{6FDF7898-5AE9-4D43-BEE1-985D9289060D}.Release|iPhone.ActiveCfg = Release|Any CPU
		{6FDF7898-5AE9-4D43-BEE1-985D9289060D}.Release|iPhone.Build.0 = Release|Any CPU
		{6FDF7898-5AE9-4D43-BEE1-985D9289060D}.Release|iPhoneSimulator.ActiveCfg = Release|Any CPU
		{6FDF7898-5AE9-4D43-BEE1-985D9289060D}.Release|iPhoneSimulator.Build.0 = Release|Any CPU
		{6FDF7898-5AE9-4D43-BEE1-985D9289060D}.Release|x64.ActiveCfg = Release|Any CPU
		{6FDF7898-5AE9-4D43-BEE1-985D9289060D}.Release|x64.Build.0 = Release|Any CPU
		{6FDF7898-5AE9-4D43-BEE1-985D9289060D}.Release|x86.ActiveCfg = Release|Any CPU
		{6FDF7898-5AE9-4D43-BEE1-985D9289060D}.Release|x86.Build.0 = Release|Any CPU
	EndGlobalSection
	GlobalSection(SolutionProperties) = preSolution
		HideSolutionNode = FALSE
	EndGlobalSection
	GlobalSection(NestedProjects) = preSolution
		{5E5C9CBC-56CE-44A2-91B2-3D861D08581F} = {C619B6EB-FD55-4D5D-9297-39D203C72069}
		{C05EEC09-9341-404E-AA4E-19134CF4C5E3} = {C619B6EB-FD55-4D5D-9297-39D203C72069}
		{FCCDA5F7-D64A-4EF0-BF60-DF8DF39689D4} = {7555A83C-9CAA-4A18-8D8B-E59BD729969A}
		{275CD363-BA8C-4B0E-9ED7-18B72A335F0B} = {7555A83C-9CAA-4A18-8D8B-E59BD729969A}
		{47D34C7D-BB8F-422B-B72B-31D2F5185E0F} = {7555A83C-9CAA-4A18-8D8B-E59BD729969A}
		{6FDF7898-5AE9-4D43-BEE1-985D9289060D} = {7555A83C-9CAA-4A18-8D8B-E59BD729969A}
	EndGlobalSection
EndGlobal
