
Microsoft Visual Studio Solution File, Format Version 12.00
# Visual Studio 14
VisualStudioVersion = 14.0.24720.0
MinimumVisualStudioVersion = 10.0.40219.1
Project("{FAE04EC0-301F-11D3-BF4B-00C04F79EFBC}") = "Setup.WPF", "Setup.WPF\Setup.WPF.csproj", "{2B3D1C22-7F3E-4B19-AE6B-892B8E4981C2}"
EndProject
Project("{FAE04EC0-301F-11D3-BF4B-00C04F79EFBC}") = "Setup.Silverlight", "Setup.Silverlight\Setup.Silverlight.csproj", "{E6881290-8CFB-4626-A62C-731D4B3D5A19}"
EndProject
Project("{FAE04EC0-301F-11D3-BF4B-00C04F79EFBC}") = "Setup.WindowsPhone.Silverlight", "Setup.WindowsPhone.Silverlight\Setup.WindowsPhone.Silverlight.csproj", "{160F30BE-FEF5-49AD-9A12-518C9839504F}"
EndProject
Project("{FAE04EC0-301F-11D3-BF4B-00C04F79EFBC}") = "Setup.WindowsPhone.WindowsRuntime", "Setup.WindowsPhone.WindowsRuntime\Setup.WindowsPhone.WindowsRuntime.csproj", "{75BFCAA5-C989-4EF3-BC2E-F7E0006A8913}"
EndProject
Project("{FAE04EC0-301F-11D3-BF4B-00C04F79EFBC}") = "Setup.WindowsRuntime", "Setup.WindowsRuntime\Setup.WindowsRuntime.csproj", "{54DA37E7-70BF-46F9-AEA0-E38BB0FED2B7}"
EndProject
Project("{FAE04EC0-301F-11D3-BF4B-00C04F79EFBC}") = "Setup.UWP", "Setup.UWP\Setup.UWP.csproj", "{42069D03-9642-41D5-8D65-E5A156249828}"
EndProject
Project("{FAE04EC0-301F-11D3-BF4B-00C04F79EFBC}") = "Setup.Android", "Setup.Android\Setup.Android.csproj", "{5E5C9CBC-56CE-44A2-91B2-3D861D08581F}"
EndProject
Global
	GlobalSection(SolutionConfigurationPlatforms) = preSolution
		Debug|Any CPU = Debug|Any CPU
		Debug|ARM = Debug|ARM
		Debug|x64 = Debug|x64
		Debug|x86 = Debug|x86
		Release|Any CPU = Release|Any CPU
		Release|ARM = Release|ARM
		Release|x64 = Release|x64
		Release|x86 = Release|x86
	EndGlobalSection
	GlobalSection(ProjectConfigurationPlatforms) = postSolution
		{2B3D1C22-7F3E-4B19-AE6B-892B8E4981C2}.Debug|Any CPU.ActiveCfg = Debug|Any CPU
		{2B3D1C22-7F3E-4B19-AE6B-892B8E4981C2}.Debug|Any CPU.Build.0 = Debug|Any CPU
		{2B3D1C22-7F3E-4B19-AE6B-892B8E4981C2}.Debug|ARM.ActiveCfg = Debug|Any CPU
		{2B3D1C22-7F3E-4B19-AE6B-892B8E4981C2}.Debug|ARM.Build.0 = Debug|Any CPU
		{2B3D1C22-7F3E-4B19-AE6B-892B8E4981C2}.Debug|x64.ActiveCfg = Debug|Any CPU
		{2B3D1C22-7F3E-4B19-AE6B-892B8E4981C2}.Debug|x64.Build.0 = Debug|Any CPU
		{2B3D1C22-7F3E-4B19-AE6B-892B8E4981C2}.Debug|x86.ActiveCfg = Debug|Any CPU
		{2B3D1C22-7F3E-4B19-AE6B-892B8E4981C2}.Debug|x86.Build.0 = Debug|Any CPU
		{2B3D1C22-7F3E-4B19-AE6B-892B8E4981C2}.Release|Any CPU.ActiveCfg = Release|Any CPU
		{2B3D1C22-7F3E-4B19-AE6B-892B8E4981C2}.Release|Any CPU.Build.0 = Release|Any CPU
		{2B3D1C22-7F3E-4B19-AE6B-892B8E4981C2}.Release|ARM.ActiveCfg = Release|Any CPU
		{2B3D1C22-7F3E-4B19-AE6B-892B8E4981C2}.Release|ARM.Build.0 = Release|Any CPU
		{2B3D1C22-7F3E-4B19-AE6B-892B8E4981C2}.Release|x64.ActiveCfg = Release|Any CPU
		{2B3D1C22-7F3E-4B19-AE6B-892B8E4981C2}.Release|x64.Build.0 = Release|Any CPU
		{2B3D1C22-7F3E-4B19-AE6B-892B8E4981C2}.Release|x86.ActiveCfg = Release|Any CPU
		{2B3D1C22-7F3E-4B19-AE6B-892B8E4981C2}.Release|x86.Build.0 = Release|Any CPU
		{E6881290-8CFB-4626-A62C-731D4B3D5A19}.Debug|Any CPU.ActiveCfg = Debug|Any CPU
		{E6881290-8CFB-4626-A62C-731D4B3D5A19}.Debug|Any CPU.Build.0 = Debug|Any CPU
		{E6881290-8CFB-4626-A62C-731D4B3D5A19}.Debug|ARM.ActiveCfg = Debug|Any CPU
		{E6881290-8CFB-4626-A62C-731D4B3D5A19}.Debug|ARM.Build.0 = Debug|Any CPU
		{E6881290-8CFB-4626-A62C-731D4B3D5A19}.Debug|x64.ActiveCfg = Debug|Any CPU
		{E6881290-8CFB-4626-A62C-731D4B3D5A19}.Debug|x64.Build.0 = Debug|Any CPU
		{E6881290-8CFB-4626-A62C-731D4B3D5A19}.Debug|x86.ActiveCfg = Debug|Any CPU
		{E6881290-8CFB-4626-A62C-731D4B3D5A19}.Debug|x86.Build.0 = Debug|Any CPU
		{E6881290-8CFB-4626-A62C-731D4B3D5A19}.Release|Any CPU.ActiveCfg = Release|Any CPU
		{E6881290-8CFB-4626-A62C-731D4B3D5A19}.Release|Any CPU.Build.0 = Release|Any CPU
		{E6881290-8CFB-4626-A62C-731D4B3D5A19}.Release|ARM.ActiveCfg = Release|Any CPU
		{E6881290-8CFB-4626-A62C-731D4B3D5A19}.Release|ARM.Build.0 = Release|Any CPU
		{E6881290-8CFB-4626-A62C-731D4B3D5A19}.Release|x64.ActiveCfg = Release|Any CPU
		{E6881290-8CFB-4626-A62C-731D4B3D5A19}.Release|x64.Build.0 = Release|Any CPU
		{E6881290-8CFB-4626-A62C-731D4B3D5A19}.Release|x86.ActiveCfg = Release|Any CPU
		{E6881290-8CFB-4626-A62C-731D4B3D5A19}.Release|x86.Build.0 = Release|Any CPU
		{160F30BE-FEF5-49AD-9A12-518C9839504F}.Debug|Any CPU.ActiveCfg = Debug|Any CPU
		{160F30BE-FEF5-49AD-9A12-518C9839504F}.Debug|Any CPU.Build.0 = Debug|Any CPU
		{160F30BE-FEF5-49AD-9A12-518C9839504F}.Debug|Any CPU.Deploy.0 = Debug|Any CPU
		{160F30BE-FEF5-49AD-9A12-518C9839504F}.Debug|ARM.ActiveCfg = Debug|ARM
		{160F30BE-FEF5-49AD-9A12-518C9839504F}.Debug|ARM.Build.0 = Debug|ARM
		{160F30BE-FEF5-49AD-9A12-518C9839504F}.Debug|ARM.Deploy.0 = Debug|ARM
		{160F30BE-FEF5-49AD-9A12-518C9839504F}.Debug|x64.ActiveCfg = Debug|Any CPU
		{160F30BE-FEF5-49AD-9A12-518C9839504F}.Debug|x64.Build.0 = Debug|Any CPU
		{160F30BE-FEF5-49AD-9A12-518C9839504F}.Debug|x64.Deploy.0 = Debug|Any CPU
		{160F30BE-FEF5-49AD-9A12-518C9839504F}.Debug|x86.ActiveCfg = Debug|x86
		{160F30BE-FEF5-49AD-9A12-518C9839504F}.Debug|x86.Build.0 = Debug|x86
		{160F30BE-FEF5-49AD-9A12-518C9839504F}.Debug|x86.Deploy.0 = Debug|x86
		{160F30BE-FEF5-49AD-9A12-518C9839504F}.Release|Any CPU.ActiveCfg = Release|Any CPU
		{160F30BE-FEF5-49AD-9A12-518C9839504F}.Release|Any CPU.Build.0 = Release|Any CPU
		{160F30BE-FEF5-49AD-9A12-518C9839504F}.Release|Any CPU.Deploy.0 = Release|Any CPU
		{160F30BE-FEF5-49AD-9A12-518C9839504F}.Release|ARM.ActiveCfg = Release|ARM
		{160F30BE-FEF5-49AD-9A12-518C9839504F}.Release|ARM.Build.0 = Release|ARM
		{160F30BE-FEF5-49AD-9A12-518C9839504F}.Release|ARM.Deploy.0 = Release|ARM
		{160F30BE-FEF5-49AD-9A12-518C9839504F}.Release|x64.ActiveCfg = Release|Any CPU
		{160F30BE-FEF5-49AD-9A12-518C9839504F}.Release|x64.Build.0 = Release|Any CPU
		{160F30BE-FEF5-49AD-9A12-518C9839504F}.Release|x64.Deploy.0 = Release|Any CPU
		{160F30BE-FEF5-49AD-9A12-518C9839504F}.Release|x86.ActiveCfg = Release|x86
		{160F30BE-FEF5-49AD-9A12-518C9839504F}.Release|x86.Build.0 = Release|x86
		{160F30BE-FEF5-49AD-9A12-518C9839504F}.Release|x86.Deploy.0 = Release|x86
		{75BFCAA5-C989-4EF3-BC2E-F7E0006A8913}.Debug|Any CPU.ActiveCfg = Debug|Any CPU
		{75BFCAA5-C989-4EF3-BC2E-F7E0006A8913}.Debug|Any CPU.Build.0 = Debug|Any CPU
		{75BFCAA5-C989-4EF3-BC2E-F7E0006A8913}.Debug|Any CPU.Deploy.0 = Debug|Any CPU
		{75BFCAA5-C989-4EF3-BC2E-F7E0006A8913}.Debug|ARM.ActiveCfg = Debug|ARM
		{75BFCAA5-C989-4EF3-BC2E-F7E0006A8913}.Debug|ARM.Build.0 = Debug|ARM
		{75BFCAA5-C989-4EF3-BC2E-F7E0006A8913}.Debug|ARM.Deploy.0 = Debug|ARM
		{75BFCAA5-C989-4EF3-BC2E-F7E0006A8913}.Debug|x64.ActiveCfg = Debug|Any CPU
		{75BFCAA5-C989-4EF3-BC2E-F7E0006A8913}.Debug|x64.Build.0 = Debug|Any CPU
		{75BFCAA5-C989-4EF3-BC2E-F7E0006A8913}.Debug|x64.Deploy.0 = Debug|Any CPU
		{75BFCAA5-C989-4EF3-BC2E-F7E0006A8913}.Debug|x86.ActiveCfg = Debug|x86
		{75BFCAA5-C989-4EF3-BC2E-F7E0006A8913}.Debug|x86.Build.0 = Debug|x86
		{75BFCAA5-C989-4EF3-BC2E-F7E0006A8913}.Debug|x86.Deploy.0 = Debug|x86
		{75BFCAA5-C989-4EF3-BC2E-F7E0006A8913}.Release|Any CPU.ActiveCfg = Release|Any CPU
		{75BFCAA5-C989-4EF3-BC2E-F7E0006A8913}.Release|Any CPU.Build.0 = Release|Any CPU
		{75BFCAA5-C989-4EF3-BC2E-F7E0006A8913}.Release|Any CPU.Deploy.0 = Release|Any CPU
		{75BFCAA5-C989-4EF3-BC2E-F7E0006A8913}.Release|ARM.ActiveCfg = Release|ARM
		{75BFCAA5-C989-4EF3-BC2E-F7E0006A8913}.Release|ARM.Build.0 = Release|ARM
		{75BFCAA5-C989-4EF3-BC2E-F7E0006A8913}.Release|ARM.Deploy.0 = Release|ARM
		{75BFCAA5-C989-4EF3-BC2E-F7E0006A8913}.Release|x64.ActiveCfg = Release|Any CPU
		{75BFCAA5-C989-4EF3-BC2E-F7E0006A8913}.Release|x64.Build.0 = Release|Any CPU
		{75BFCAA5-C989-4EF3-BC2E-F7E0006A8913}.Release|x64.Deploy.0 = Release|Any CPU
		{75BFCAA5-C989-4EF3-BC2E-F7E0006A8913}.Release|x86.ActiveCfg = Release|x86
		{75BFCAA5-C989-4EF3-BC2E-F7E0006A8913}.Release|x86.Build.0 = Release|x86
		{75BFCAA5-C989-4EF3-BC2E-F7E0006A8913}.Release|x86.Deploy.0 = Release|x86
		{54DA37E7-70BF-46F9-AEA0-E38BB0FED2B7}.Debug|Any CPU.ActiveCfg = Debug|Any CPU
		{54DA37E7-70BF-46F9-AEA0-E38BB0FED2B7}.Debug|Any CPU.Build.0 = Debug|Any CPU
		{54DA37E7-70BF-46F9-AEA0-E38BB0FED2B7}.Debug|Any CPU.Deploy.0 = Debug|Any CPU
		{54DA37E7-70BF-46F9-AEA0-E38BB0FED2B7}.Debug|ARM.ActiveCfg = Debug|ARM
		{54DA37E7-70BF-46F9-AEA0-E38BB0FED2B7}.Debug|ARM.Build.0 = Debug|ARM
		{54DA37E7-70BF-46F9-AEA0-E38BB0FED2B7}.Debug|ARM.Deploy.0 = Debug|ARM
		{54DA37E7-70BF-46F9-AEA0-E38BB0FED2B7}.Debug|x64.ActiveCfg = Debug|x64
		{54DA37E7-70BF-46F9-AEA0-E38BB0FED2B7}.Debug|x64.Build.0 = Debug|x64
		{54DA37E7-70BF-46F9-AEA0-E38BB0FED2B7}.Debug|x64.Deploy.0 = Debug|x64
		{54DA37E7-70BF-46F9-AEA0-E38BB0FED2B7}.Debug|x86.ActiveCfg = Debug|x86
		{54DA37E7-70BF-46F9-AEA0-E38BB0FED2B7}.Debug|x86.Build.0 = Debug|x86
		{54DA37E7-70BF-46F9-AEA0-E38BB0FED2B7}.Debug|x86.Deploy.0 = Debug|x86
		{54DA37E7-70BF-46F9-AEA0-E38BB0FED2B7}.Release|Any CPU.ActiveCfg = Release|Any CPU
		{54DA37E7-70BF-46F9-AEA0-E38BB0FED2B7}.Release|Any CPU.Build.0 = Release|Any CPU
		{54DA37E7-70BF-46F9-AEA0-E38BB0FED2B7}.Release|Any CPU.Deploy.0 = Release|Any CPU
		{54DA37E7-70BF-46F9-AEA0-E38BB0FED2B7}.Release|ARM.ActiveCfg = Release|ARM
		{54DA37E7-70BF-46F9-AEA0-E38BB0FED2B7}.Release|ARM.Build.0 = Release|ARM
		{54DA37E7-70BF-46F9-AEA0-E38BB0FED2B7}.Release|ARM.Deploy.0 = Release|ARM
		{54DA37E7-70BF-46F9-AEA0-E38BB0FED2B7}.Release|x64.ActiveCfg = Release|x64
		{54DA37E7-70BF-46F9-AEA0-E38BB0FED2B7}.Release|x64.Build.0 = Release|x64
		{54DA37E7-70BF-46F9-AEA0-E38BB0FED2B7}.Release|x64.Deploy.0 = Release|x64
		{54DA37E7-70BF-46F9-AEA0-E38BB0FED2B7}.Release|x86.ActiveCfg = Release|x86
		{54DA37E7-70BF-46F9-AEA0-E38BB0FED2B7}.Release|x86.Build.0 = Release|x86
		{54DA37E7-70BF-46F9-AEA0-E38BB0FED2B7}.Release|x86.Deploy.0 = Release|x86
		{42069D03-9642-41D5-8D65-E5A156249828}.Debug|Any CPU.ActiveCfg = Debug|x86
		{42069D03-9642-41D5-8D65-E5A156249828}.Debug|ARM.ActiveCfg = Debug|ARM
		{42069D03-9642-41D5-8D65-E5A156249828}.Debug|ARM.Build.0 = Debug|ARM
		{42069D03-9642-41D5-8D65-E5A156249828}.Debug|ARM.Deploy.0 = Debug|ARM
		{42069D03-9642-41D5-8D65-E5A156249828}.Debug|x64.ActiveCfg = Debug|x64
		{42069D03-9642-41D5-8D65-E5A156249828}.Debug|x64.Build.0 = Debug|x64
		{42069D03-9642-41D5-8D65-E5A156249828}.Debug|x64.Deploy.0 = Debug|x64
		{42069D03-9642-41D5-8D65-E5A156249828}.Debug|x86.ActiveCfg = Debug|x86
		{42069D03-9642-41D5-8D65-E5A156249828}.Debug|x86.Build.0 = Debug|x86
		{42069D03-9642-41D5-8D65-E5A156249828}.Debug|x86.Deploy.0 = Debug|x86
		{42069D03-9642-41D5-8D65-E5A156249828}.Release|Any CPU.ActiveCfg = Release|x86
		{42069D03-9642-41D5-8D65-E5A156249828}.Release|ARM.ActiveCfg = Release|ARM
		{42069D03-9642-41D5-8D65-E5A156249828}.Release|ARM.Build.0 = Release|ARM
		{42069D03-9642-41D5-8D65-E5A156249828}.Release|ARM.Deploy.0 = Release|ARM
		{42069D03-9642-41D5-8D65-E5A156249828}.Release|x64.ActiveCfg = Release|x64
		{42069D03-9642-41D5-8D65-E5A156249828}.Release|x64.Build.0 = Release|x64
		{42069D03-9642-41D5-8D65-E5A156249828}.Release|x64.Deploy.0 = Release|x64
		{42069D03-9642-41D5-8D65-E5A156249828}.Release|x86.ActiveCfg = Release|x86
		{42069D03-9642-41D5-8D65-E5A156249828}.Release|x86.Build.0 = Release|x86
		{42069D03-9642-41D5-8D65-E5A156249828}.Release|x86.Deploy.0 = Release|x86
		{5E5C9CBC-56CE-44A2-91B2-3D861D08581F}.Debug|Any CPU.ActiveCfg = Debug|Any CPU
		{5E5C9CBC-56CE-44A2-91B2-3D861D08581F}.Debug|Any CPU.Build.0 = Debug|Any CPU
		{5E5C9CBC-56CE-44A2-91B2-3D861D08581F}.Debug|Any CPU.Deploy.0 = Debug|Any CPU
		{5E5C9CBC-56CE-44A2-91B2-3D861D08581F}.Debug|ARM.ActiveCfg = Debug|Any CPU
		{5E5C9CBC-56CE-44A2-91B2-3D861D08581F}.Debug|ARM.Build.0 = Debug|Any CPU
		{5E5C9CBC-56CE-44A2-91B2-3D861D08581F}.Debug|ARM.Deploy.0 = Debug|Any CPU
		{5E5C9CBC-56CE-44A2-91B2-3D861D08581F}.Debug|x64.ActiveCfg = Debug|Any CPU
		{5E5C9CBC-56CE-44A2-91B2-3D861D08581F}.Debug|x64.Build.0 = Debug|Any CPU
		{5E5C9CBC-56CE-44A2-91B2-3D861D08581F}.Debug|x64.Deploy.0 = Debug|Any CPU
		{5E5C9CBC-56CE-44A2-91B2-3D861D08581F}.Debug|x86.ActiveCfg = Debug|Any CPU
		{5E5C9CBC-56CE-44A2-91B2-3D861D08581F}.Debug|x86.Build.0 = Debug|Any CPU
		{5E5C9CBC-56CE-44A2-91B2-3D861D08581F}.Debug|x86.Deploy.0 = Debug|Any CPU
		{5E5C9CBC-56CE-44A2-91B2-3D861D08581F}.Release|Any CPU.ActiveCfg = Release|Any CPU
		{5E5C9CBC-56CE-44A2-91B2-3D861D08581F}.Release|Any CPU.Build.0 = Release|Any CPU
		{5E5C9CBC-56CE-44A2-91B2-3D861D08581F}.Release|Any CPU.Deploy.0 = Release|Any CPU
		{5E5C9CBC-56CE-44A2-91B2-3D861D08581F}.Release|ARM.ActiveCfg = Release|Any CPU
		{5E5C9CBC-56CE-44A2-91B2-3D861D08581F}.Release|ARM.Build.0 = Release|Any CPU
		{5E5C9CBC-56CE-44A2-91B2-3D861D08581F}.Release|ARM.Deploy.0 = Release|Any CPU
		{5E5C9CBC-56CE-44A2-91B2-3D861D08581F}.Release|x64.ActiveCfg = Release|Any CPU
		{5E5C9CBC-56CE-44A2-91B2-3D861D08581F}.Release|x64.Build.0 = Release|Any CPU
		{5E5C9CBC-56CE-44A2-91B2-3D861D08581F}.Release|x64.Deploy.0 = Release|Any CPU
		{5E5C9CBC-56CE-44A2-91B2-3D861D08581F}.Release|x86.ActiveCfg = Release|Any CPU
		{5E5C9CBC-56CE-44A2-91B2-3D861D08581F}.Release|x86.Build.0 = Release|Any CPU
		{5E5C9CBC-56CE-44A2-91B2-3D861D08581F}.Release|x86.Deploy.0 = Release|Any CPU
	EndGlobalSection
	GlobalSection(SolutionProperties) = preSolution
		HideSolutionNode = FALSE
	EndGlobalSection
EndGlobal
