
Microsoft Visual Studio Solution File, Format Version 11.00
# Visual Studio 2010
Project("{FAE04EC0-301F-11D3-BF4B-00C04F79EFBC}") = "Caliburn.Micro.SimpleNavigation", "Caliburn.Micro.SimpleNavigation\Caliburn.Micro.SimpleNavigation.csproj", "{EF8546AF-1D38-4F3F-AF88-942ECE42C565}"
EndProject
Global
	GlobalSection(SolutionConfigurationPlatforms) = preSolution
		Debug|Any CPU = Debug|Any CPU
		Release|Any CPU = Release|Any CPU
	EndGlobalSection
	GlobalSection(ProjectConfigurationPlatforms) = postSolution
		{EF8546AF-1D38-4F3F-AF88-942ECE42C565}.Debug|Any CPU.ActiveCfg = Debug|Any CPU
		{EF8546AF-1D38-4F3F-AF88-942ECE42C565}.Debug|Any CPU.Build.0 = Debug|Any CPU
		{EF8546AF-1D38-4F3F-AF88-942ECE42C565}.Release|Any CPU.ActiveCfg = Release|Any CPU
		{EF8546AF-1D38-4F3F-AF88-942ECE42C565}.Release|Any CPU.Build.0 = Release|Any CPU
	EndGlobalSection
	GlobalSection(SolutionProperties) = preSolution
		HideSolutionNode = FALSE
	EndGlobalSection
EndGlobal
