
Microsoft Visual Studio Solution File, Format Version 12.00
# Visual Studio Version 17
VisualStudioVersion = 17.0.31612.314
MinimumVisualStudioVersion = 10.0.40219.1
Project("{9A19103F-16F7-4668-BE54-9A1E7A4F7556}") = "Caliburn.Micro.Tutorial.Wpf", "Caliburn.Micro.Tutorial.Wpf\Caliburn.Micro.Tutorial.Wpf.csproj", "{91C89E27-E316-4117-85D0-5B7DA2AC3939}"
EndProject
Global
	GlobalSection(SolutionConfigurationPlatforms) = preSolution
		Debug|Any CPU = Debug|Any CPU
		Release|Any CPU = Release|Any CPU
	EndGlobalSection
	GlobalSection(ProjectConfigurationPlatforms) = postSolution
		{91C89E27-E316-4117-85D0-5B7DA2AC3939}.Debug|Any CPU.ActiveCfg = Debug|Any CPU
		{91C89E27-E316-4117-85D0-5B7DA2AC3939}.Debug|Any CPU.Build.0 = Debug|Any CPU
		{91C89E27-E316-4117-85D0-5B7DA2AC3939}.Release|Any CPU.ActiveCfg = Release|Any CPU
		{91C89E27-E316-4117-85D0-5B7DA2AC3939}.Release|Any CPU.Build.0 = Release|Any CPU
	EndGlobalSection
	GlobalSection(SolutionProperties) = preSolution
		HideSolutionNode = FALSE
	EndGlobalSection
	GlobalSection(ExtensibilityGlobals) = postSolution
		SolutionGuid = {7EFDF5AC-4D67-47F0-BA20-395AC9E897F9}
	EndGlobalSection
EndGlobal
