Microsoft Visual Studio Solution File, Format Version 12.00
# Visual Studio Version 17
VisualStudioVersion = 17.5.2.0
MinimumVisualStudioVersion = 10.0.40219.1
Project("{FAE04EC0-301F-11D3-BF4B-00C04F79EFBC}") = "Caliburn.Micro.UWP", "Caliburn.Micro.UWP.csproj", "{99BFB856-0D86-BF33-74BA-7BE0F6C11912}"
EndProject
Global
	GlobalSection(SolutionConfigurationPlatforms) = preSolution
		Debug|Any CPU = Debug|Any CPU
		Release|Any CPU = Release|Any CPU
	EndGlobalSection
	GlobalSection(ProjectConfigurationPlatforms) = postSolution
		{99BFB856-0D86-BF33-74BA-7BE0F6C11912}.Debug|Any CPU.ActiveCfg = Debug|Any CPU
		{99BFB856-0D86-BF33-74BA-7BE0F6C11912}.Debug|Any CPU.Build.0 = Debug|Any CPU
		{99BFB856-0D86-BF33-74BA-7BE0F6C11912}.Release|Any CPU.ActiveCfg = Release|Any CPU
		{99BFB856-0D86-BF33-74BA-7BE0F6C11912}.Release|Any CPU.Build.0 = Release|Any CPU
	EndGlobalSection
	GlobalSection(SolutionProperties) = preSolution
		HideSolutionNode = FALSE
	EndGlobalSection
	GlobalSection(ExtensibilityGlobals) = postSolution
		SolutionGuid = {D1E2F95F-1353-4A1D-9304-2DF4C4F13C76}
	EndGlobalSection
EndGlobal
