
Microsoft Visual Studio Solution File, Format Version 11.00
# Visual Studio 2010
Project("{FAE04EC0-301F-11D3-BF4B-00C04F79EFBC}") = "Caliburn.Micro.HelloScreens", "Caliburn.Micro.HelloScreens\Caliburn.Micro.HelloScreens.csproj", "{FE5DC5CB-D16A-4A4C-A0E5-92CB9C55C94D}"
EndProject
Global
	GlobalSection(SolutionConfigurationPlatforms) = preSolution
		Debug|Any CPU = Debug|Any CPU
		Release|Any CPU = Release|Any CPU
	EndGlobalSection
	GlobalSection(ProjectConfigurationPlatforms) = postSolution
		{FE5DC5CB-D16A-4A4C-A0E5-92CB9C55C94D}.Debug|Any CPU.ActiveCfg = Debug|Any CPU
		{FE5DC5CB-D16A-4A4C-A0E5-92CB9C55C94D}.Debug|Any CPU.Build.0 = Debug|Any CPU
		{FE5DC5CB-D16A-4A4C-A0E5-92CB9C55C94D}.Release|Any CPU.ActiveCfg = Release|Any CPU
		{FE5DC5CB-D16A-4A4C-A0E5-92CB9C55C94D}.Release|Any CPU.Build.0 = Release|Any CPU
	EndGlobalSection
	GlobalSection(SolutionProperties) = preSolution
		HideSolutionNode = FALSE
	EndGlobalSection
EndGlobal
