
Microsoft Visual Studio Solution File, Format Version 11.00
# Visual Studio 2010
Project("{FAE04EC0-301F-11D3-BF4B-00C04F79EFBC}") = "Caliburn.Micro.Coroutines", "Caliburn.Micro.Coroutines\Caliburn.Micro.Coroutines.csproj", "{A7C0657A-0B1D-4E72-97A1-E616A9E07D56}"
EndProject
Project("{FAE04EC0-301F-11D3-BF4B-00C04F79EFBC}") = "Host", "Host\Host.csproj", "{71B3BB3D-2B4F-4A3F-A0F9-8F697EE6054D}"
EndProject
Project("{FAE04EC0-301F-11D3-BF4B-00C04F79EFBC}") = "Caliburn.Micro.Coroutines.External", "Caliburn.Micro.Coroutines.External\Caliburn.Micro.Coroutines.External.csproj", "{2400BC51-BF6A-4225-80A6-BC639ED73033}"
EndProject
Global
	GlobalSection(SolutionConfigurationPlatforms) = preSolution
		Debug|Any CPU = Debug|Any CPU
		Release|Any CPU = Release|Any CPU
	EndGlobalSection
	GlobalSection(ProjectConfigurationPlatforms) = postSolution
		{A7C0657A-0B1D-4E72-97A1-E616A9E07D56}.Debug|Any CPU.ActiveCfg = Debug|Any CPU
		{A7C0657A-0B1D-4E72-97A1-E616A9E07D56}.Debug|Any CPU.Build.0 = Debug|Any CPU
		{A7C0657A-0B1D-4E72-97A1-E616A9E07D56}.Release|Any CPU.ActiveCfg = Release|Any CPU
		{A7C0657A-0B1D-4E72-97A1-E616A9E07D56}.Release|Any CPU.Build.0 = Release|Any CPU
		{71B3BB3D-2B4F-4A3F-A0F9-8F697EE6054D}.Debug|Any CPU.ActiveCfg = Debug|Any CPU
		{71B3BB3D-2B4F-4A3F-A0F9-8F697EE6054D}.Debug|Any CPU.Build.0 = Debug|Any CPU
		{71B3BB3D-2B4F-4A3F-A0F9-8F697EE6054D}.Release|Any CPU.ActiveCfg = Release|Any CPU
		{71B3BB3D-2B4F-4A3F-A0F9-8F697EE6054D}.Release|Any CPU.Build.0 = Release|Any CPU
		{2400BC51-BF6A-4225-80A6-BC639ED73033}.Debug|Any CPU.ActiveCfg = Debug|Any CPU
		{2400BC51-BF6A-4225-80A6-BC639ED73033}.Debug|Any CPU.Build.0 = Debug|Any CPU
		{2400BC51-BF6A-4225-80A6-BC639ED73033}.Release|Any CPU.ActiveCfg = Release|Any CPU
		{2400BC51-BF6A-4225-80A6-BC639ED73033}.Release|Any CPU.Build.0 = Release|Any CPU
	EndGlobalSection
	GlobalSection(SolutionProperties) = preSolution
		HideSolutionNode = FALSE
	EndGlobalSection
EndGlobal
