
Microsoft Visual Studio Solution File, Format Version 12.00
# Visual Studio 14
VisualStudioVersion = 14.0.24720.0
MinimumVisualStudioVersion = 10.0.40219.1
Project("{FAE04EC0-301F-11D3-BF4B-00C04F79EFBC}") = "Hello.Forms", "Hello.Forms\Hello.Forms\Hello.Forms.csproj", "{A86041ED-3839-4570-9252-CF76C3552A3A}"
EndProject
Project("{FAE04EC0-301F-11D3-BF4B-00C04F79EFBC}") = "Hello.Forms.iOS", "Hello.Forms\Hello.Forms.iOS\Hello.Forms.iOS.csproj", "{D076E9B6-31A6-4100-9FED-25D21EA93271}"
EndProject
Project("{FAE04EC0-301F-11D3-BF4B-00C04F79EFBC}") = "Hello.Forms.Droid", "Hello.Forms\Hello.Forms.Droid\Hello.Forms.Droid.csproj", "{4CF53E06-4B83-43D8-9242-807F210B7170}"
EndProject
Project("{FAE04EC0-301F-11D3-BF4B-00C04F79EFBC}") = "Hello.Forms.WinPhone", "Hello.Forms\Hello.Forms.WinPhone\Hello.Forms.WinPhone.csproj", "{8F6C732D-BBF6-4E4D-B57E-7EA870FFF130}"
EndProject
Global
	GlobalSection(SolutionConfigurationPlatforms) = preSolution
		Ad-Hoc|Any CPU = Ad-Hoc|Any CPU
		Ad-Hoc|ARM = Ad-Hoc|ARM
		Ad-Hoc|iPhone = Ad-Hoc|iPhone
		Ad-Hoc|iPhoneSimulator = Ad-Hoc|iPhoneSimulator
		Ad-Hoc|Mixed Platforms = Ad-Hoc|Mixed Platforms
		Ad-Hoc|x86 = Ad-Hoc|x86
		AppStore|Any CPU = AppStore|Any CPU
		AppStore|ARM = AppStore|ARM
		AppStore|iPhone = AppStore|iPhone
		AppStore|iPhoneSimulator = AppStore|iPhoneSimulator
		AppStore|Mixed Platforms = AppStore|Mixed Platforms
		AppStore|x86 = AppStore|x86
		Debug|Any CPU = Debug|Any CPU
		Debug|ARM = Debug|ARM
		Debug|iPhone = Debug|iPhone
		Debug|iPhoneSimulator = Debug|iPhoneSimulator
		Debug|Mixed Platforms = Debug|Mixed Platforms
		Debug|x86 = Debug|x86
		Release|Any CPU = Release|Any CPU
		Release|ARM = Release|ARM
		Release|iPhone = Release|iPhone
		Release|iPhoneSimulator = Release|iPhoneSimulator
		Release|Mixed Platforms = Release|Mixed Platforms
		Release|x86 = Release|x86
	EndGlobalSection
	GlobalSection(ProjectConfigurationPlatforms) = postSolution
		{A86041ED-3839-4570-9252-CF76C3552A3A}.Ad-Hoc|Any CPU.ActiveCfg = Release|Any CPU
		{A86041ED-3839-4570-9252-CF76C3552A3A}.Ad-Hoc|Any CPU.Build.0 = Release|Any CPU
		{A86041ED-3839-4570-9252-CF76C3552A3A}.Ad-Hoc|ARM.ActiveCfg = Release|Any CPU
		{A86041ED-3839-4570-9252-CF76C3552A3A}.Ad-Hoc|iPhone.ActiveCfg = Release|Any CPU
		{A86041ED-3839-4570-9252-CF76C3552A3A}.Ad-Hoc|iPhoneSimulator.ActiveCfg = Release|Any CPU
		{A86041ED-3839-4570-9252-CF76C3552A3A}.Ad-Hoc|Mixed Platforms.ActiveCfg = Release|Any CPU
		{A86041ED-3839-4570-9252-CF76C3552A3A}.Ad-Hoc|Mixed Platforms.Build.0 = Release|Any CPU
		{A86041ED-3839-4570-9252-CF76C3552A3A}.Ad-Hoc|x86.ActiveCfg = Release|Any CPU
		{A86041ED-3839-4570-9252-CF76C3552A3A}.AppStore|Any CPU.ActiveCfg = Release|Any CPU
		{A86041ED-3839-4570-9252-CF76C3552A3A}.AppStore|Any CPU.Build.0 = Release|Any CPU
		{A86041ED-3839-4570-9252-CF76C3552A3A}.AppStore|ARM.ActiveCfg = Release|Any CPU
		{A86041ED-3839-4570-9252-CF76C3552A3A}.AppStore|iPhone.ActiveCfg = Release|Any CPU
		{A86041ED-3839-4570-9252-CF76C3552A3A}.AppStore|iPhoneSimulator.ActiveCfg = Release|Any CPU
		{A86041ED-3839-4570-9252-CF76C3552A3A}.AppStore|Mixed Platforms.ActiveCfg = Release|Any CPU
		{A86041ED-3839-4570-9252-CF76C3552A3A}.AppStore|Mixed Platforms.Build.0 = Release|Any CPU
		{A86041ED-3839-4570-9252-CF76C3552A3A}.AppStore|x86.ActiveCfg = Release|Any CPU
		{A86041ED-3839-4570-9252-CF76C3552A3A}.Debug|Any CPU.ActiveCfg = Debug|Any CPU
		{A86041ED-3839-4570-9252-CF76C3552A3A}.Debug|Any CPU.Build.0 = Debug|Any CPU
		{A86041ED-3839-4570-9252-CF76C3552A3A}.Debug|ARM.ActiveCfg = Debug|Any CPU
		{A86041ED-3839-4570-9252-CF76C3552A3A}.Debug|iPhone.ActiveCfg = Debug|Any CPU
		{A86041ED-3839-4570-9252-CF76C3552A3A}.Debug|iPhoneSimulator.ActiveCfg = Debug|Any CPU
		{A86041ED-3839-4570-9252-CF76C3552A3A}.Debug|iPhoneSimulator.Build.0 = Debug|Any CPU
		{A86041ED-3839-4570-9252-CF76C3552A3A}.Debug|Mixed Platforms.ActiveCfg = Debug|Any CPU
		{A86041ED-3839-4570-9252-CF76C3552A3A}.Debug|Mixed Platforms.Build.0 = Debug|Any CPU
		{A86041ED-3839-4570-9252-CF76C3552A3A}.Debug|x86.ActiveCfg = Debug|Any CPU
		{A86041ED-3839-4570-9252-CF76C3552A3A}.Release|Any CPU.ActiveCfg = Release|Any CPU
		{A86041ED-3839-4570-9252-CF76C3552A3A}.Release|Any CPU.Build.0 = Release|Any CPU
		{A86041ED-3839-4570-9252-CF76C3552A3A}.Release|ARM.ActiveCfg = Release|Any CPU
		{A86041ED-3839-4570-9252-CF76C3552A3A}.Release|iPhone.ActiveCfg = Release|Any CPU
		{A86041ED-3839-4570-9252-CF76C3552A3A}.Release|iPhoneSimulator.ActiveCfg = Release|Any CPU
		{A86041ED-3839-4570-9252-CF76C3552A3A}.Release|Mixed Platforms.ActiveCfg = Release|Any CPU
		{A86041ED-3839-4570-9252-CF76C3552A3A}.Release|Mixed Platforms.Build.0 = Release|Any CPU
		{A86041ED-3839-4570-9252-CF76C3552A3A}.Release|x86.ActiveCfg = Release|Any CPU
		{D076E9B6-31A6-4100-9FED-25D21EA93271}.Ad-Hoc|Any CPU.ActiveCfg = Ad-Hoc|iPhone
		{D076E9B6-31A6-4100-9FED-25D21EA93271}.Ad-Hoc|ARM.ActiveCfg = Ad-Hoc|iPhone
		{D076E9B6-31A6-4100-9FED-25D21EA93271}.Ad-Hoc|iPhone.ActiveCfg = Ad-Hoc|iPhone
		{D076E9B6-31A6-4100-9FED-25D21EA93271}.Ad-Hoc|iPhone.Build.0 = Ad-Hoc|iPhone
		{D076E9B6-31A6-4100-9FED-25D21EA93271}.Ad-Hoc|iPhoneSimulator.ActiveCfg = Ad-Hoc|iPhoneSimulator
		{D076E9B6-31A6-4100-9FED-25D21EA93271}.Ad-Hoc|iPhoneSimulator.Build.0 = Ad-Hoc|iPhoneSimulator
		{D076E9B6-31A6-4100-9FED-25D21EA93271}.Ad-Hoc|Mixed Platforms.ActiveCfg = Ad-Hoc|iPhone
		{D076E9B6-31A6-4100-9FED-25D21EA93271}.Ad-Hoc|Mixed Platforms.Build.0 = Ad-Hoc|iPhone
		{D076E9B6-31A6-4100-9FED-25D21EA93271}.Ad-Hoc|x86.ActiveCfg = Ad-Hoc|iPhone
		{D076E9B6-31A6-4100-9FED-25D21EA93271}.AppStore|Any CPU.ActiveCfg = AppStore|iPhone
		{D076E9B6-31A6-4100-9FED-25D21EA93271}.AppStore|ARM.ActiveCfg = AppStore|iPhone
		{D076E9B6-31A6-4100-9FED-25D21EA93271}.AppStore|iPhone.ActiveCfg = AppStore|iPhone
		{D076E9B6-31A6-4100-9FED-25D21EA93271}.AppStore|iPhone.Build.0 = AppStore|iPhone
		{D076E9B6-31A6-4100-9FED-25D21EA93271}.AppStore|iPhoneSimulator.ActiveCfg = AppStore|iPhoneSimulator
		{D076E9B6-31A6-4100-9FED-25D21EA93271}.AppStore|iPhoneSimulator.Build.0 = AppStore|iPhoneSimulator
		{D076E9B6-31A6-4100-9FED-25D21EA93271}.AppStore|Mixed Platforms.ActiveCfg = AppStore|iPhone
		{D076E9B6-31A6-4100-9FED-25D21EA93271}.AppStore|Mixed Platforms.Build.0 = AppStore|iPhone
		{D076E9B6-31A6-4100-9FED-25D21EA93271}.AppStore|x86.ActiveCfg = AppStore|iPhone
		{D076E9B6-31A6-4100-9FED-25D21EA93271}.Debug|Any CPU.ActiveCfg = Debug|iPhoneSimulator
		{D076E9B6-31A6-4100-9FED-25D21EA93271}.Debug|Any CPU.Build.0 = Debug|iPhoneSimulator
		{D076E9B6-31A6-4100-9FED-25D21EA93271}.Debug|ARM.ActiveCfg = Debug|iPhone
		{D076E9B6-31A6-4100-9FED-25D21EA93271}.Debug|iPhone.ActiveCfg = Debug|iPhone
		{D076E9B6-31A6-4100-9FED-25D21EA93271}.Debug|iPhone.Build.0 = Debug|iPhone
		{D076E9B6-31A6-4100-9FED-25D21EA93271}.Debug|iPhoneSimulator.ActiveCfg = Debug|iPhoneSimulator
		{D076E9B6-31A6-4100-9FED-25D21EA93271}.Debug|iPhoneSimulator.Build.0 = Debug|iPhoneSimulator
		{D076E9B6-31A6-4100-9FED-25D21EA93271}.Debug|Mixed Platforms.ActiveCfg = Debug|iPhone
		{D076E9B6-31A6-4100-9FED-25D21EA93271}.Debug|Mixed Platforms.Build.0 = Debug|iPhone
		{D076E9B6-31A6-4100-9FED-25D21EA93271}.Debug|x86.ActiveCfg = Debug|iPhone
		{D076E9B6-31A6-4100-9FED-25D21EA93271}.Release|Any CPU.ActiveCfg = Release|iPhone
		{D076E9B6-31A6-4100-9FED-25D21EA93271}.Release|ARM.ActiveCfg = Release|iPhone
		{D076E9B6-31A6-4100-9FED-25D21EA93271}.Release|iPhone.ActiveCfg = Release|iPhone
		{D076E9B6-31A6-4100-9FED-25D21EA93271}.Release|iPhone.Build.0 = Release|iPhone
		{D076E9B6-31A6-4100-9FED-25D21EA93271}.Release|iPhoneSimulator.ActiveCfg = Release|iPhoneSimulator
		{D076E9B6-31A6-4100-9FED-25D21EA93271}.Release|iPhoneSimulator.Build.0 = Release|iPhoneSimulator
		{D076E9B6-31A6-4100-9FED-25D21EA93271}.Release|Mixed Platforms.ActiveCfg = Release|iPhone
		{D076E9B6-31A6-4100-9FED-25D21EA93271}.Release|Mixed Platforms.Build.0 = Release|iPhone
		{D076E9B6-31A6-4100-9FED-25D21EA93271}.Release|x86.ActiveCfg = Release|iPhone
		{4CF53E06-4B83-43D8-9242-807F210B7170}.Ad-Hoc|Any CPU.ActiveCfg = Release|Any CPU
		{4CF53E06-4B83-43D8-9242-807F210B7170}.Ad-Hoc|Any CPU.Build.0 = Release|Any CPU
		{4CF53E06-4B83-43D8-9242-807F210B7170}.Ad-Hoc|Any CPU.Deploy.0 = Release|Any CPU
		{4CF53E06-4B83-43D8-9242-807F210B7170}.Ad-Hoc|ARM.ActiveCfg = Release|Any CPU
		{4CF53E06-4B83-43D8-9242-807F210B7170}.Ad-Hoc|iPhone.ActiveCfg = Release|Any CPU
		{4CF53E06-4B83-43D8-9242-807F210B7170}.Ad-Hoc|iPhoneSimulator.ActiveCfg = Release|Any CPU
		{4CF53E06-4B83-43D8-9242-807F210B7170}.Ad-Hoc|Mixed Platforms.ActiveCfg = Release|Any CPU
		{4CF53E06-4B83-43D8-9242-807F210B7170}.Ad-Hoc|Mixed Platforms.Build.0 = Release|Any CPU
		{4CF53E06-4B83-43D8-9242-807F210B7170}.Ad-Hoc|Mixed Platforms.Deploy.0 = Release|Any CPU
		{4CF53E06-4B83-43D8-9242-807F210B7170}.Ad-Hoc|x86.ActiveCfg = Release|Any CPU
		{4CF53E06-4B83-43D8-9242-807F210B7170}.AppStore|Any CPU.ActiveCfg = Release|Any CPU
		{4CF53E06-4B83-43D8-9242-807F210B7170}.AppStore|Any CPU.Build.0 = Release|Any CPU
		{4CF53E06-4B83-43D8-9242-807F210B7170}.AppStore|Any CPU.Deploy.0 = Release|Any CPU
		{4CF53E06-4B83-43D8-9242-807F210B7170}.AppStore|ARM.ActiveCfg = Release|Any CPU
		{4CF53E06-4B83-43D8-9242-807F210B7170}.AppStore|iPhone.ActiveCfg = Release|Any CPU
		{4CF53E06-4B83-43D8-9242-807F210B7170}.AppStore|iPhoneSimulator.ActiveCfg = Release|Any CPU
		{4CF53E06-4B83-43D8-9242-807F210B7170}.AppStore|Mixed Platforms.ActiveCfg = Release|Any CPU
		{4CF53E06-4B83-43D8-9242-807F210B7170}.AppStore|Mixed Platforms.Build.0 = Release|Any CPU
		{4CF53E06-4B83-43D8-9242-807F210B7170}.AppStore|Mixed Platforms.Deploy.0 = Release|Any CPU
		{4CF53E06-4B83-43D8-9242-807F210B7170}.AppStore|x86.ActiveCfg = Release|Any CPU
		{4CF53E06-4B83-43D8-9242-807F210B7170}.Debug|Any CPU.ActiveCfg = Debug|Any CPU
		{4CF53E06-4B83-43D8-9242-807F210B7170}.Debug|Any CPU.Build.0 = Debug|Any CPU
		{4CF53E06-4B83-43D8-9242-807F210B7170}.Debug|Any CPU.Deploy.0 = Debug|Any CPU
		{4CF53E06-4B83-43D8-9242-807F210B7170}.Debug|ARM.ActiveCfg = Debug|Any CPU
		{4CF53E06-4B83-43D8-9242-807F210B7170}.Debug|iPhone.ActiveCfg = Debug|Any CPU
		{4CF53E06-4B83-43D8-9242-807F210B7170}.Debug|iPhoneSimulator.ActiveCfg = Debug|Any CPU
		{4CF53E06-4B83-43D8-9242-807F210B7170}.Debug|iPhoneSimulator.Build.0 = Debug|Any CPU
		{4CF53E06-4B83-43D8-9242-807F210B7170}.Debug|Mixed Platforms.ActiveCfg = Debug|Any CPU
		{4CF53E06-4B83-43D8-9242-807F210B7170}.Debug|Mixed Platforms.Build.0 = Debug|Any CPU
		{4CF53E06-4B83-43D8-9242-807F210B7170}.Debug|Mixed Platforms.Deploy.0 = Debug|Any CPU
		{4CF53E06-4B83-43D8-9242-807F210B7170}.Debug|x86.ActiveCfg = Debug|Any CPU
		{4CF53E06-4B83-43D8-9242-807F210B7170}.Release|Any CPU.ActiveCfg = Release|Any CPU
		{4CF53E06-4B83-43D8-9242-807F210B7170}.Release|Any CPU.Build.0 = Release|Any CPU
		{4CF53E06-4B83-43D8-9242-807F210B7170}.Release|Any CPU.Deploy.0 = Release|Any CPU
		{4CF53E06-4B83-43D8-9242-807F210B7170}.Release|ARM.ActiveCfg = Release|Any CPU
		{4CF53E06-4B83-43D8-9242-807F210B7170}.Release|iPhone.ActiveCfg = Release|Any CPU
		{4CF53E06-4B83-43D8-9242-807F210B7170}.Release|iPhoneSimulator.ActiveCfg = Release|Any CPU
		{4CF53E06-4B83-43D8-9242-807F210B7170}.Release|Mixed Platforms.ActiveCfg = Release|Any CPU
		{4CF53E06-4B83-43D8-9242-807F210B7170}.Release|Mixed Platforms.Build.0 = Release|Any CPU
		{4CF53E06-4B83-43D8-9242-807F210B7170}.Release|Mixed Platforms.Deploy.0 = Release|Any CPU
		{4CF53E06-4B83-43D8-9242-807F210B7170}.Release|x86.ActiveCfg = Release|Any CPU
		{8F6C732D-BBF6-4E4D-B57E-7EA870FFF130}.Ad-Hoc|Any CPU.ActiveCfg = Release|Any CPU
		{8F6C732D-BBF6-4E4D-B57E-7EA870FFF130}.Ad-Hoc|Any CPU.Build.0 = Release|Any CPU
		{8F6C732D-BBF6-4E4D-B57E-7EA870FFF130}.Ad-Hoc|Any CPU.Deploy.0 = Release|Any CPU
		{8F6C732D-BBF6-4E4D-B57E-7EA870FFF130}.Ad-Hoc|ARM.ActiveCfg = Release|ARM
		{8F6C732D-BBF6-4E4D-B57E-7EA870FFF130}.Ad-Hoc|ARM.Build.0 = Release|ARM
		{8F6C732D-BBF6-4E4D-B57E-7EA870FFF130}.Ad-Hoc|ARM.Deploy.0 = Release|ARM
		{8F6C732D-BBF6-4E4D-B57E-7EA870FFF130}.Ad-Hoc|iPhone.ActiveCfg = Release|Any CPU
		{8F6C732D-BBF6-4E4D-B57E-7EA870FFF130}.Ad-Hoc|iPhoneSimulator.ActiveCfg = Release|Any CPU
		{8F6C732D-BBF6-4E4D-B57E-7EA870FFF130}.Ad-Hoc|Mixed Platforms.ActiveCfg = Release|x86
		{8F6C732D-BBF6-4E4D-B57E-7EA870FFF130}.Ad-Hoc|Mixed Platforms.Build.0 = Release|x86
		{8F6C732D-BBF6-4E4D-B57E-7EA870FFF130}.Ad-Hoc|Mixed Platforms.Deploy.0 = Release|x86
		{8F6C732D-BBF6-4E4D-B57E-7EA870FFF130}.Ad-Hoc|x86.ActiveCfg = Release|x86
		{8F6C732D-BBF6-4E4D-B57E-7EA870FFF130}.Ad-Hoc|x86.Build.0 = Release|x86
		{8F6C732D-BBF6-4E4D-B57E-7EA870FFF130}.Ad-Hoc|x86.Deploy.0 = Release|x86
		{8F6C732D-BBF6-4E4D-B57E-7EA870FFF130}.AppStore|Any CPU.ActiveCfg = Release|Any CPU
		{8F6C732D-BBF6-4E4D-B57E-7EA870FFF130}.AppStore|Any CPU.Build.0 = Release|Any CPU
		{8F6C732D-BBF6-4E4D-B57E-7EA870FFF130}.AppStore|Any CPU.Deploy.0 = Release|Any CPU
		{8F6C732D-BBF6-4E4D-B57E-7EA870FFF130}.AppStore|ARM.ActiveCfg = Release|ARM
		{8F6C732D-BBF6-4E4D-B57E-7EA870FFF130}.AppStore|ARM.Build.0 = Release|ARM
		{8F6C732D-BBF6-4E4D-B57E-7EA870FFF130}.AppStore|ARM.Deploy.0 = Release|ARM
		{8F6C732D-BBF6-4E4D-B57E-7EA870FFF130}.AppStore|iPhone.ActiveCfg = Release|Any CPU
		{8F6C732D-BBF6-4E4D-B57E-7EA870FFF130}.AppStore|iPhoneSimulator.ActiveCfg = Release|Any CPU
		{8F6C732D-BBF6-4E4D-B57E-7EA870FFF130}.AppStore|Mixed Platforms.ActiveCfg = Release|x86
		{8F6C732D-BBF6-4E4D-B57E-7EA870FFF130}.AppStore|Mixed Platforms.Build.0 = Release|x86
		{8F6C732D-BBF6-4E4D-B57E-7EA870FFF130}.AppStore|Mixed Platforms.Deploy.0 = Release|x86
		{8F6C732D-BBF6-4E4D-B57E-7EA870FFF130}.AppStore|x86.ActiveCfg = Release|x86
		{8F6C732D-BBF6-4E4D-B57E-7EA870FFF130}.AppStore|x86.Build.0 = Release|x86
		{8F6C732D-BBF6-4E4D-B57E-7EA870FFF130}.AppStore|x86.Deploy.0 = Release|x86
		{8F6C732D-BBF6-4E4D-B57E-7EA870FFF130}.Debug|Any CPU.ActiveCfg = Debug|Any CPU
		{8F6C732D-BBF6-4E4D-B57E-7EA870FFF130}.Debug|Any CPU.Build.0 = Debug|Any CPU
		{8F6C732D-BBF6-4E4D-B57E-7EA870FFF130}.Debug|Any CPU.Deploy.0 = Debug|Any CPU
		{8F6C732D-BBF6-4E4D-B57E-7EA870FFF130}.Debug|ARM.ActiveCfg = Debug|ARM
		{8F6C732D-BBF6-4E4D-B57E-7EA870FFF130}.Debug|ARM.Build.0 = Debug|ARM
		{8F6C732D-BBF6-4E4D-B57E-7EA870FFF130}.Debug|ARM.Deploy.0 = Debug|ARM
		{8F6C732D-BBF6-4E4D-B57E-7EA870FFF130}.Debug|iPhone.ActiveCfg = Debug|Any CPU
		{8F6C732D-BBF6-4E4D-B57E-7EA870FFF130}.Debug|iPhoneSimulator.ActiveCfg = Debug|Any CPU
		{8F6C732D-BBF6-4E4D-B57E-7EA870FFF130}.Debug|iPhoneSimulator.Build.0 = Debug|Any CPU
		{8F6C732D-BBF6-4E4D-B57E-7EA870FFF130}.Debug|Mixed Platforms.ActiveCfg = Debug|x86
		{8F6C732D-BBF6-4E4D-B57E-7EA870FFF130}.Debug|Mixed Platforms.Build.0 = Debug|x86
		{8F6C732D-BBF6-4E4D-B57E-7EA870FFF130}.Debug|Mixed Platforms.Deploy.0 = Debug|x86
		{8F6C732D-BBF6-4E4D-B57E-7EA870FFF130}.Debug|x86.ActiveCfg = Debug|x86
		{8F6C732D-BBF6-4E4D-B57E-7EA870FFF130}.Debug|x86.Build.0 = Debug|x86
		{8F6C732D-BBF6-4E4D-B57E-7EA870FFF130}.Debug|x86.Deploy.0 = Debug|x86
		{8F6C732D-BBF6-4E4D-B57E-7EA870FFF130}.Release|Any CPU.ActiveCfg = Release|Any CPU
		{8F6C732D-BBF6-4E4D-B57E-7EA870FFF130}.Release|Any CPU.Build.0 = Release|Any CPU
		{8F6C732D-BBF6-4E4D-B57E-7EA870FFF130}.Release|Any CPU.Deploy.0 = Release|Any CPU
		{8F6C732D-BBF6-4E4D-B57E-7EA870FFF130}.Release|ARM.ActiveCfg = Release|ARM
		{8F6C732D-BBF6-4E4D-B57E-7EA870FFF130}.Release|ARM.Build.0 = Release|ARM
		{8F6C732D-BBF6-4E4D-B57E-7EA870FFF130}.Release|ARM.Deploy.0 = Release|ARM
		{8F6C732D-BBF6-4E4D-B57E-7EA870FFF130}.Release|iPhone.ActiveCfg = Release|Any CPU
		{8F6C732D-BBF6-4E4D-B57E-7EA870FFF130}.Release|iPhoneSimulator.ActiveCfg = Release|Any CPU
		{8F6C732D-BBF6-4E4D-B57E-7EA870FFF130}.Release|Mixed Platforms.ActiveCfg = Release|x86
		{8F6C732D-BBF6-4E4D-B57E-7EA870FFF130}.Release|Mixed Platforms.Build.0 = Release|x86
		{8F6C732D-BBF6-4E4D-B57E-7EA870FFF130}.Release|Mixed Platforms.Deploy.0 = Release|x86
		{8F6C732D-BBF6-4E4D-B57E-7EA870FFF130}.Release|x86.ActiveCfg = Release|x86
		{8F6C732D-BBF6-4E4D-B57E-7EA870FFF130}.Release|x86.Build.0 = Release|x86
		{8F6C732D-BBF6-4E4D-B57E-7EA870FFF130}.Release|x86.Deploy.0 = Release|x86
	EndGlobalSection
	GlobalSection(SolutionProperties) = preSolution
		HideSolutionNode = FALSE
	EndGlobalSection
EndGlobal
