
Microsoft Visual Studio Solution File, Format Version 11.00
# Visual Studio 2010
Project("{FAE04EC0-301F-11D3-BF4B-00C04F79EFBC}") = "GameLibrary", "GameLibrary\GameLibrary.csproj", "{477DEB3C-8B90-4C0D-9A3D-2644F123A84C}"
EndProject
Global
	GlobalSection(SolutionConfigurationPlatforms) = preSolution
		Debug|Any CPU = Debug|Any CPU
		Release|Any CPU = Release|Any CPU
	EndGlobalSection
	GlobalSection(ProjectConfigurationPlatforms) = postSolution
		{477DEB3C-8B90-4C0D-9A3D-2644F123A84C}.Debug|Any CPU.ActiveCfg = Debug|Any CPU
		{477DEB3C-8B90-4C0D-9A3D-2644F123A84C}.Debug|Any CPU.Build.0 = Debug|Any CPU
		{477DEB3C-8B90-4C0D-9A3D-2644F123A84C}.Release|Any CPU.ActiveCfg = Release|Any CPU
		{477DEB3C-8B90-4C0D-9A3D-2644F123A84C}.Release|Any CPU.Build.0 = Release|Any CPU
	EndGlobalSection
	GlobalSection(SolutionProperties) = preSolution
		HideSolutionNode = FALSE
	EndGlobalSection
EndGlobal
