
Microsoft Visual Studio Solution File, Format Version 12.00
# Visual Studio 2013
VisualStudioVersion = 12.0.20827.3
MinimumVisualStudioVersion = 10.0.40219.1
Project("{FAE04EC0-301F-11D3-BF4B-00C04F79EFBC}") = "Caliburn.Micro.WinRT81", "Caliburn.Micro.WinRT81\Caliburn.Micro.WinRT81.csproj", "{73A34351-FB6A-489E-82DC-5790AF7693E3}"
EndProject
Project("{FAE04EC0-301F-11D3-BF4B-00C04F79EFBC}") = "Caliburn.Micro.WinRT81.Extensions", "Caliburn.Micro.WinRT81.Extensions\Caliburn.Micro.WinRT81.Extensions.csproj", "{F85A33A3-89B4-415B-8232-7B097815DE1F}"
EndProject
Global
	GlobalSection(SolutionConfigurationPlatforms) = preSolution
		Debug|Any CPU = Debug|Any CPU
		Debug|ARM = Debug|ARM
		Debug|x64 = Debug|x64
		Debug|x86 = Debug|x86
		Release|Any CPU = Release|Any CPU
		Release|ARM = Release|ARM
		Release|x64 = Release|x64
		Release|x86 = Release|x86
	EndGlobalSection
	GlobalSection(ProjectConfigurationPlatforms) = postSolution
		{73A34351-FB6A-489E-82DC-5790AF7693E3}.Debug|Any CPU.ActiveCfg = Debug|Any CPU
		{73A34351-FB6A-489E-82DC-5790AF7693E3}.Debug|Any CPU.Build.0 = Debug|Any CPU
		{73A34351-FB6A-489E-82DC-5790AF7693E3}.Debug|ARM.ActiveCfg = Debug|ARM
		{73A34351-FB6A-489E-82DC-5790AF7693E3}.Debug|ARM.Build.0 = Debug|ARM
		{73A34351-FB6A-489E-82DC-5790AF7693E3}.Debug|x64.ActiveCfg = Debug|x64
		{73A34351-FB6A-489E-82DC-5790AF7693E3}.Debug|x64.Build.0 = Debug|x64
		{73A34351-FB6A-489E-82DC-5790AF7693E3}.Debug|x86.ActiveCfg = Debug|x86
		{73A34351-FB6A-489E-82DC-5790AF7693E3}.Debug|x86.Build.0 = Debug|x86
		{73A34351-FB6A-489E-82DC-5790AF7693E3}.Release|Any CPU.ActiveCfg = Release|Any CPU
		{73A34351-FB6A-489E-82DC-5790AF7693E3}.Release|Any CPU.Build.0 = Release|Any CPU
		{73A34351-FB6A-489E-82DC-5790AF7693E3}.Release|ARM.ActiveCfg = Release|ARM
		{73A34351-FB6A-489E-82DC-5790AF7693E3}.Release|ARM.Build.0 = Release|ARM
		{73A34351-FB6A-489E-82DC-5790AF7693E3}.Release|x64.ActiveCfg = Release|x64
		{73A34351-FB6A-489E-82DC-5790AF7693E3}.Release|x64.Build.0 = Release|x64
		{73A34351-FB6A-489E-82DC-5790AF7693E3}.Release|x86.ActiveCfg = Release|x86
		{73A34351-FB6A-489E-82DC-5790AF7693E3}.Release|x86.Build.0 = Release|x86
		{F85A33A3-89B4-415B-8232-7B097815DE1F}.Debug|Any CPU.ActiveCfg = Debug|Any CPU
		{F85A33A3-89B4-415B-8232-7B097815DE1F}.Debug|Any CPU.Build.0 = Debug|Any CPU
		{F85A33A3-89B4-415B-8232-7B097815DE1F}.Debug|ARM.ActiveCfg = Debug|ARM
		{F85A33A3-89B4-415B-8232-7B097815DE1F}.Debug|ARM.Build.0 = Debug|ARM
		{F85A33A3-89B4-415B-8232-7B097815DE1F}.Debug|x64.ActiveCfg = Debug|x64
		{F85A33A3-89B4-415B-8232-7B097815DE1F}.Debug|x64.Build.0 = Debug|x64
		{F85A33A3-89B4-415B-8232-7B097815DE1F}.Debug|x86.ActiveCfg = Debug|x86
		{F85A33A3-89B4-415B-8232-7B097815DE1F}.Debug|x86.Build.0 = Debug|x86
		{F85A33A3-89B4-415B-8232-7B097815DE1F}.Release|Any CPU.ActiveCfg = Release|Any CPU
		{F85A33A3-89B4-415B-8232-7B097815DE1F}.Release|Any CPU.Build.0 = Release|Any CPU
		{F85A33A3-89B4-415B-8232-7B097815DE1F}.Release|ARM.ActiveCfg = Release|ARM
		{F85A33A3-89B4-415B-8232-7B097815DE1F}.Release|ARM.Build.0 = Release|ARM
		{F85A33A3-89B4-415B-8232-7B097815DE1F}.Release|x64.ActiveCfg = Release|x64
		{F85A33A3-89B4-415B-8232-7B097815DE1F}.Release|x64.Build.0 = Release|x64
		{F85A33A3-89B4-415B-8232-7B097815DE1F}.Release|x86.ActiveCfg = Release|x86
		{F85A33A3-89B4-415B-8232-7B097815DE1F}.Release|x86.Build.0 = Release|x86
	EndGlobalSection
	GlobalSection(SolutionProperties) = preSolution
		HideSolutionNode = FALSE
	EndGlobalSection
EndGlobal
