
Microsoft Visual Studio Solution File, Format Version 12.00
# Visual Studio 14
VisualStudioVersion = 14.0.24720.0
MinimumVisualStudioVersion = 10.0.40219.1
Project("{FAE04EC0-301F-11D3-BF4B-00C04F79EFBC}") = "Caliburn.Micro.Platform.WIN81", "Caliburn.Micro.Platform\Caliburn.Micro.Platform.WIN81.csproj", "{73A34351-FB6A-489E-82DC-5790AF7693E3}"
EndProject
Project("{FAE04EC0-301F-11D3-BF4B-00C04F79EFBC}") = "Caliburn.Micro", "Caliburn.Micro\Caliburn.Micro.csproj", "{6D772B52-DA8F-4784-971A-4BF50CB6D306}"
EndProject
Project("{2150E333-8FDC-42A3-9474-1A3956D46DE8}") = "Caliburn.Micro.Platform", "Caliburn.Micro.Platform", "{266A0FDB-CA59-4E27-B258-9552E368BE46}"
EndProject
Project("{2150E333-8FDC-42A3-9474-1A3956D46DE8}") = "Caliburn.Micro.Tests", "Caliburn.Micro.Tests", "{75218E6C-3CF6-4A27-877B-5563A2BFB4A3}"
EndProject
Project("{FAE04EC0-301F-11D3-BF4B-00C04F79EFBC}") = "Caliburn.Micro.Platform.NET45", "Caliburn.Micro.Platform\Caliburn.Micro.Platform.NET45.csproj", "{EF2C0C7D-3FFE-4884-9AAC-7622FEE66809}"
EndProject
Project("{FAE04EC0-301F-11D3-BF4B-00C04F79EFBC}") = "Caliburn.Micro.Platform.SL5", "Caliburn.Micro.Platform\Caliburn.Micro.Platform.SL5.csproj", "{7A82B446-E050-4373-AA06-F8B62EE1E40C}"
EndProject
Project("{FAE04EC0-301F-11D3-BF4B-00C04F79EFBC}") = "Caliburn.Micro.Platform.WP8", "Caliburn.Micro.Platform\Caliburn.Micro.Platform.WP8.csproj", "{50DAA3F0-3BAD-433A-B4B2-4A38DEF9DFAF}"
EndProject
Project("{FAE04EC0-301F-11D3-BF4B-00C04F79EFBC}") = "Caliburn.Micro.Tests.NET45", "Caliburn.Micro.Tests.NET45\Caliburn.Micro.Tests.NET45.csproj", "{374C996D-59C3-426D-B6BD-D884348BE7C8}"
EndProject
Project("{FAE04EC0-301F-11D3-BF4B-00C04F79EFBC}") = "Caliburn.Micro.SL5", "Caliburn.Micro\Caliburn.Micro.SL5.csproj", "{21935B00-9E24-46DF-AA7A-A0065010C594}"
EndProject
Project("{FAE04EC0-301F-11D3-BF4B-00C04F79EFBC}") = "Caliburn.Micro.Platform.WPA81", "Caliburn.Micro.Platform\Caliburn.Micro.Platform.WPA81.csproj", "{7CBF76FE-E094-4DFE-B6E1-ABFCE98C78EA}"
EndProject
Project("{FAE04EC0-301F-11D3-BF4B-00C04F79EFBC}") = "Caliburn.Micro.NET40", "Caliburn.Micro\Caliburn.Micro.NET40.csproj", "{5198B87D-8E7B-48D9-960D-63170A6956C5}"
EndProject
Project("{FAE04EC0-301F-11D3-BF4B-00C04F79EFBC}") = "Caliburn.Micro.Platform.NET40", "Caliburn.Micro.Platform\Caliburn.Micro.Platform.NET40.csproj", "{B633FE8C-B40E-4122-A763-F94C8B1A70F8}"
EndProject
Project("{FAE04EC0-301F-11D3-BF4B-00C04F79EFBC}") = "Caliburn.Micro.Platform.Android", "Caliburn.Micro.Platform\Caliburn.Micro.Platform.Android.csproj", "{1647828F-AD5F-4CC3-8A27-11F06428B877}"
EndProject
Project("{FAE04EC0-301F-11D3-BF4B-00C04F79EFBC}") = "Caliburn.Micro.Platform.iOS", "Caliburn.Micro.Platform\Caliburn.Micro.Platform.iOS.csproj", "{F2A3A287-ADA2-4FB8-A7AD-15B5BA92F2D1}"
EndProject
Project("{FAE04EC0-301F-11D3-BF4B-00C04F79EFBC}") = "Caliburn.Micro.Platform.Xamarin.Forms", "Caliburn.Micro.Platform\Caliburn.Micro.Platform.Xamarin.Forms.csproj", "{67F9D3A8-F71E-4428-913F-C37AE82CDB24}"
EndProject
Project("{FAE04EC0-301F-11D3-BF4B-00C04F79EFBC}") = "Caliburn.Micro.Platform.Core", "Caliburn.Micro.Platform\Caliburn.Micro.Platform.Core.csproj", "{0ECBE3D9-AED4-419D-A6E3-C53D5CE2A02A}"
EndProject
Project("{FAE04EC0-301F-11D3-BF4B-00C04F79EFBC}") = "Caliburn.Micro.Platform.UWP", "Caliburn.Micro.Platform\Caliburn.Micro.Platform.UWP.csproj", "{94D9A9C6-44C1-4E5A-877B-5761C963B2F6}"
EndProject
Global
	GlobalSection(SolutionConfigurationPlatforms) = preSolution
		Debug|Any CPU = Debug|Any CPU
		Debug|ARM = Debug|ARM
		Debug|x64 = Debug|x64
		Debug|x86 = Debug|x86
		Release|Any CPU = Release|Any CPU
		Release|ARM = Release|ARM
		Release|x64 = Release|x64
		Release|x86 = Release|x86
	EndGlobalSection
	GlobalSection(ProjectConfigurationPlatforms) = postSolution
		{73A34351-FB6A-489E-82DC-5790AF7693E3}.Debug|Any CPU.ActiveCfg = Debug|Any CPU
		{73A34351-FB6A-489E-82DC-5790AF7693E3}.Debug|Any CPU.Build.0 = Debug|Any CPU
		{73A34351-FB6A-489E-82DC-5790AF7693E3}.Debug|ARM.ActiveCfg = Debug|Any CPU
		{73A34351-FB6A-489E-82DC-5790AF7693E3}.Debug|ARM.Build.0 = Debug|Any CPU
		{73A34351-FB6A-489E-82DC-5790AF7693E3}.Debug|x64.ActiveCfg = Debug|Any CPU
		{73A34351-FB6A-489E-82DC-5790AF7693E3}.Debug|x64.Build.0 = Debug|Any CPU
		{73A34351-FB6A-489E-82DC-5790AF7693E3}.Debug|x86.ActiveCfg = Debug|Any CPU
		{73A34351-FB6A-489E-82DC-5790AF7693E3}.Debug|x86.Build.0 = Debug|Any CPU
		{73A34351-FB6A-489E-82DC-5790AF7693E3}.Release|Any CPU.ActiveCfg = Release|Any CPU
		{73A34351-FB6A-489E-82DC-5790AF7693E3}.Release|Any CPU.Build.0 = Release|Any CPU
		{73A34351-FB6A-489E-82DC-5790AF7693E3}.Release|ARM.ActiveCfg = Release|Any CPU
		{73A34351-FB6A-489E-82DC-5790AF7693E3}.Release|ARM.Build.0 = Release|Any CPU
		{73A34351-FB6A-489E-82DC-5790AF7693E3}.Release|x64.ActiveCfg = Release|Any CPU
		{73A34351-FB6A-489E-82DC-5790AF7693E3}.Release|x64.Build.0 = Release|Any CPU
		{73A34351-FB6A-489E-82DC-5790AF7693E3}.Release|x86.ActiveCfg = Release|Any CPU
		{73A34351-FB6A-489E-82DC-5790AF7693E3}.Release|x86.Build.0 = Release|Any CPU
		{6D772B52-DA8F-4784-971A-4BF50CB6D306}.Debug|Any CPU.ActiveCfg = Debug|Any CPU
		{6D772B52-DA8F-4784-971A-4BF50CB6D306}.Debug|Any CPU.Build.0 = Debug|Any CPU
		{6D772B52-DA8F-4784-971A-4BF50CB6D306}.Debug|ARM.ActiveCfg = Debug|Any CPU
		{6D772B52-DA8F-4784-971A-4BF50CB6D306}.Debug|ARM.Build.0 = Debug|Any CPU
		{6D772B52-DA8F-4784-971A-4BF50CB6D306}.Debug|x64.ActiveCfg = Debug|Any CPU
		{6D772B52-DA8F-4784-971A-4BF50CB6D306}.Debug|x64.Build.0 = Debug|Any CPU
		{6D772B52-DA8F-4784-971A-4BF50CB6D306}.Debug|x86.ActiveCfg = Debug|Any CPU
		{6D772B52-DA8F-4784-971A-4BF50CB6D306}.Debug|x86.Build.0 = Debug|Any CPU
		{6D772B52-DA8F-4784-971A-4BF50CB6D306}.Release|Any CPU.ActiveCfg = Release|Any CPU
		{6D772B52-DA8F-4784-971A-4BF50CB6D306}.Release|Any CPU.Build.0 = Release|Any CPU
		{6D772B52-DA8F-4784-971A-4BF50CB6D306}.Release|ARM.ActiveCfg = Release|Any CPU
		{6D772B52-DA8F-4784-971A-4BF50CB6D306}.Release|ARM.Build.0 = Release|Any CPU
		{6D772B52-DA8F-4784-971A-4BF50CB6D306}.Release|x64.ActiveCfg = Release|Any CPU
		{6D772B52-DA8F-4784-971A-4BF50CB6D306}.Release|x64.Build.0 = Release|Any CPU
		{6D772B52-DA8F-4784-971A-4BF50CB6D306}.Release|x86.ActiveCfg = Release|Any CPU
		{6D772B52-DA8F-4784-971A-4BF50CB6D306}.Release|x86.Build.0 = Release|Any CPU
		{EF2C0C7D-3FFE-4884-9AAC-7622FEE66809}.Debug|Any CPU.ActiveCfg = Debug|Any CPU
		{EF2C0C7D-3FFE-4884-9AAC-7622FEE66809}.Debug|Any CPU.Build.0 = Debug|Any CPU
		{EF2C0C7D-3FFE-4884-9AAC-7622FEE66809}.Debug|ARM.ActiveCfg = Debug|Any CPU
		{EF2C0C7D-3FFE-4884-9AAC-7622FEE66809}.Debug|ARM.Build.0 = Debug|Any CPU
		{EF2C0C7D-3FFE-4884-9AAC-7622FEE66809}.Debug|x64.ActiveCfg = Debug|Any CPU
		{EF2C0C7D-3FFE-4884-9AAC-7622FEE66809}.Debug|x64.Build.0 = Debug|Any CPU
		{EF2C0C7D-3FFE-4884-9AAC-7622FEE66809}.Debug|x86.ActiveCfg = Debug|Any CPU
		{EF2C0C7D-3FFE-4884-9AAC-7622FEE66809}.Debug|x86.Build.0 = Debug|Any CPU
		{EF2C0C7D-3FFE-4884-9AAC-7622FEE66809}.Release|Any CPU.ActiveCfg = Release|Any CPU
		{EF2C0C7D-3FFE-4884-9AAC-7622FEE66809}.Release|Any CPU.Build.0 = Release|Any CPU
		{EF2C0C7D-3FFE-4884-9AAC-7622FEE66809}.Release|ARM.ActiveCfg = Release|Any CPU
		{EF2C0C7D-3FFE-4884-9AAC-7622FEE66809}.Release|ARM.Build.0 = Release|Any CPU
		{EF2C0C7D-3FFE-4884-9AAC-7622FEE66809}.Release|x64.ActiveCfg = Release|Any CPU
		{EF2C0C7D-3FFE-4884-9AAC-7622FEE66809}.Release|x64.Build.0 = Release|Any CPU
		{EF2C0C7D-3FFE-4884-9AAC-7622FEE66809}.Release|x86.ActiveCfg = Release|Any CPU
		{EF2C0C7D-3FFE-4884-9AAC-7622FEE66809}.Release|x86.Build.0 = Release|Any CPU
		{7A82B446-E050-4373-AA06-F8B62EE1E40C}.Debug|Any CPU.ActiveCfg = Debug|Any CPU
		{7A82B446-E050-4373-AA06-F8B62EE1E40C}.Debug|Any CPU.Build.0 = Debug|Any CPU
		{7A82B446-E050-4373-AA06-F8B62EE1E40C}.Debug|ARM.ActiveCfg = Debug|Any CPU
		{7A82B446-E050-4373-AA06-F8B62EE1E40C}.Debug|ARM.Build.0 = Debug|Any CPU
		{7A82B446-E050-4373-AA06-F8B62EE1E40C}.Debug|x64.ActiveCfg = Debug|Any CPU
		{7A82B446-E050-4373-AA06-F8B62EE1E40C}.Debug|x64.Build.0 = Debug|Any CPU
		{7A82B446-E050-4373-AA06-F8B62EE1E40C}.Debug|x86.ActiveCfg = Debug|Any CPU
		{7A82B446-E050-4373-AA06-F8B62EE1E40C}.Debug|x86.Build.0 = Debug|Any CPU
		{7A82B446-E050-4373-AA06-F8B62EE1E40C}.Release|Any CPU.ActiveCfg = Release|Any CPU
		{7A82B446-E050-4373-AA06-F8B62EE1E40C}.Release|Any CPU.Build.0 = Release|Any CPU
		{7A82B446-E050-4373-AA06-F8B62EE1E40C}.Release|ARM.ActiveCfg = Release|Any CPU
		{7A82B446-E050-4373-AA06-F8B62EE1E40C}.Release|ARM.Build.0 = Release|Any CPU
		{7A82B446-E050-4373-AA06-F8B62EE1E40C}.Release|x64.ActiveCfg = Release|Any CPU
		{7A82B446-E050-4373-AA06-F8B62EE1E40C}.Release|x64.Build.0 = Release|Any CPU
		{7A82B446-E050-4373-AA06-F8B62EE1E40C}.Release|x86.ActiveCfg = Release|Any CPU
		{7A82B446-E050-4373-AA06-F8B62EE1E40C}.Release|x86.Build.0 = Release|Any CPU
		{50DAA3F0-3BAD-433A-B4B2-4A38DEF9DFAF}.Debug|Any CPU.ActiveCfg = Debug|Any CPU
		{50DAA3F0-3BAD-433A-B4B2-4A38DEF9DFAF}.Debug|Any CPU.Build.0 = Debug|Any CPU
		{50DAA3F0-3BAD-433A-B4B2-4A38DEF9DFAF}.Debug|ARM.ActiveCfg = Debug|ARM
		{50DAA3F0-3BAD-433A-B4B2-4A38DEF9DFAF}.Debug|ARM.Build.0 = Debug|ARM
		{50DAA3F0-3BAD-433A-B4B2-4A38DEF9DFAF}.Debug|x64.ActiveCfg = Debug|Any CPU
		{50DAA3F0-3BAD-433A-B4B2-4A38DEF9DFAF}.Debug|x64.Build.0 = Debug|Any CPU
		{50DAA3F0-3BAD-433A-B4B2-4A38DEF9DFAF}.Debug|x86.ActiveCfg = Debug|x86
		{50DAA3F0-3BAD-433A-B4B2-4A38DEF9DFAF}.Debug|x86.Build.0 = Debug|x86
		{50DAA3F0-3BAD-433A-B4B2-4A38DEF9DFAF}.Release|Any CPU.ActiveCfg = Release|Any CPU
		{50DAA3F0-3BAD-433A-B4B2-4A38DEF9DFAF}.Release|Any CPU.Build.0 = Release|Any CPU
		{50DAA3F0-3BAD-433A-B4B2-4A38DEF9DFAF}.Release|ARM.ActiveCfg = Release|ARM
		{50DAA3F0-3BAD-433A-B4B2-4A38DEF9DFAF}.Release|ARM.Build.0 = Release|ARM
		{50DAA3F0-3BAD-433A-B4B2-4A38DEF9DFAF}.Release|x64.ActiveCfg = Release|Any CPU
		{50DAA3F0-3BAD-433A-B4B2-4A38DEF9DFAF}.Release|x64.Build.0 = Release|Any CPU
		{50DAA3F0-3BAD-433A-B4B2-4A38DEF9DFAF}.Release|x86.ActiveCfg = Release|x86
		{50DAA3F0-3BAD-433A-B4B2-4A38DEF9DFAF}.Release|x86.Build.0 = Release|x86
		{374C996D-59C3-426D-B6BD-D884348BE7C8}.Debug|Any CPU.ActiveCfg = Debug|Any CPU
		{374C996D-59C3-426D-B6BD-D884348BE7C8}.Debug|Any CPU.Build.0 = Debug|Any CPU
		{374C996D-59C3-426D-B6BD-D884348BE7C8}.Debug|ARM.ActiveCfg = Debug|Any CPU
		{374C996D-59C3-426D-B6BD-D884348BE7C8}.Debug|ARM.Build.0 = Debug|Any CPU
		{374C996D-59C3-426D-B6BD-D884348BE7C8}.Debug|x64.ActiveCfg = Debug|Any CPU
		{374C996D-59C3-426D-B6BD-D884348BE7C8}.Debug|x64.Build.0 = Debug|Any CPU
		{374C996D-59C3-426D-B6BD-D884348BE7C8}.Debug|x86.ActiveCfg = Debug|Any CPU
		{374C996D-59C3-426D-B6BD-D884348BE7C8}.Debug|x86.Build.0 = Debug|Any CPU
		{374C996D-59C3-426D-B6BD-D884348BE7C8}.Release|Any CPU.ActiveCfg = Release|Any CPU
		{374C996D-59C3-426D-B6BD-D884348BE7C8}.Release|Any CPU.Build.0 = Release|Any CPU
		{374C996D-59C3-426D-B6BD-D884348BE7C8}.Release|ARM.ActiveCfg = Release|Any CPU
		{374C996D-59C3-426D-B6BD-D884348BE7C8}.Release|ARM.Build.0 = Release|Any CPU
		{374C996D-59C3-426D-B6BD-D884348BE7C8}.Release|x64.ActiveCfg = Release|Any CPU
		{374C996D-59C3-426D-B6BD-D884348BE7C8}.Release|x64.Build.0 = Release|Any CPU
		{374C996D-59C3-426D-B6BD-D884348BE7C8}.Release|x86.ActiveCfg = Release|Any CPU
		{374C996D-59C3-426D-B6BD-D884348BE7C8}.Release|x86.Build.0 = Release|Any CPU
		{21935B00-9E24-46DF-AA7A-A0065010C594}.Debug|Any CPU.ActiveCfg = Debug|Any CPU
		{21935B00-9E24-46DF-AA7A-A0065010C594}.Debug|Any CPU.Build.0 = Debug|Any CPU
		{21935B00-9E24-46DF-AA7A-A0065010C594}.Debug|ARM.ActiveCfg = Debug|Any CPU
		{21935B00-9E24-46DF-AA7A-A0065010C594}.Debug|ARM.Build.0 = Debug|Any CPU
		{21935B00-9E24-46DF-AA7A-A0065010C594}.Debug|x64.ActiveCfg = Debug|Any CPU
		{21935B00-9E24-46DF-AA7A-A0065010C594}.Debug|x64.Build.0 = Debug|Any CPU
		{21935B00-9E24-46DF-AA7A-A0065010C594}.Debug|x86.ActiveCfg = Debug|Any CPU
		{21935B00-9E24-46DF-AA7A-A0065010C594}.Debug|x86.Build.0 = Debug|Any CPU
		{21935B00-9E24-46DF-AA7A-A0065010C594}.Release|Any CPU.ActiveCfg = Release|Any CPU
		{21935B00-9E24-46DF-AA7A-A0065010C594}.Release|Any CPU.Build.0 = Release|Any CPU
		{21935B00-9E24-46DF-AA7A-A0065010C594}.Release|ARM.ActiveCfg = Release|Any CPU
		{21935B00-9E24-46DF-AA7A-A0065010C594}.Release|ARM.Build.0 = Release|Any CPU
		{21935B00-9E24-46DF-AA7A-A0065010C594}.Release|x64.ActiveCfg = Release|Any CPU
		{21935B00-9E24-46DF-AA7A-A0065010C594}.Release|x64.Build.0 = Release|Any CPU
		{21935B00-9E24-46DF-AA7A-A0065010C594}.Release|x86.ActiveCfg = Release|Any CPU
		{21935B00-9E24-46DF-AA7A-A0065010C594}.Release|x86.Build.0 = Release|Any CPU
		{7CBF76FE-E094-4DFE-B6E1-ABFCE98C78EA}.Debug|Any CPU.ActiveCfg = Debug|Any CPU
		{7CBF76FE-E094-4DFE-B6E1-ABFCE98C78EA}.Debug|Any CPU.Build.0 = Debug|Any CPU
		{7CBF76FE-E094-4DFE-B6E1-ABFCE98C78EA}.Debug|ARM.ActiveCfg = Debug|Any CPU
		{7CBF76FE-E094-4DFE-B6E1-ABFCE98C78EA}.Debug|ARM.Build.0 = Debug|Any CPU
		{7CBF76FE-E094-4DFE-B6E1-ABFCE98C78EA}.Debug|x64.ActiveCfg = Debug|Any CPU
		{7CBF76FE-E094-4DFE-B6E1-ABFCE98C78EA}.Debug|x64.Build.0 = Debug|Any CPU
		{7CBF76FE-E094-4DFE-B6E1-ABFCE98C78EA}.Debug|x86.ActiveCfg = Debug|Any CPU
		{7CBF76FE-E094-4DFE-B6E1-ABFCE98C78EA}.Debug|x86.Build.0 = Debug|Any CPU
		{7CBF76FE-E094-4DFE-B6E1-ABFCE98C78EA}.Release|Any CPU.ActiveCfg = Release|Any CPU
		{7CBF76FE-E094-4DFE-B6E1-ABFCE98C78EA}.Release|Any CPU.Build.0 = Release|Any CPU
		{7CBF76FE-E094-4DFE-B6E1-ABFCE98C78EA}.Release|ARM.ActiveCfg = Release|Any CPU
		{7CBF76FE-E094-4DFE-B6E1-ABFCE98C78EA}.Release|ARM.Build.0 = Release|Any CPU
		{7CBF76FE-E094-4DFE-B6E1-ABFCE98C78EA}.Release|x64.ActiveCfg = Release|Any CPU
		{7CBF76FE-E094-4DFE-B6E1-ABFCE98C78EA}.Release|x64.Build.0 = Release|Any CPU
		{7CBF76FE-E094-4DFE-B6E1-ABFCE98C78EA}.Release|x86.ActiveCfg = Release|Any CPU
		{7CBF76FE-E094-4DFE-B6E1-ABFCE98C78EA}.Release|x86.Build.0 = Release|Any CPU
		{5198B87D-8E7B-48D9-960D-63170A6956C5}.Debug|Any CPU.ActiveCfg = Debug|Any CPU
		{5198B87D-8E7B-48D9-960D-63170A6956C5}.Debug|Any CPU.Build.0 = Debug|Any CPU
		{5198B87D-8E7B-48D9-960D-63170A6956C5}.Debug|ARM.ActiveCfg = Debug|Any CPU
		{5198B87D-8E7B-48D9-960D-63170A6956C5}.Debug|ARM.Build.0 = Debug|Any CPU
		{5198B87D-8E7B-48D9-960D-63170A6956C5}.Debug|x64.ActiveCfg = Debug|Any CPU
		{5198B87D-8E7B-48D9-960D-63170A6956C5}.Debug|x64.Build.0 = Debug|Any CPU
		{5198B87D-8E7B-48D9-960D-63170A6956C5}.Debug|x86.ActiveCfg = Debug|Any CPU
		{5198B87D-8E7B-48D9-960D-63170A6956C5}.Debug|x86.Build.0 = Debug|Any CPU
		{5198B87D-8E7B-48D9-960D-63170A6956C5}.Release|Any CPU.ActiveCfg = Release|Any CPU
		{5198B87D-8E7B-48D9-960D-63170A6956C5}.Release|Any CPU.Build.0 = Release|Any CPU
		{5198B87D-8E7B-48D9-960D-63170A6956C5}.Release|ARM.ActiveCfg = Release|Any CPU
		{5198B87D-8E7B-48D9-960D-63170A6956C5}.Release|ARM.Build.0 = Release|Any CPU
		{5198B87D-8E7B-48D9-960D-63170A6956C5}.Release|x64.ActiveCfg = Release|Any CPU
		{5198B87D-8E7B-48D9-960D-63170A6956C5}.Release|x64.Build.0 = Release|Any CPU
		{5198B87D-8E7B-48D9-960D-63170A6956C5}.Release|x86.ActiveCfg = Release|Any CPU
		{5198B87D-8E7B-48D9-960D-63170A6956C5}.Release|x86.Build.0 = Release|Any CPU
		{B633FE8C-B40E-4122-A763-F94C8B1A70F8}.Debug|Any CPU.ActiveCfg = Debug|Any CPU
		{B633FE8C-B40E-4122-A763-F94C8B1A70F8}.Debug|Any CPU.Build.0 = Debug|Any CPU
		{B633FE8C-B40E-4122-A763-F94C8B1A70F8}.Debug|ARM.ActiveCfg = Debug|Any CPU
		{B633FE8C-B40E-4122-A763-F94C8B1A70F8}.Debug|ARM.Build.0 = Debug|Any CPU
		{B633FE8C-B40E-4122-A763-F94C8B1A70F8}.Debug|x64.ActiveCfg = Debug|Any CPU
		{B633FE8C-B40E-4122-A763-F94C8B1A70F8}.Debug|x64.Build.0 = Debug|Any CPU
		{B633FE8C-B40E-4122-A763-F94C8B1A70F8}.Debug|x86.ActiveCfg = Debug|Any CPU
		{B633FE8C-B40E-4122-A763-F94C8B1A70F8}.Debug|x86.Build.0 = Debug|Any CPU
		{B633FE8C-B40E-4122-A763-F94C8B1A70F8}.Release|Any CPU.ActiveCfg = Release|Any CPU
		{B633FE8C-B40E-4122-A763-F94C8B1A70F8}.Release|Any CPU.Build.0 = Release|Any CPU
		{B633FE8C-B40E-4122-A763-F94C8B1A70F8}.Release|ARM.ActiveCfg = Release|Any CPU
		{B633FE8C-B40E-4122-A763-F94C8B1A70F8}.Release|ARM.Build.0 = Release|Any CPU
		{B633FE8C-B40E-4122-A763-F94C8B1A70F8}.Release|x64.ActiveCfg = Release|Any CPU
		{B633FE8C-B40E-4122-A763-F94C8B1A70F8}.Release|x64.Build.0 = Release|Any CPU
		{B633FE8C-B40E-4122-A763-F94C8B1A70F8}.Release|x86.ActiveCfg = Release|Any CPU
		{B633FE8C-B40E-4122-A763-F94C8B1A70F8}.Release|x86.Build.0 = Release|Any CPU
		{1647828F-AD5F-4CC3-8A27-11F06428B877}.Debug|Any CPU.ActiveCfg = Debug|Any CPU
		{1647828F-AD5F-4CC3-8A27-11F06428B877}.Debug|Any CPU.Build.0 = Debug|Any CPU
		{1647828F-AD5F-4CC3-8A27-11F06428B877}.Debug|ARM.ActiveCfg = Debug|Any CPU
		{1647828F-AD5F-4CC3-8A27-11F06428B877}.Debug|ARM.Build.0 = Debug|Any CPU
		{1647828F-AD5F-4CC3-8A27-11F06428B877}.Debug|x64.ActiveCfg = Debug|Any CPU
		{1647828F-AD5F-4CC3-8A27-11F06428B877}.Debug|x64.Build.0 = Debug|Any CPU
		{1647828F-AD5F-4CC3-8A27-11F06428B877}.Debug|x86.ActiveCfg = Debug|Any CPU
		{1647828F-AD5F-4CC3-8A27-11F06428B877}.Debug|x86.Build.0 = Debug|Any CPU
		{1647828F-AD5F-4CC3-8A27-11F06428B877}.Release|Any CPU.ActiveCfg = Release|Any CPU
		{1647828F-AD5F-4CC3-8A27-11F06428B877}.Release|Any CPU.Build.0 = Release|Any CPU
		{1647828F-AD5F-4CC3-8A27-11F06428B877}.Release|ARM.ActiveCfg = Release|Any CPU
		{1647828F-AD5F-4CC3-8A27-11F06428B877}.Release|ARM.Build.0 = Release|Any CPU
		{1647828F-AD5F-4CC3-8A27-11F06428B877}.Release|x64.ActiveCfg = Release|Any CPU
		{1647828F-AD5F-4CC3-8A27-11F06428B877}.Release|x64.Build.0 = Release|Any CPU
		{1647828F-AD5F-4CC3-8A27-11F06428B877}.Release|x86.ActiveCfg = Release|Any CPU
		{1647828F-AD5F-4CC3-8A27-11F06428B877}.Release|x86.Build.0 = Release|Any CPU
		{F2A3A287-ADA2-4FB8-A7AD-15B5BA92F2D1}.Debug|Any CPU.ActiveCfg = Debug|Any CPU
		{F2A3A287-ADA2-4FB8-A7AD-15B5BA92F2D1}.Debug|Any CPU.Build.0 = Debug|Any CPU
		{F2A3A287-ADA2-4FB8-A7AD-15B5BA92F2D1}.Debug|ARM.ActiveCfg = Debug|Any CPU
		{F2A3A287-ADA2-4FB8-A7AD-15B5BA92F2D1}.Debug|ARM.Build.0 = Debug|Any CPU
		{F2A3A287-ADA2-4FB8-A7AD-15B5BA92F2D1}.Debug|x64.ActiveCfg = Debug|Any CPU
		{F2A3A287-ADA2-4FB8-A7AD-15B5BA92F2D1}.Debug|x64.Build.0 = Debug|Any CPU
		{F2A3A287-ADA2-4FB8-A7AD-15B5BA92F2D1}.Debug|x86.ActiveCfg = Debug|Any CPU
		{F2A3A287-ADA2-4FB8-A7AD-15B5BA92F2D1}.Debug|x86.Build.0 = Debug|Any CPU
		{F2A3A287-ADA2-4FB8-A7AD-15B5BA92F2D1}.Release|Any CPU.ActiveCfg = Release|Any CPU
		{F2A3A287-ADA2-4FB8-A7AD-15B5BA92F2D1}.Release|Any CPU.Build.0 = Release|Any CPU
		{F2A3A287-ADA2-4FB8-A7AD-15B5BA92F2D1}.Release|ARM.ActiveCfg = Release|Any CPU
		{F2A3A287-ADA2-4FB8-A7AD-15B5BA92F2D1}.Release|ARM.Build.0 = Release|Any CPU
		{F2A3A287-ADA2-4FB8-A7AD-15B5BA92F2D1}.Release|x64.ActiveCfg = Release|Any CPU
		{F2A3A287-ADA2-4FB8-A7AD-15B5BA92F2D1}.Release|x64.Build.0 = Release|Any CPU
		{F2A3A287-ADA2-4FB8-A7AD-15B5BA92F2D1}.Release|x86.ActiveCfg = Release|Any CPU
		{F2A3A287-ADA2-4FB8-A7AD-15B5BA92F2D1}.Release|x86.Build.0 = Release|Any CPU
		{67F9D3A8-F71E-4428-913F-C37AE82CDB24}.Debug|Any CPU.ActiveCfg = Debug|Any CPU
		{67F9D3A8-F71E-4428-913F-C37AE82CDB24}.Debug|Any CPU.Build.0 = Debug|Any CPU
		{67F9D3A8-F71E-4428-913F-C37AE82CDB24}.Debug|ARM.ActiveCfg = Debug|Any CPU
		{67F9D3A8-F71E-4428-913F-C37AE82CDB24}.Debug|ARM.Build.0 = Debug|Any CPU
		{67F9D3A8-F71E-4428-913F-C37AE82CDB24}.Debug|x64.ActiveCfg = Debug|Any CPU
		{67F9D3A8-F71E-4428-913F-C37AE82CDB24}.Debug|x64.Build.0 = Debug|Any CPU
		{67F9D3A8-F71E-4428-913F-C37AE82CDB24}.Debug|x86.ActiveCfg = Debug|Any CPU
		{67F9D3A8-F71E-4428-913F-C37AE82CDB24}.Debug|x86.Build.0 = Debug|Any CPU
		{67F9D3A8-F71E-4428-913F-C37AE82CDB24}.Release|Any CPU.ActiveCfg = Release|Any CPU
		{67F9D3A8-F71E-4428-913F-C37AE82CDB24}.Release|Any CPU.Build.0 = Release|Any CPU
		{67F9D3A8-F71E-4428-913F-C37AE82CDB24}.Release|ARM.ActiveCfg = Release|Any CPU
		{67F9D3A8-F71E-4428-913F-C37AE82CDB24}.Release|ARM.Build.0 = Release|Any CPU
		{67F9D3A8-F71E-4428-913F-C37AE82CDB24}.Release|x64.ActiveCfg = Release|Any CPU
		{67F9D3A8-F71E-4428-913F-C37AE82CDB24}.Release|x64.Build.0 = Release|Any CPU
		{67F9D3A8-F71E-4428-913F-C37AE82CDB24}.Release|x86.ActiveCfg = Release|Any CPU
		{67F9D3A8-F71E-4428-913F-C37AE82CDB24}.Release|x86.Build.0 = Release|Any CPU
		{0ECBE3D9-AED4-419D-A6E3-C53D5CE2A02A}.Debug|Any CPU.ActiveCfg = Debug|Any CPU
		{0ECBE3D9-AED4-419D-A6E3-C53D5CE2A02A}.Debug|Any CPU.Build.0 = Debug|Any CPU
		{0ECBE3D9-AED4-419D-A6E3-C53D5CE2A02A}.Debug|ARM.ActiveCfg = Debug|Any CPU
		{0ECBE3D9-AED4-419D-A6E3-C53D5CE2A02A}.Debug|ARM.Build.0 = Debug|Any CPU
		{0ECBE3D9-AED4-419D-A6E3-C53D5CE2A02A}.Debug|x64.ActiveCfg = Debug|Any CPU
		{0ECBE3D9-AED4-419D-A6E3-C53D5CE2A02A}.Debug|x64.Build.0 = Debug|Any CPU
		{0ECBE3D9-AED4-419D-A6E3-C53D5CE2A02A}.Debug|x86.ActiveCfg = Debug|Any CPU
		{0ECBE3D9-AED4-419D-A6E3-C53D5CE2A02A}.Debug|x86.Build.0 = Debug|Any CPU
		{0ECBE3D9-AED4-419D-A6E3-C53D5CE2A02A}.Release|Any CPU.ActiveCfg = Release|Any CPU
		{0ECBE3D9-AED4-419D-A6E3-C53D5CE2A02A}.Release|Any CPU.Build.0 = Release|Any CPU
		{0ECBE3D9-AED4-419D-A6E3-C53D5CE2A02A}.Release|ARM.ActiveCfg = Release|Any CPU
		{0ECBE3D9-AED4-419D-A6E3-C53D5CE2A02A}.Release|ARM.Build.0 = Release|Any CPU
		{0ECBE3D9-AED4-419D-A6E3-C53D5CE2A02A}.Release|x64.ActiveCfg = Release|Any CPU
		{0ECBE3D9-AED4-419D-A6E3-C53D5CE2A02A}.Release|x64.Build.0 = Release|Any CPU
		{0ECBE3D9-AED4-419D-A6E3-C53D5CE2A02A}.Release|x86.ActiveCfg = Release|Any CPU
		{0ECBE3D9-AED4-419D-A6E3-C53D5CE2A02A}.Release|x86.Build.0 = Release|Any CPU
		{94D9A9C6-44C1-4E5A-877B-5761C963B2F6}.Debug|Any CPU.ActiveCfg = Debug|Any CPU
		{94D9A9C6-44C1-4E5A-877B-5761C963B2F6}.Debug|Any CPU.Build.0 = Debug|Any CPU
		{94D9A9C6-44C1-4E5A-877B-5761C963B2F6}.Debug|ARM.ActiveCfg = Debug|ARM
		{94D9A9C6-44C1-4E5A-877B-5761C963B2F6}.Debug|ARM.Build.0 = Debug|ARM
		{94D9A9C6-44C1-4E5A-877B-5761C963B2F6}.Debug|x64.ActiveCfg = Debug|x64
		{94D9A9C6-44C1-4E5A-877B-5761C963B2F6}.Debug|x64.Build.0 = Debug|x64
		{94D9A9C6-44C1-4E5A-877B-5761C963B2F6}.Debug|x86.ActiveCfg = Debug|x86
		{94D9A9C6-44C1-4E5A-877B-5761C963B2F6}.Debug|x86.Build.0 = Debug|x86
		{94D9A9C6-44C1-4E5A-877B-5761C963B2F6}.Release|Any CPU.ActiveCfg = Release|Any CPU
		{94D9A9C6-44C1-4E5A-877B-5761C963B2F6}.Release|Any CPU.Build.0 = Release|Any CPU
		{94D9A9C6-44C1-4E5A-877B-5761C963B2F6}.Release|ARM.ActiveCfg = Release|ARM
		{94D9A9C6-44C1-4E5A-877B-5761C963B2F6}.Release|ARM.Build.0 = Release|ARM
		{94D9A9C6-44C1-4E5A-877B-5761C963B2F6}.Release|x64.ActiveCfg = Release|x64
		{94D9A9C6-44C1-4E5A-877B-5761C963B2F6}.Release|x64.Build.0 = Release|x64
		{94D9A9C6-44C1-4E5A-877B-5761C963B2F6}.Release|x86.ActiveCfg = Release|x86
		{94D9A9C6-44C1-4E5A-877B-5761C963B2F6}.Release|x86.Build.0 = Release|x86
	EndGlobalSection
	GlobalSection(SolutionProperties) = preSolution
		HideSolutionNode = FALSE
	EndGlobalSection
	GlobalSection(NestedProjects) = preSolution
		{73A34351-FB6A-489E-82DC-5790AF7693E3} = {266A0FDB-CA59-4E27-B258-9552E368BE46}
		{EF2C0C7D-3FFE-4884-9AAC-7622FEE66809} = {266A0FDB-CA59-4E27-B258-9552E368BE46}
		{7A82B446-E050-4373-AA06-F8B62EE1E40C} = {266A0FDB-CA59-4E27-B258-9552E368BE46}
		{50DAA3F0-3BAD-433A-B4B2-4A38DEF9DFAF} = {266A0FDB-CA59-4E27-B258-9552E368BE46}
		{374C996D-59C3-426D-B6BD-D884348BE7C8} = {75218E6C-3CF6-4A27-877B-5563A2BFB4A3}
		{7CBF76FE-E094-4DFE-B6E1-ABFCE98C78EA} = {266A0FDB-CA59-4E27-B258-9552E368BE46}
		{B633FE8C-B40E-4122-A763-F94C8B1A70F8} = {266A0FDB-CA59-4E27-B258-9552E368BE46}
		{1647828F-AD5F-4CC3-8A27-11F06428B877} = {266A0FDB-CA59-4E27-B258-9552E368BE46}
		{F2A3A287-ADA2-4FB8-A7AD-15B5BA92F2D1} = {266A0FDB-CA59-4E27-B258-9552E368BE46}
		{67F9D3A8-F71E-4428-913F-C37AE82CDB24} = {266A0FDB-CA59-4E27-B258-9552E368BE46}
		{0ECBE3D9-AED4-419D-A6E3-C53D5CE2A02A} = {266A0FDB-CA59-4E27-B258-9552E368BE46}
		{94D9A9C6-44C1-4E5A-877B-5761C963B2F6} = {266A0FDB-CA59-4E27-B258-9552E368BE46}
	EndGlobalSection
EndGlobal
