
Microsoft Visual Studio Solution File, Format Version 12.00
# Visual Studio 2012
Project("{FAE04EC0-301F-11D3-BF4B-00C04F79EFBC}") = "Caliburn.Micro.Platform.SL5", "Caliburn.Micro.Platform\Caliburn.Micro.Platform.SL5.csproj", "{7A82B446-E050-4373-AA06-F8B62EE1E40C}"
EndProject
Project("{FAE04EC0-301F-11D3-BF4B-00C04F79EFBC}") = "Caliburn.Micro.Platform.NET45", "Caliburn.Micro.Platform\Caliburn.Micro.Platform.NET45.csproj", "{EF2C0C7D-3FFE-4884-9AAC-7622FEE66809}"
EndProject
Project("{FAE04EC0-301F-11D3-BF4B-00C04F79EFBC}") = "Caliburn.Micro.Platform.WIN8", "Caliburn.Micro.Platform\Caliburn.Micro.Platform.WIN8.csproj", "{FDBDC52D-6A55-4531-9899-A5DCB0E09F15}"
EndProject
Project("{FAE04EC0-301F-11D3-BF4B-00C04F79EFBC}") = "Caliburn.Micro.Platform.WP8", "Caliburn.Micro.Platform\Caliburn.Micro.Platform.WP8.csproj", "{50DAA3F0-3BAD-433A-B4B2-4A38DEF9DFAF}"
EndProject
Project("{2150E333-8FDC-42A3-9474-1A3956D46DE8}") = "Caliburn.Micro.Platform", "Caliburn.Micro.Platform", "{46FCE374-4F92-4E25-A390-C3046361BB15}"
EndProject
Project("{FAE04EC0-301F-11D3-BF4B-00C04F79EFBC}") = "Caliburn.Micro.Extensions.WIN8", "Caliburn.Micro.Extensions.WIN8\Caliburn.Micro.Extensions.WIN8.csproj", "{E5718A59-1466-4B36-BA76-F596F550B19B}"
EndProject
Project("{FAE04EC0-301F-11D3-BF4B-00C04F79EFBC}") = "Caliburn.Micro.Extensions.WP8", "Caliburn.Micro.Extensions.WP71\Caliburn.Micro.Extensions.WP8.csproj", "{749ADF14-7D11-4380-AB64-CEB61DFF2A73}"
EndProject
Project("{2150E333-8FDC-42A3-9474-1A3956D46DE8}") = "Caliburn.Micro.Extensions", "Caliburn.Micro.Extensions", "{C0311D53-1DCC-49C5-9328-8F26B1E744A7}"
EndProject
Project("{FAE04EC0-301F-11D3-BF4B-00C04F79EFBC}") = "Caliburn.Micro.Tests.NET45", "Caliburn.Micro.Tests.NET45\Caliburn.Micro.Tests.NET45.csproj", "{374C996D-59C3-426D-B6BD-D884348BE7C8}"
EndProject
Project("{2150E333-8FDC-42A3-9474-1A3956D46DE8}") = "Caliburn.Micro.Tests", "Caliburn.Micro.Tests", "{2C46E914-5F18-4337-987F-CDE25FD24EE1}"
EndProject
Project("{FAE04EC0-301F-11D3-BF4B-00C04F79EFBC}") = "Caliburn.Micro", "Caliburn.Micro\Caliburn.Micro.csproj", "{6D772B52-DA8F-4784-971A-4BF50CB6D306}"
EndProject
Global
	GlobalSection(SolutionConfigurationPlatforms) = preSolution
		Debug|Any CPU = Debug|Any CPU
		Release|Any CPU = Release|Any CPU
	EndGlobalSection
	GlobalSection(ProjectConfigurationPlatforms) = postSolution
		{7A82B446-E050-4373-AA06-F8B62EE1E40C}.Debug|Any CPU.ActiveCfg = Debug|Any CPU
		{7A82B446-E050-4373-AA06-F8B62EE1E40C}.Debug|Any CPU.Build.0 = Debug|Any CPU
		{7A82B446-E050-4373-AA06-F8B62EE1E40C}.Release|Any CPU.ActiveCfg = Release|Any CPU
		{7A82B446-E050-4373-AA06-F8B62EE1E40C}.Release|Any CPU.Build.0 = Release|Any CPU
		{EF2C0C7D-3FFE-4884-9AAC-7622FEE66809}.Debug|Any CPU.ActiveCfg = Debug|Any CPU
		{EF2C0C7D-3FFE-4884-9AAC-7622FEE66809}.Debug|Any CPU.Build.0 = Debug|Any CPU
		{EF2C0C7D-3FFE-4884-9AAC-7622FEE66809}.Release|Any CPU.ActiveCfg = Release|Any CPU
		{EF2C0C7D-3FFE-4884-9AAC-7622FEE66809}.Release|Any CPU.Build.0 = Release|Any CPU
		{FDBDC52D-6A55-4531-9899-A5DCB0E09F15}.Debug|Any CPU.ActiveCfg = Debug|Any CPU
		{FDBDC52D-6A55-4531-9899-A5DCB0E09F15}.Debug|Any CPU.Build.0 = Debug|Any CPU
		{FDBDC52D-6A55-4531-9899-A5DCB0E09F15}.Release|Any CPU.ActiveCfg = Release|Any CPU
		{FDBDC52D-6A55-4531-9899-A5DCB0E09F15}.Release|Any CPU.Build.0 = Release|Any CPU
		{50DAA3F0-3BAD-433A-B4B2-4A38DEF9DFAF}.Debug|Any CPU.ActiveCfg = Debug|Any CPU
		{50DAA3F0-3BAD-433A-B4B2-4A38DEF9DFAF}.Debug|Any CPU.Build.0 = Debug|Any CPU
		{50DAA3F0-3BAD-433A-B4B2-4A38DEF9DFAF}.Release|Any CPU.ActiveCfg = Release|Any CPU
		{50DAA3F0-3BAD-433A-B4B2-4A38DEF9DFAF}.Release|Any CPU.Build.0 = Release|Any CPU
		{E5718A59-1466-4B36-BA76-F596F550B19B}.Debug|Any CPU.ActiveCfg = Debug|Any CPU
		{E5718A59-1466-4B36-BA76-F596F550B19B}.Debug|Any CPU.Build.0 = Debug|Any CPU
		{E5718A59-1466-4B36-BA76-F596F550B19B}.Release|Any CPU.ActiveCfg = Release|Any CPU
		{E5718A59-1466-4B36-BA76-F596F550B19B}.Release|Any CPU.Build.0 = Release|Any CPU
		{749ADF14-7D11-4380-AB64-CEB61DFF2A73}.Debug|Any CPU.ActiveCfg = Debug|Any CPU
		{749ADF14-7D11-4380-AB64-CEB61DFF2A73}.Debug|Any CPU.Build.0 = Debug|Any CPU
		{749ADF14-7D11-4380-AB64-CEB61DFF2A73}.Release|Any CPU.ActiveCfg = Release|Any CPU
		{749ADF14-7D11-4380-AB64-CEB61DFF2A73}.Release|Any CPU.Build.0 = Release|Any CPU
		{374C996D-59C3-426D-B6BD-D884348BE7C8}.Debug|Any CPU.ActiveCfg = Debug|Any CPU
		{374C996D-59C3-426D-B6BD-D884348BE7C8}.Debug|Any CPU.Build.0 = Debug|Any CPU
		{374C996D-59C3-426D-B6BD-D884348BE7C8}.Release|Any CPU.ActiveCfg = Release|Any CPU
		{374C996D-59C3-426D-B6BD-D884348BE7C8}.Release|Any CPU.Build.0 = Release|Any CPU
		{6D772B52-DA8F-4784-971A-4BF50CB6D306}.Debug|Any CPU.ActiveCfg = Debug|Any CPU
		{6D772B52-DA8F-4784-971A-4BF50CB6D306}.Debug|Any CPU.Build.0 = Debug|Any CPU
		{6D772B52-DA8F-4784-971A-4BF50CB6D306}.Release|Any CPU.ActiveCfg = Release|Any CPU
		{6D772B52-DA8F-4784-971A-4BF50CB6D306}.Release|Any CPU.Build.0 = Release|Any CPU
	EndGlobalSection
	GlobalSection(SolutionProperties) = preSolution
		HideSolutionNode = FALSE
	EndGlobalSection
	GlobalSection(NestedProjects) = preSolution
		{7A82B446-E050-4373-AA06-F8B62EE1E40C} = {46FCE374-4F92-4E25-A390-C3046361BB15}
		{EF2C0C7D-3FFE-4884-9AAC-7622FEE66809} = {46FCE374-4F92-4E25-A390-C3046361BB15}
		{FDBDC52D-6A55-4531-9899-A5DCB0E09F15} = {46FCE374-4F92-4E25-A390-C3046361BB15}
		{50DAA3F0-3BAD-433A-B4B2-4A38DEF9DFAF} = {46FCE374-4F92-4E25-A390-C3046361BB15}
		{749ADF14-7D11-4380-AB64-CEB61DFF2A73} = {C0311D53-1DCC-49C5-9328-8F26B1E744A7}
		{E5718A59-1466-4B36-BA76-F596F550B19B} = {C0311D53-1DCC-49C5-9328-8F26B1E744A7}
		{374C996D-59C3-426D-B6BD-D884348BE7C8} = {2C46E914-5F18-4337-987F-CDE25FD24EE1}
	EndGlobalSection
EndGlobal
