
Microsoft Visual Studio Solution File, Format Version 11.00
# Visual Studio 2010
Project("{FAE04EC0-301F-11D3-BF4B-00C04F79EFBC}") = "Caliburn.Micro.PackageBuilder", "Caliburn.Micro.PackageBuilder\Caliburn.Micro.PackageBuilder.csproj", "{845500FE-B9B5-4A14-8912-31162854C1E0}"
EndProject
Global
	GlobalSection(SolutionConfigurationPlatforms) = preSolution
		Debug|x86 = Debug|x86
		Release|x86 = Release|x86
	EndGlobalSection
	GlobalSection(ProjectConfigurationPlatforms) = postSolution
		{845500FE-B9B5-4A14-8912-31162854C1E0}.Debug|x86.ActiveCfg = Debug|x86
		{845500FE-B9B5-4A14-8912-31162854C1E0}.Debug|x86.Build.0 = Debug|x86
		{845500FE-B9B5-4A14-8912-31162854C1E0}.Release|x86.ActiveCfg = Release|x86
		{845500FE-B9B5-4A14-8912-31162854C1E0}.Release|x86.Build.0 = Release|x86
	EndGlobalSection
	GlobalSection(SolutionProperties) = preSolution
		HideSolutionNode = FALSE
	EndGlobalSection
EndGlobal
