
Microsoft Visual Studio Solution File, Format Version 12.00
# Visual Studio 14
VisualStudioVersion = 14.0.24720.0
MinimumVisualStudioVersion = 10.0.40219.1
Project("{D954291E-2A0B-460D-934E-DC6B0785DB48}") = "Features.CrossPlatform.Shared", "Features.CrossPlatform.Shared\Features.CrossPlatform.Shared.shproj", "{7BDAB9D6-294B-4AA5-A7F5-3B2992E1D5D2}"
EndProject
Project("{FAE04EC0-301F-11D3-BF4B-00C04F79EFBC}") = "Features.UWP", "Features.UWP\Features.UWP.csproj", "{FFAC51BE-42E4-4BD3-96AA-96FE2A7853AC}"
EndProject
Project("{FAE04EC0-301F-11D3-BF4B-00C04F79EFBC}") = "Features.WindowsPhone.WindowsRuntime", "Features.WindowsPhone.WindowsRuntime\Features.WindowsPhone.WindowsRuntime.csproj", "{C8659AFD-A409-42C0-AE82-EDF2C4BE75D8}"
EndProject
Project("{FAE04EC0-301F-11D3-BF4B-00C04F79EFBC}") = "Features.WindowsRuntime", "Features.WindowsRuntime\Features.WindowsRuntime.csproj", "{25A8FF89-51D1-45EF-BE87-DA8C0A47B968}"
EndProject
Project("{FAE04EC0-301F-11D3-BF4B-00C04F79EFBC}") = "Features.WindowsPhone.Silverlight", "Features.WindowsPhone.Silverlight\Features.WindowsPhone.Silverlight.csproj", "{C06D7F16-2437-4B5F-AD2D-DB6557F274F8}"
EndProject
Project("{FAE04EC0-301F-11D3-BF4B-00C04F79EFBC}") = "Features.Silverlight", "Features.Silverlight\Features.Silverlight.csproj", "{1EE577B7-EFBB-4181-8E36-0AACC4AC74A2}"
EndProject
Project("{FAE04EC0-301F-11D3-BF4B-00C04F79EFBC}") = "Features.WPF", "Features.WPF\Features.WPF.csproj", "{3BAE54C3-20A6-40A8-93BE-B324FED7D3FC}"
EndProject
Project("{2150E333-8FDC-42A3-9474-1A3956D46DE8}") = "Xamarin.Forms", "Xamarin.Forms", "{40BB5901-B77A-4844-96EA-538A1B885D2C}"
EndProject
Project("{D954291E-2A0B-460D-934E-DC6B0785DB48}") = "Features.Forms", "Features.Forms\Features.Forms\Features.Forms.shproj", "{AED0F189-E321-4D50-B4DC-36023D91BA0A}"
EndProject
Project("{FAE04EC0-301F-11D3-BF4B-00C04F79EFBC}") = "Features.Forms.WinPhone", "Features.Forms\Features.Forms.WinPhone\Features.Forms.WinPhone.csproj", "{C9C71259-FD68-4E77-9A11-1D2281C6FF61}"
EndProject
Project("{FAE04EC0-301F-11D3-BF4B-00C04F79EFBC}") = "Features.Forms.Droid", "Features.Forms\Features.Forms.Droid\Features.Forms.Droid.csproj", "{BA8D0382-D9B6-4ED8-B9A7-ABA7D106DE6F}"
EndProject
Project("{FAE04EC0-301F-11D3-BF4B-00C04F79EFBC}") = "Features.Forms.iOS", "Features.Forms\Features.Forms.iOS\Features.Forms.iOS.csproj", "{098D8242-A354-4328-B11E-0306AEAD3014}"
EndProject
Global
	GlobalSection(SharedMSBuildProjectFiles) = preSolution
		Features.CrossPlatform.Shared\Features.CrossPlatform.Shared.projitems*{c8659afd-a409-42c0-ae82-edf2c4be75d8}*SharedItemsImports = 4
		Features.CrossPlatform.Shared\Features.CrossPlatform.Shared.projitems*{3bae54c3-20a6-40a8-93be-b324fed7d3fc}*SharedItemsImports = 4
		Features.CrossPlatform.Shared\Features.CrossPlatform.Shared.projitems*{098d8242-a354-4328-b11e-0306aead3014}*SharedItemsImports = 4
		Features.Forms\Features.Forms\Features.Forms.projitems*{098d8242-a354-4328-b11e-0306aead3014}*SharedItemsImports = 4
		Features.CrossPlatform.Shared\Features.CrossPlatform.Shared.projitems*{25a8ff89-51d1-45ef-be87-da8c0a47b968}*SharedItemsImports = 4
		Features.CrossPlatform.Shared\Features.CrossPlatform.Shared.projitems*{ba8d0382-d9b6-4ed8-b9a7-aba7d106de6f}*SharedItemsImports = 4
		Features.Forms\Features.Forms\Features.Forms.projitems*{ba8d0382-d9b6-4ed8-b9a7-aba7d106de6f}*SharedItemsImports = 4
		Features.CrossPlatform.Shared\Features.CrossPlatform.Shared.projitems*{1ee577b7-efbb-4181-8e36-0aacc4ac74a2}*SharedItemsImports = 4
		Features.CrossPlatform.Shared\Features.CrossPlatform.Shared.projitems*{c9c71259-fd68-4e77-9a11-1d2281c6ff61}*SharedItemsImports = 4
		Features.Forms\Features.Forms\Features.Forms.projitems*{c9c71259-fd68-4e77-9a11-1d2281c6ff61}*SharedItemsImports = 4
		Features.CrossPlatform.Shared\Features.CrossPlatform.Shared.projitems*{ffac51be-42e4-4bd3-96aa-96fe2a7853ac}*SharedItemsImports = 4
		Features.CrossPlatform.Shared\Features.CrossPlatform.Shared.projitems*{c06d7f16-2437-4b5f-ad2d-db6557f274f8}*SharedItemsImports = 4
		Features.CrossPlatform.Shared\Features.CrossPlatform.Shared.projitems*{7bdab9d6-294b-4aa5-a7f5-3b2992e1d5d2}*SharedItemsImports = 13
		Features.Forms\Features.Forms\Features.Forms.projitems*{aed0f189-e321-4d50-b4dc-36023d91ba0a}*SharedItemsImports = 13
	EndGlobalSection
	GlobalSection(SolutionConfigurationPlatforms) = preSolution
		Ad-Hoc|Any CPU = Ad-Hoc|Any CPU
		Ad-Hoc|ARM = Ad-Hoc|ARM
		Ad-Hoc|iPhone = Ad-Hoc|iPhone
		Ad-Hoc|iPhoneSimulator = Ad-Hoc|iPhoneSimulator
		Ad-Hoc|x64 = Ad-Hoc|x64
		Ad-Hoc|x86 = Ad-Hoc|x86
		AppStore|Any CPU = AppStore|Any CPU
		AppStore|ARM = AppStore|ARM
		AppStore|iPhone = AppStore|iPhone
		AppStore|iPhoneSimulator = AppStore|iPhoneSimulator
		AppStore|x64 = AppStore|x64
		AppStore|x86 = AppStore|x86
		Debug|Any CPU = Debug|Any CPU
		Debug|ARM = Debug|ARM
		Debug|iPhone = Debug|iPhone
		Debug|iPhoneSimulator = Debug|iPhoneSimulator
		Debug|x64 = Debug|x64
		Debug|x86 = Debug|x86
		Release|Any CPU = Release|Any CPU
		Release|ARM = Release|ARM
		Release|iPhone = Release|iPhone
		Release|iPhoneSimulator = Release|iPhoneSimulator
		Release|x64 = Release|x64
		Release|x86 = Release|x86
	EndGlobalSection
	GlobalSection(ProjectConfigurationPlatforms) = postSolution
		{FFAC51BE-42E4-4BD3-96AA-96FE2A7853AC}.Ad-Hoc|Any CPU.ActiveCfg = Release|x64
		{FFAC51BE-42E4-4BD3-96AA-96FE2A7853AC}.Ad-Hoc|Any CPU.Build.0 = Release|x64
		{FFAC51BE-42E4-4BD3-96AA-96FE2A7853AC}.Ad-Hoc|Any CPU.Deploy.0 = Release|x64
		{FFAC51BE-42E4-4BD3-96AA-96FE2A7853AC}.Ad-Hoc|ARM.ActiveCfg = Release|ARM
		{FFAC51BE-42E4-4BD3-96AA-96FE2A7853AC}.Ad-Hoc|ARM.Build.0 = Release|ARM
		{FFAC51BE-42E4-4BD3-96AA-96FE2A7853AC}.Ad-Hoc|ARM.Deploy.0 = Release|ARM
		{FFAC51BE-42E4-4BD3-96AA-96FE2A7853AC}.Ad-Hoc|iPhone.ActiveCfg = Release|x64
		{FFAC51BE-42E4-4BD3-96AA-96FE2A7853AC}.Ad-Hoc|iPhone.Build.0 = Release|x64
		{FFAC51BE-42E4-4BD3-96AA-96FE2A7853AC}.Ad-Hoc|iPhone.Deploy.0 = Release|x64
		{FFAC51BE-42E4-4BD3-96AA-96FE2A7853AC}.Ad-Hoc|iPhoneSimulator.ActiveCfg = Release|x64
		{FFAC51BE-42E4-4BD3-96AA-96FE2A7853AC}.Ad-Hoc|iPhoneSimulator.Build.0 = Release|x64
		{FFAC51BE-42E4-4BD3-96AA-96FE2A7853AC}.Ad-Hoc|iPhoneSimulator.Deploy.0 = Release|x64
		{FFAC51BE-42E4-4BD3-96AA-96FE2A7853AC}.Ad-Hoc|x64.ActiveCfg = Release|x64
		{FFAC51BE-42E4-4BD3-96AA-96FE2A7853AC}.Ad-Hoc|x64.Build.0 = Release|x64
		{FFAC51BE-42E4-4BD3-96AA-96FE2A7853AC}.Ad-Hoc|x64.Deploy.0 = Release|x64
		{FFAC51BE-42E4-4BD3-96AA-96FE2A7853AC}.Ad-Hoc|x86.ActiveCfg = Release|x86
		{FFAC51BE-42E4-4BD3-96AA-96FE2A7853AC}.Ad-Hoc|x86.Build.0 = Release|x86
		{FFAC51BE-42E4-4BD3-96AA-96FE2A7853AC}.Ad-Hoc|x86.Deploy.0 = Release|x86
		{FFAC51BE-42E4-4BD3-96AA-96FE2A7853AC}.AppStore|Any CPU.ActiveCfg = Release|x64
		{FFAC51BE-42E4-4BD3-96AA-96FE2A7853AC}.AppStore|Any CPU.Build.0 = Release|x64
		{FFAC51BE-42E4-4BD3-96AA-96FE2A7853AC}.AppStore|Any CPU.Deploy.0 = Release|x64
		{FFAC51BE-42E4-4BD3-96AA-96FE2A7853AC}.AppStore|ARM.ActiveCfg = Release|ARM
		{FFAC51BE-42E4-4BD3-96AA-96FE2A7853AC}.AppStore|ARM.Build.0 = Release|ARM
		{FFAC51BE-42E4-4BD3-96AA-96FE2A7853AC}.AppStore|ARM.Deploy.0 = Release|ARM
		{FFAC51BE-42E4-4BD3-96AA-96FE2A7853AC}.AppStore|iPhone.ActiveCfg = Release|x64
		{FFAC51BE-42E4-4BD3-96AA-96FE2A7853AC}.AppStore|iPhone.Build.0 = Release|x64
		{FFAC51BE-42E4-4BD3-96AA-96FE2A7853AC}.AppStore|iPhone.Deploy.0 = Release|x64
		{FFAC51BE-42E4-4BD3-96AA-96FE2A7853AC}.AppStore|iPhoneSimulator.ActiveCfg = Release|x64
		{FFAC51BE-42E4-4BD3-96AA-96FE2A7853AC}.AppStore|iPhoneSimulator.Build.0 = Release|x64
		{FFAC51BE-42E4-4BD3-96AA-96FE2A7853AC}.AppStore|iPhoneSimulator.Deploy.0 = Release|x64
		{FFAC51BE-42E4-4BD3-96AA-96FE2A7853AC}.AppStore|x64.ActiveCfg = Release|x64
		{FFAC51BE-42E4-4BD3-96AA-96FE2A7853AC}.AppStore|x64.Build.0 = Release|x64
		{FFAC51BE-42E4-4BD3-96AA-96FE2A7853AC}.AppStore|x64.Deploy.0 = Release|x64
		{FFAC51BE-42E4-4BD3-96AA-96FE2A7853AC}.AppStore|x86.ActiveCfg = Release|x86
		{FFAC51BE-42E4-4BD3-96AA-96FE2A7853AC}.AppStore|x86.Build.0 = Release|x86
		{FFAC51BE-42E4-4BD3-96AA-96FE2A7853AC}.AppStore|x86.Deploy.0 = Release|x86
		{FFAC51BE-42E4-4BD3-96AA-96FE2A7853AC}.Debug|Any CPU.ActiveCfg = Debug|x86
		{FFAC51BE-42E4-4BD3-96AA-96FE2A7853AC}.Debug|ARM.ActiveCfg = Debug|ARM
		{FFAC51BE-42E4-4BD3-96AA-96FE2A7853AC}.Debug|ARM.Build.0 = Debug|ARM
		{FFAC51BE-42E4-4BD3-96AA-96FE2A7853AC}.Debug|ARM.Deploy.0 = Debug|ARM
		{FFAC51BE-42E4-4BD3-96AA-96FE2A7853AC}.Debug|iPhone.ActiveCfg = Debug|x86
		{FFAC51BE-42E4-4BD3-96AA-96FE2A7853AC}.Debug|iPhoneSimulator.ActiveCfg = Debug|x86
		{FFAC51BE-42E4-4BD3-96AA-96FE2A7853AC}.Debug|x64.ActiveCfg = Debug|x64
		{FFAC51BE-42E4-4BD3-96AA-96FE2A7853AC}.Debug|x64.Build.0 = Debug|x64
		{FFAC51BE-42E4-4BD3-96AA-96FE2A7853AC}.Debug|x64.Deploy.0 = Debug|x64
		{FFAC51BE-42E4-4BD3-96AA-96FE2A7853AC}.Debug|x86.ActiveCfg = Debug|x86
		{FFAC51BE-42E4-4BD3-96AA-96FE2A7853AC}.Debug|x86.Build.0 = Debug|x86
		{FFAC51BE-42E4-4BD3-96AA-96FE2A7853AC}.Debug|x86.Deploy.0 = Debug|x86
		{FFAC51BE-42E4-4BD3-96AA-96FE2A7853AC}.Release|Any CPU.ActiveCfg = Release|x86
		{FFAC51BE-42E4-4BD3-96AA-96FE2A7853AC}.Release|ARM.ActiveCfg = Release|ARM
		{FFAC51BE-42E4-4BD3-96AA-96FE2A7853AC}.Release|ARM.Build.0 = Release|ARM
		{FFAC51BE-42E4-4BD3-96AA-96FE2A7853AC}.Release|ARM.Deploy.0 = Release|ARM
		{FFAC51BE-42E4-4BD3-96AA-96FE2A7853AC}.Release|iPhone.ActiveCfg = Release|x86
		{FFAC51BE-42E4-4BD3-96AA-96FE2A7853AC}.Release|iPhoneSimulator.ActiveCfg = Release|x86
		{FFAC51BE-42E4-4BD3-96AA-96FE2A7853AC}.Release|x64.ActiveCfg = Release|x64
		{FFAC51BE-42E4-4BD3-96AA-96FE2A7853AC}.Release|x64.Build.0 = Release|x64
		{FFAC51BE-42E4-4BD3-96AA-96FE2A7853AC}.Release|x64.Deploy.0 = Release|x64
		{FFAC51BE-42E4-4BD3-96AA-96FE2A7853AC}.Release|x86.ActiveCfg = Release|x86
		{FFAC51BE-42E4-4BD3-96AA-96FE2A7853AC}.Release|x86.Build.0 = Release|x86
		{FFAC51BE-42E4-4BD3-96AA-96FE2A7853AC}.Release|x86.Deploy.0 = Release|x86
		{C8659AFD-A409-42C0-AE82-EDF2C4BE75D8}.Ad-Hoc|Any CPU.ActiveCfg = Release|Any CPU
		{C8659AFD-A409-42C0-AE82-EDF2C4BE75D8}.Ad-Hoc|Any CPU.Build.0 = Release|Any CPU
		{C8659AFD-A409-42C0-AE82-EDF2C4BE75D8}.Ad-Hoc|Any CPU.Deploy.0 = Release|Any CPU
		{C8659AFD-A409-42C0-AE82-EDF2C4BE75D8}.Ad-Hoc|ARM.ActiveCfg = Release|ARM
		{C8659AFD-A409-42C0-AE82-EDF2C4BE75D8}.Ad-Hoc|ARM.Build.0 = Release|ARM
		{C8659AFD-A409-42C0-AE82-EDF2C4BE75D8}.Ad-Hoc|ARM.Deploy.0 = Release|ARM
		{C8659AFD-A409-42C0-AE82-EDF2C4BE75D8}.Ad-Hoc|iPhone.ActiveCfg = Release|Any CPU
		{C8659AFD-A409-42C0-AE82-EDF2C4BE75D8}.Ad-Hoc|iPhone.Build.0 = Release|Any CPU
		{C8659AFD-A409-42C0-AE82-EDF2C4BE75D8}.Ad-Hoc|iPhone.Deploy.0 = Release|Any CPU
		{C8659AFD-A409-42C0-AE82-EDF2C4BE75D8}.Ad-Hoc|iPhoneSimulator.ActiveCfg = Release|Any CPU
		{C8659AFD-A409-42C0-AE82-EDF2C4BE75D8}.Ad-Hoc|iPhoneSimulator.Build.0 = Release|Any CPU
		{C8659AFD-A409-42C0-AE82-EDF2C4BE75D8}.Ad-Hoc|iPhoneSimulator.Deploy.0 = Release|Any CPU
		{C8659AFD-A409-42C0-AE82-EDF2C4BE75D8}.Ad-Hoc|x64.ActiveCfg = Release|Any CPU
		{C8659AFD-A409-42C0-AE82-EDF2C4BE75D8}.Ad-Hoc|x64.Build.0 = Release|Any CPU
		{C8659AFD-A409-42C0-AE82-EDF2C4BE75D8}.Ad-Hoc|x64.Deploy.0 = Release|Any CPU
		{C8659AFD-A409-42C0-AE82-EDF2C4BE75D8}.Ad-Hoc|x86.ActiveCfg = Release|x86
		{C8659AFD-A409-42C0-AE82-EDF2C4BE75D8}.Ad-Hoc|x86.Build.0 = Release|x86
		{C8659AFD-A409-42C0-AE82-EDF2C4BE75D8}.Ad-Hoc|x86.Deploy.0 = Release|x86
		{C8659AFD-A409-42C0-AE82-EDF2C4BE75D8}.AppStore|Any CPU.ActiveCfg = Release|Any CPU
		{C8659AFD-A409-42C0-AE82-EDF2C4BE75D8}.AppStore|Any CPU.Build.0 = Release|Any CPU
		{C8659AFD-A409-42C0-AE82-EDF2C4BE75D8}.AppStore|Any CPU.Deploy.0 = Release|Any CPU
		{C8659AFD-A409-42C0-AE82-EDF2C4BE75D8}.AppStore|ARM.ActiveCfg = Release|ARM
		{C8659AFD-A409-42C0-AE82-EDF2C4BE75D8}.AppStore|ARM.Build.0 = Release|ARM
		{C8659AFD-A409-42C0-AE82-EDF2C4BE75D8}.AppStore|ARM.Deploy.0 = Release|ARM
		{C8659AFD-A409-42C0-AE82-EDF2C4BE75D8}.AppStore|iPhone.ActiveCfg = Release|Any CPU
		{C8659AFD-A409-42C0-AE82-EDF2C4BE75D8}.AppStore|iPhone.Build.0 = Release|Any CPU
		{C8659AFD-A409-42C0-AE82-EDF2C4BE75D8}.AppStore|iPhone.Deploy.0 = Release|Any CPU
		{C8659AFD-A409-42C0-AE82-EDF2C4BE75D8}.AppStore|iPhoneSimulator.ActiveCfg = Release|Any CPU
		{C8659AFD-A409-42C0-AE82-EDF2C4BE75D8}.AppStore|iPhoneSimulator.Build.0 = Release|Any CPU
		{C8659AFD-A409-42C0-AE82-EDF2C4BE75D8}.AppStore|iPhoneSimulator.Deploy.0 = Release|Any CPU
		{C8659AFD-A409-42C0-AE82-EDF2C4BE75D8}.AppStore|x64.ActiveCfg = Release|Any CPU
		{C8659AFD-A409-42C0-AE82-EDF2C4BE75D8}.AppStore|x64.Build.0 = Release|Any CPU
		{C8659AFD-A409-42C0-AE82-EDF2C4BE75D8}.AppStore|x64.Deploy.0 = Release|Any CPU
		{C8659AFD-A409-42C0-AE82-EDF2C4BE75D8}.AppStore|x86.ActiveCfg = Release|x86
		{C8659AFD-A409-42C0-AE82-EDF2C4BE75D8}.AppStore|x86.Build.0 = Release|x86
		{C8659AFD-A409-42C0-AE82-EDF2C4BE75D8}.AppStore|x86.Deploy.0 = Release|x86
		{C8659AFD-A409-42C0-AE82-EDF2C4BE75D8}.Debug|Any CPU.ActiveCfg = Debug|Any CPU
		{C8659AFD-A409-42C0-AE82-EDF2C4BE75D8}.Debug|Any CPU.Build.0 = Debug|Any CPU
		{C8659AFD-A409-42C0-AE82-EDF2C4BE75D8}.Debug|Any CPU.Deploy.0 = Debug|Any CPU
		{C8659AFD-A409-42C0-AE82-EDF2C4BE75D8}.Debug|ARM.ActiveCfg = Debug|ARM
		{C8659AFD-A409-42C0-AE82-EDF2C4BE75D8}.Debug|ARM.Build.0 = Debug|ARM
		{C8659AFD-A409-42C0-AE82-EDF2C4BE75D8}.Debug|ARM.Deploy.0 = Debug|ARM
		{C8659AFD-A409-42C0-AE82-EDF2C4BE75D8}.Debug|iPhone.ActiveCfg = Debug|Any CPU
		{C8659AFD-A409-42C0-AE82-EDF2C4BE75D8}.Debug|iPhone.Build.0 = Debug|Any CPU
		{C8659AFD-A409-42C0-AE82-EDF2C4BE75D8}.Debug|iPhone.Deploy.0 = Debug|Any CPU
		{C8659AFD-A409-42C0-AE82-EDF2C4BE75D8}.Debug|iPhoneSimulator.ActiveCfg = Debug|Any CPU
		{C8659AFD-A409-42C0-AE82-EDF2C4BE75D8}.Debug|iPhoneSimulator.Build.0 = Debug|Any CPU
		{C8659AFD-A409-42C0-AE82-EDF2C4BE75D8}.Debug|iPhoneSimulator.Deploy.0 = Debug|Any CPU
		{C8659AFD-A409-42C0-AE82-EDF2C4BE75D8}.Debug|x64.ActiveCfg = Debug|Any CPU
		{C8659AFD-A409-42C0-AE82-EDF2C4BE75D8}.Debug|x64.Build.0 = Debug|Any CPU
		{C8659AFD-A409-42C0-AE82-EDF2C4BE75D8}.Debug|x64.Deploy.0 = Debug|Any CPU
		{C8659AFD-A409-42C0-AE82-EDF2C4BE75D8}.Debug|x86.ActiveCfg = Debug|x86
		{C8659AFD-A409-42C0-AE82-EDF2C4BE75D8}.Debug|x86.Build.0 = Debug|x86
		{C8659AFD-A409-42C0-AE82-EDF2C4BE75D8}.Debug|x86.Deploy.0 = Debug|x86
		{C8659AFD-A409-42C0-AE82-EDF2C4BE75D8}.Release|Any CPU.ActiveCfg = Release|Any CPU
		{C8659AFD-A409-42C0-AE82-EDF2C4BE75D8}.Release|Any CPU.Build.0 = Release|Any CPU
		{C8659AFD-A409-42C0-AE82-EDF2C4BE75D8}.Release|Any CPU.Deploy.0 = Release|Any CPU
		{C8659AFD-A409-42C0-AE82-EDF2C4BE75D8}.Release|ARM.ActiveCfg = Release|ARM
		{C8659AFD-A409-42C0-AE82-EDF2C4BE75D8}.Release|ARM.Build.0 = Release|ARM
		{C8659AFD-A409-42C0-AE82-EDF2C4BE75D8}.Release|ARM.Deploy.0 = Release|ARM
		{C8659AFD-A409-42C0-AE82-EDF2C4BE75D8}.Release|iPhone.ActiveCfg = Release|Any CPU
		{C8659AFD-A409-42C0-AE82-EDF2C4BE75D8}.Release|iPhone.Build.0 = Release|Any CPU
		{C8659AFD-A409-42C0-AE82-EDF2C4BE75D8}.Release|iPhone.Deploy.0 = Release|Any CPU
		{C8659AFD-A409-42C0-AE82-EDF2C4BE75D8}.Release|iPhoneSimulator.ActiveCfg = Release|Any CPU
		{C8659AFD-A409-42C0-AE82-EDF2C4BE75D8}.Release|iPhoneSimulator.Build.0 = Release|Any CPU
		{C8659AFD-A409-42C0-AE82-EDF2C4BE75D8}.Release|iPhoneSimulator.Deploy.0 = Release|Any CPU
		{C8659AFD-A409-42C0-AE82-EDF2C4BE75D8}.Release|x64.ActiveCfg = Release|Any CPU
		{C8659AFD-A409-42C0-AE82-EDF2C4BE75D8}.Release|x64.Build.0 = Release|Any CPU
		{C8659AFD-A409-42C0-AE82-EDF2C4BE75D8}.Release|x64.Deploy.0 = Release|Any CPU
		{C8659AFD-A409-42C0-AE82-EDF2C4BE75D8}.Release|x86.ActiveCfg = Release|x86
		{C8659AFD-A409-42C0-AE82-EDF2C4BE75D8}.Release|x86.Build.0 = Release|x86
		{C8659AFD-A409-42C0-AE82-EDF2C4BE75D8}.Release|x86.Deploy.0 = Release|x86
		{25A8FF89-51D1-45EF-BE87-DA8C0A47B968}.Ad-Hoc|Any CPU.ActiveCfg = Release|Any CPU
		{25A8FF89-51D1-45EF-BE87-DA8C0A47B968}.Ad-Hoc|Any CPU.Build.0 = Release|Any CPU
		{25A8FF89-51D1-45EF-BE87-DA8C0A47B968}.Ad-Hoc|Any CPU.Deploy.0 = Release|Any CPU
		{25A8FF89-51D1-45EF-BE87-DA8C0A47B968}.Ad-Hoc|ARM.ActiveCfg = Release|ARM
		{25A8FF89-51D1-45EF-BE87-DA8C0A47B968}.Ad-Hoc|ARM.Build.0 = Release|ARM
		{25A8FF89-51D1-45EF-BE87-DA8C0A47B968}.Ad-Hoc|ARM.Deploy.0 = Release|ARM
		{25A8FF89-51D1-45EF-BE87-DA8C0A47B968}.Ad-Hoc|iPhone.ActiveCfg = Release|Any CPU
		{25A8FF89-51D1-45EF-BE87-DA8C0A47B968}.Ad-Hoc|iPhone.Build.0 = Release|Any CPU
		{25A8FF89-51D1-45EF-BE87-DA8C0A47B968}.Ad-Hoc|iPhone.Deploy.0 = Release|Any CPU
		{25A8FF89-51D1-45EF-BE87-DA8C0A47B968}.Ad-Hoc|iPhoneSimulator.ActiveCfg = Release|Any CPU
		{25A8FF89-51D1-45EF-BE87-DA8C0A47B968}.Ad-Hoc|iPhoneSimulator.Build.0 = Release|Any CPU
		{25A8FF89-51D1-45EF-BE87-DA8C0A47B968}.Ad-Hoc|iPhoneSimulator.Deploy.0 = Release|Any CPU
		{25A8FF89-51D1-45EF-BE87-DA8C0A47B968}.Ad-Hoc|x64.ActiveCfg = Release|x64
		{25A8FF89-51D1-45EF-BE87-DA8C0A47B968}.Ad-Hoc|x64.Build.0 = Release|x64
		{25A8FF89-51D1-45EF-BE87-DA8C0A47B968}.Ad-Hoc|x64.Deploy.0 = Release|x64
		{25A8FF89-51D1-45EF-BE87-DA8C0A47B968}.Ad-Hoc|x86.ActiveCfg = Release|x86
		{25A8FF89-51D1-45EF-BE87-DA8C0A47B968}.Ad-Hoc|x86.Build.0 = Release|x86
		{25A8FF89-51D1-45EF-BE87-DA8C0A47B968}.Ad-Hoc|x86.Deploy.0 = Release|x86
		{25A8FF89-51D1-45EF-BE87-DA8C0A47B968}.AppStore|Any CPU.ActiveCfg = Release|Any CPU
		{25A8FF89-51D1-45EF-BE87-DA8C0A47B968}.AppStore|Any CPU.Build.0 = Release|Any CPU
		{25A8FF89-51D1-45EF-BE87-DA8C0A47B968}.AppStore|Any CPU.Deploy.0 = Release|Any CPU
		{25A8FF89-51D1-45EF-BE87-DA8C0A47B968}.AppStore|ARM.ActiveCfg = Release|ARM
		{25A8FF89-51D1-45EF-BE87-DA8C0A47B968}.AppStore|ARM.Build.0 = Release|ARM
		{25A8FF89-51D1-45EF-BE87-DA8C0A47B968}.AppStore|ARM.Deploy.0 = Release|ARM
		{25A8FF89-51D1-45EF-BE87-DA8C0A47B968}.AppStore|iPhone.ActiveCfg = Release|Any CPU
		{25A8FF89-51D1-45EF-BE87-DA8C0A47B968}.AppStore|iPhone.Build.0 = Release|Any CPU
		{25A8FF89-51D1-45EF-BE87-DA8C0A47B968}.AppStore|iPhone.Deploy.0 = Release|Any CPU
		{25A8FF89-51D1-45EF-BE87-DA8C0A47B968}.AppStore|iPhoneSimulator.ActiveCfg = Release|Any CPU
		{25A8FF89-51D1-45EF-BE87-DA8C0A47B968}.AppStore|iPhoneSimulator.Build.0 = Release|Any CPU
		{25A8FF89-51D1-45EF-BE87-DA8C0A47B968}.AppStore|iPhoneSimulator.Deploy.0 = Release|Any CPU
		{25A8FF89-51D1-45EF-BE87-DA8C0A47B968}.AppStore|x64.ActiveCfg = Release|x64
		{25A8FF89-51D1-45EF-BE87-DA8C0A47B968}.AppStore|x64.Build.0 = Release|x64
		{25A8FF89-51D1-45EF-BE87-DA8C0A47B968}.AppStore|x64.Deploy.0 = Release|x64
		{25A8FF89-51D1-45EF-BE87-DA8C0A47B968}.AppStore|x86.ActiveCfg = Release|x86
		{25A8FF89-51D1-45EF-BE87-DA8C0A47B968}.AppStore|x86.Build.0 = Release|x86
		{25A8FF89-51D1-45EF-BE87-DA8C0A47B968}.AppStore|x86.Deploy.0 = Release|x86
		{25A8FF89-51D1-45EF-BE87-DA8C0A47B968}.Debug|Any CPU.ActiveCfg = Debug|Any CPU
		{25A8FF89-51D1-45EF-BE87-DA8C0A47B968}.Debug|Any CPU.Build.0 = Debug|Any CPU
		{25A8FF89-51D1-45EF-BE87-DA8C0A47B968}.Debug|Any CPU.Deploy.0 = Debug|Any CPU
		{25A8FF89-51D1-45EF-BE87-DA8C0A47B968}.Debug|ARM.ActiveCfg = Debug|ARM
		{25A8FF89-51D1-45EF-BE87-DA8C0A47B968}.Debug|ARM.Build.0 = Debug|ARM
		{25A8FF89-51D1-45EF-BE87-DA8C0A47B968}.Debug|ARM.Deploy.0 = Debug|ARM
		{25A8FF89-51D1-45EF-BE87-DA8C0A47B968}.Debug|iPhone.ActiveCfg = Debug|Any CPU
		{25A8FF89-51D1-45EF-BE87-DA8C0A47B968}.Debug|iPhone.Build.0 = Debug|Any CPU
		{25A8FF89-51D1-45EF-BE87-DA8C0A47B968}.Debug|iPhone.Deploy.0 = Debug|Any CPU
		{25A8FF89-51D1-45EF-BE87-DA8C0A47B968}.Debug|iPhoneSimulator.ActiveCfg = Debug|Any CPU
		{25A8FF89-51D1-45EF-BE87-DA8C0A47B968}.Debug|iPhoneSimulator.Build.0 = Debug|Any CPU
		{25A8FF89-51D1-45EF-BE87-DA8C0A47B968}.Debug|iPhoneSimulator.Deploy.0 = Debug|Any CPU
		{25A8FF89-51D1-45EF-BE87-DA8C0A47B968}.Debug|x64.ActiveCfg = Debug|x64
		{25A8FF89-51D1-45EF-BE87-DA8C0A47B968}.Debug|x64.Build.0 = Debug|x64
		{25A8FF89-51D1-45EF-BE87-DA8C0A47B968}.Debug|x64.Deploy.0 = Debug|x64
		{25A8FF89-51D1-45EF-BE87-DA8C0A47B968}.Debug|x86.ActiveCfg = Debug|x86
		{25A8FF89-51D1-45EF-BE87-DA8C0A47B968}.Debug|x86.Build.0 = Debug|x86
		{25A8FF89-51D1-45EF-BE87-DA8C0A47B968}.Debug|x86.Deploy.0 = Debug|x86
		{25A8FF89-51D1-45EF-BE87-DA8C0A47B968}.Release|Any CPU.ActiveCfg = Release|Any CPU
		{25A8FF89-51D1-45EF-BE87-DA8C0A47B968}.Release|Any CPU.Build.0 = Release|Any CPU
		{25A8FF89-51D1-45EF-BE87-DA8C0A47B968}.Release|Any CPU.Deploy.0 = Release|Any CPU
		{25A8FF89-51D1-45EF-BE87-DA8C0A47B968}.Release|ARM.ActiveCfg = Release|ARM
		{25A8FF89-51D1-45EF-BE87-DA8C0A47B968}.Release|ARM.Build.0 = Release|ARM
		{25A8FF89-51D1-45EF-BE87-DA8C0A47B968}.Release|ARM.Deploy.0 = Release|ARM
		{25A8FF89-51D1-45EF-BE87-DA8C0A47B968}.Release|iPhone.ActiveCfg = Release|Any CPU
		{25A8FF89-51D1-45EF-BE87-DA8C0A47B968}.Release|iPhone.Build.0 = Release|Any CPU
		{25A8FF89-51D1-45EF-BE87-DA8C0A47B968}.Release|iPhone.Deploy.0 = Release|Any CPU
		{25A8FF89-51D1-45EF-BE87-DA8C0A47B968}.Release|iPhoneSimulator.ActiveCfg = Release|Any CPU
		{25A8FF89-51D1-45EF-BE87-DA8C0A47B968}.Release|iPhoneSimulator.Build.0 = Release|Any CPU
		{25A8FF89-51D1-45EF-BE87-DA8C0A47B968}.Release|iPhoneSimulator.Deploy.0 = Release|Any CPU
		{25A8FF89-51D1-45EF-BE87-DA8C0A47B968}.Release|x64.ActiveCfg = Release|x64
		{25A8FF89-51D1-45EF-BE87-DA8C0A47B968}.Release|x64.Build.0 = Release|x64
		{25A8FF89-51D1-45EF-BE87-DA8C0A47B968}.Release|x64.Deploy.0 = Release|x64
		{25A8FF89-51D1-45EF-BE87-DA8C0A47B968}.Release|x86.ActiveCfg = Release|x86
		{25A8FF89-51D1-45EF-BE87-DA8C0A47B968}.Release|x86.Build.0 = Release|x86
		{25A8FF89-51D1-45EF-BE87-DA8C0A47B968}.Release|x86.Deploy.0 = Release|x86
		{C06D7F16-2437-4B5F-AD2D-DB6557F274F8}.Ad-Hoc|Any CPU.ActiveCfg = Release|Any CPU
		{C06D7F16-2437-4B5F-AD2D-DB6557F274F8}.Ad-Hoc|Any CPU.Build.0 = Release|Any CPU
		{C06D7F16-2437-4B5F-AD2D-DB6557F274F8}.Ad-Hoc|Any CPU.Deploy.0 = Release|Any CPU
		{C06D7F16-2437-4B5F-AD2D-DB6557F274F8}.Ad-Hoc|ARM.ActiveCfg = Release|ARM
		{C06D7F16-2437-4B5F-AD2D-DB6557F274F8}.Ad-Hoc|ARM.Build.0 = Release|ARM
		{C06D7F16-2437-4B5F-AD2D-DB6557F274F8}.Ad-Hoc|ARM.Deploy.0 = Release|ARM
		{C06D7F16-2437-4B5F-AD2D-DB6557F274F8}.Ad-Hoc|iPhone.ActiveCfg = Release|Any CPU
		{C06D7F16-2437-4B5F-AD2D-DB6557F274F8}.Ad-Hoc|iPhone.Build.0 = Release|Any CPU
		{C06D7F16-2437-4B5F-AD2D-DB6557F274F8}.Ad-Hoc|iPhone.Deploy.0 = Release|Any CPU
		{C06D7F16-2437-4B5F-AD2D-DB6557F274F8}.Ad-Hoc|iPhoneSimulator.ActiveCfg = Release|Any CPU
		{C06D7F16-2437-4B5F-AD2D-DB6557F274F8}.Ad-Hoc|iPhoneSimulator.Build.0 = Release|Any CPU
		{C06D7F16-2437-4B5F-AD2D-DB6557F274F8}.Ad-Hoc|iPhoneSimulator.Deploy.0 = Release|Any CPU
		{C06D7F16-2437-4B5F-AD2D-DB6557F274F8}.Ad-Hoc|x64.ActiveCfg = Release|Any CPU
		{C06D7F16-2437-4B5F-AD2D-DB6557F274F8}.Ad-Hoc|x64.Build.0 = Release|Any CPU
		{C06D7F16-2437-4B5F-AD2D-DB6557F274F8}.Ad-Hoc|x64.Deploy.0 = Release|Any CPU
		{C06D7F16-2437-4B5F-AD2D-DB6557F274F8}.Ad-Hoc|x86.ActiveCfg = Release|x86
		{C06D7F16-2437-4B5F-AD2D-DB6557F274F8}.Ad-Hoc|x86.Build.0 = Release|x86
		{C06D7F16-2437-4B5F-AD2D-DB6557F274F8}.Ad-Hoc|x86.Deploy.0 = Release|x86
		{C06D7F16-2437-4B5F-AD2D-DB6557F274F8}.AppStore|Any CPU.ActiveCfg = Release|Any CPU
		{C06D7F16-2437-4B5F-AD2D-DB6557F274F8}.AppStore|Any CPU.Build.0 = Release|Any CPU
		{C06D7F16-2437-4B5F-AD2D-DB6557F274F8}.AppStore|Any CPU.Deploy.0 = Release|Any CPU
		{C06D7F16-2437-4B5F-AD2D-DB6557F274F8}.AppStore|ARM.ActiveCfg = Release|ARM
		{C06D7F16-2437-4B5F-AD2D-DB6557F274F8}.AppStore|ARM.Build.0 = Release|ARM
		{C06D7F16-2437-4B5F-AD2D-DB6557F274F8}.AppStore|ARM.Deploy.0 = Release|ARM
		{C06D7F16-2437-4B5F-AD2D-DB6557F274F8}.AppStore|iPhone.ActiveCfg = Release|Any CPU
		{C06D7F16-2437-4B5F-AD2D-DB6557F274F8}.AppStore|iPhone.Build.0 = Release|Any CPU
		{C06D7F16-2437-4B5F-AD2D-DB6557F274F8}.AppStore|iPhone.Deploy.0 = Release|Any CPU
		{C06D7F16-2437-4B5F-AD2D-DB6557F274F8}.AppStore|iPhoneSimulator.ActiveCfg = Release|Any CPU
		{C06D7F16-2437-4B5F-AD2D-DB6557F274F8}.AppStore|iPhoneSimulator.Build.0 = Release|Any CPU
		{C06D7F16-2437-4B5F-AD2D-DB6557F274F8}.AppStore|iPhoneSimulator.Deploy.0 = Release|Any CPU
		{C06D7F16-2437-4B5F-AD2D-DB6557F274F8}.AppStore|x64.ActiveCfg = Release|Any CPU
		{C06D7F16-2437-4B5F-AD2D-DB6557F274F8}.AppStore|x64.Build.0 = Release|Any CPU
		{C06D7F16-2437-4B5F-AD2D-DB6557F274F8}.AppStore|x64.Deploy.0 = Release|Any CPU
		{C06D7F16-2437-4B5F-AD2D-DB6557F274F8}.AppStore|x86.ActiveCfg = Release|x86
		{C06D7F16-2437-4B5F-AD2D-DB6557F274F8}.AppStore|x86.Build.0 = Release|x86
		{C06D7F16-2437-4B5F-AD2D-DB6557F274F8}.AppStore|x86.Deploy.0 = Release|x86
		{C06D7F16-2437-4B5F-AD2D-DB6557F274F8}.Debug|Any CPU.ActiveCfg = Debug|Any CPU
		{C06D7F16-2437-4B5F-AD2D-DB6557F274F8}.Debug|Any CPU.Build.0 = Debug|Any CPU
		{C06D7F16-2437-4B5F-AD2D-DB6557F274F8}.Debug|Any CPU.Deploy.0 = Debug|Any CPU
		{C06D7F16-2437-4B5F-AD2D-DB6557F274F8}.Debug|ARM.ActiveCfg = Debug|ARM
		{C06D7F16-2437-4B5F-AD2D-DB6557F274F8}.Debug|ARM.Build.0 = Debug|ARM
		{C06D7F16-2437-4B5F-AD2D-DB6557F274F8}.Debug|ARM.Deploy.0 = Debug|ARM
		{C06D7F16-2437-4B5F-AD2D-DB6557F274F8}.Debug|iPhone.ActiveCfg = Debug|Any CPU
		{C06D7F16-2437-4B5F-AD2D-DB6557F274F8}.Debug|iPhone.Build.0 = Debug|Any CPU
		{C06D7F16-2437-4B5F-AD2D-DB6557F274F8}.Debug|iPhone.Deploy.0 = Debug|Any CPU
		{C06D7F16-2437-4B5F-AD2D-DB6557F274F8}.Debug|iPhoneSimulator.ActiveCfg = Debug|Any CPU
		{C06D7F16-2437-4B5F-AD2D-DB6557F274F8}.Debug|iPhoneSimulator.Build.0 = Debug|Any CPU
		{C06D7F16-2437-4B5F-AD2D-DB6557F274F8}.Debug|iPhoneSimulator.Deploy.0 = Debug|Any CPU
		{C06D7F16-2437-4B5F-AD2D-DB6557F274F8}.Debug|x64.ActiveCfg = Debug|Any CPU
		{C06D7F16-2437-4B5F-AD2D-DB6557F274F8}.Debug|x64.Build.0 = Debug|Any CPU
		{C06D7F16-2437-4B5F-AD2D-DB6557F274F8}.Debug|x64.Deploy.0 = Debug|Any CPU
		{C06D7F16-2437-4B5F-AD2D-DB6557F274F8}.Debug|x86.ActiveCfg = Debug|x86
		{C06D7F16-2437-4B5F-AD2D-DB6557F274F8}.Debug|x86.Build.0 = Debug|x86
		{C06D7F16-2437-4B5F-AD2D-DB6557F274F8}.Debug|x86.Deploy.0 = Debug|x86
		{C06D7F16-2437-4B5F-AD2D-DB6557F274F8}.Release|Any CPU.ActiveCfg = Release|Any CPU
		{C06D7F16-2437-4B5F-AD2D-DB6557F274F8}.Release|Any CPU.Build.0 = Release|Any CPU
		{C06D7F16-2437-4B5F-AD2D-DB6557F274F8}.Release|Any CPU.Deploy.0 = Release|Any CPU
		{C06D7F16-2437-4B5F-AD2D-DB6557F274F8}.Release|ARM.ActiveCfg = Release|ARM
		{C06D7F16-2437-4B5F-AD2D-DB6557F274F8}.Release|ARM.Build.0 = Release|ARM
		{C06D7F16-2437-4B5F-AD2D-DB6557F274F8}.Release|ARM.Deploy.0 = Release|ARM
		{C06D7F16-2437-4B5F-AD2D-DB6557F274F8}.Release|iPhone.ActiveCfg = Release|Any CPU
		{C06D7F16-2437-4B5F-AD2D-DB6557F274F8}.Release|iPhone.Build.0 = Release|Any CPU
		{C06D7F16-2437-4B5F-AD2D-DB6557F274F8}.Release|iPhone.Deploy.0 = Release|Any CPU
		{C06D7F16-2437-4B5F-AD2D-DB6557F274F8}.Release|iPhoneSimulator.ActiveCfg = Release|Any CPU
		{C06D7F16-2437-4B5F-AD2D-DB6557F274F8}.Release|iPhoneSimulator.Build.0 = Release|Any CPU
		{C06D7F16-2437-4B5F-AD2D-DB6557F274F8}.Release|iPhoneSimulator.Deploy.0 = Release|Any CPU
		{C06D7F16-2437-4B5F-AD2D-DB6557F274F8}.Release|x64.ActiveCfg = Release|Any CPU
		{C06D7F16-2437-4B5F-AD2D-DB6557F274F8}.Release|x64.Build.0 = Release|Any CPU
		{C06D7F16-2437-4B5F-AD2D-DB6557F274F8}.Release|x64.Deploy.0 = Release|Any CPU
		{C06D7F16-2437-4B5F-AD2D-DB6557F274F8}.Release|x86.ActiveCfg = Release|x86
		{C06D7F16-2437-4B5F-AD2D-DB6557F274F8}.Release|x86.Build.0 = Release|x86
		{C06D7F16-2437-4B5F-AD2D-DB6557F274F8}.Release|x86.Deploy.0 = Release|x86
		{1EE577B7-EFBB-4181-8E36-0AACC4AC74A2}.Ad-Hoc|Any CPU.ActiveCfg = Release|Any CPU
		{1EE577B7-EFBB-4181-8E36-0AACC4AC74A2}.Ad-Hoc|Any CPU.Build.0 = Release|Any CPU
		{1EE577B7-EFBB-4181-8E36-0AACC4AC74A2}.Ad-Hoc|ARM.ActiveCfg = Release|Any CPU
		{1EE577B7-EFBB-4181-8E36-0AACC4AC74A2}.Ad-Hoc|ARM.Build.0 = Release|Any CPU
		{1EE577B7-EFBB-4181-8E36-0AACC4AC74A2}.Ad-Hoc|iPhone.ActiveCfg = Release|Any CPU
		{1EE577B7-EFBB-4181-8E36-0AACC4AC74A2}.Ad-Hoc|iPhone.Build.0 = Release|Any CPU
		{1EE577B7-EFBB-4181-8E36-0AACC4AC74A2}.Ad-Hoc|iPhoneSimulator.ActiveCfg = Release|Any CPU
		{1EE577B7-EFBB-4181-8E36-0AACC4AC74A2}.Ad-Hoc|iPhoneSimulator.Build.0 = Release|Any CPU
		{1EE577B7-EFBB-4181-8E36-0AACC4AC74A2}.Ad-Hoc|x64.ActiveCfg = Release|Any CPU
		{1EE577B7-EFBB-4181-8E36-0AACC4AC74A2}.Ad-Hoc|x64.Build.0 = Release|Any CPU
		{1EE577B7-EFBB-4181-8E36-0AACC4AC74A2}.Ad-Hoc|x86.ActiveCfg = Release|Any CPU
		{1EE577B7-EFBB-4181-8E36-0AACC4AC74A2}.Ad-Hoc|x86.Build.0 = Release|Any CPU
		{1EE577B7-EFBB-4181-8E36-0AACC4AC74A2}.AppStore|Any CPU.ActiveCfg = Release|Any CPU
		{1EE577B7-EFBB-4181-8E36-0AACC4AC74A2}.AppStore|Any CPU.Build.0 = Release|Any CPU
		{1EE577B7-EFBB-4181-8E36-0AACC4AC74A2}.AppStore|ARM.ActiveCfg = Release|Any CPU
		{1EE577B7-EFBB-4181-8E36-0AACC4AC74A2}.AppStore|ARM.Build.0 = Release|Any CPU
		{1EE577B7-EFBB-4181-8E36-0AACC4AC74A2}.AppStore|iPhone.ActiveCfg = Release|Any CPU
		{1EE577B7-EFBB-4181-8E36-0AACC4AC74A2}.AppStore|iPhone.Build.0 = Release|Any CPU
		{1EE577B7-EFBB-4181-8E36-0AACC4AC74A2}.AppStore|iPhoneSimulator.ActiveCfg = Release|Any CPU
		{1EE577B7-EFBB-4181-8E36-0AACC4AC74A2}.AppStore|iPhoneSimulator.Build.0 = Release|Any CPU
		{1EE577B7-EFBB-4181-8E36-0AACC4AC74A2}.AppStore|x64.ActiveCfg = Release|Any CPU
		{1EE577B7-EFBB-4181-8E36-0AACC4AC74A2}.AppStore|x64.Build.0 = Release|Any CPU
		{1EE577B7-EFBB-4181-8E36-0AACC4AC74A2}.AppStore|x86.ActiveCfg = Release|Any CPU
		{1EE577B7-EFBB-4181-8E36-0AACC4AC74A2}.AppStore|x86.Build.0 = Release|Any CPU
		{1EE577B7-EFBB-4181-8E36-0AACC4AC74A2}.Debug|Any CPU.ActiveCfg = Debug|Any CPU
		{1EE577B7-EFBB-4181-8E36-0AACC4AC74A2}.Debug|Any CPU.Build.0 = Debug|Any CPU
		{1EE577B7-EFBB-4181-8E36-0AACC4AC74A2}.Debug|ARM.ActiveCfg = Debug|Any CPU
		{1EE577B7-EFBB-4181-8E36-0AACC4AC74A2}.Debug|ARM.Build.0 = Debug|Any CPU
		{1EE577B7-EFBB-4181-8E36-0AACC4AC74A2}.Debug|iPhone.ActiveCfg = Debug|Any CPU
		{1EE577B7-EFBB-4181-8E36-0AACC4AC74A2}.Debug|iPhone.Build.0 = Debug|Any CPU
		{1EE577B7-EFBB-4181-8E36-0AACC4AC74A2}.Debug|iPhoneSimulator.ActiveCfg = Debug|Any CPU
		{1EE577B7-EFBB-4181-8E36-0AACC4AC74A2}.Debug|iPhoneSimulator.Build.0 = Debug|Any CPU
		{1EE577B7-EFBB-4181-8E36-0AACC4AC74A2}.Debug|x64.ActiveCfg = Debug|Any CPU
		{1EE577B7-EFBB-4181-8E36-0AACC4AC74A2}.Debug|x64.Build.0 = Debug|Any CPU
		{1EE577B7-EFBB-4181-8E36-0AACC4AC74A2}.Debug|x86.ActiveCfg = Debug|Any CPU
		{1EE577B7-EFBB-4181-8E36-0AACC4AC74A2}.Debug|x86.Build.0 = Debug|Any CPU
		{1EE577B7-EFBB-4181-8E36-0AACC4AC74A2}.Release|Any CPU.ActiveCfg = Release|Any CPU
		{1EE577B7-EFBB-4181-8E36-0AACC4AC74A2}.Release|Any CPU.Build.0 = Release|Any CPU
		{1EE577B7-EFBB-4181-8E36-0AACC4AC74A2}.Release|ARM.ActiveCfg = Release|Any CPU
		{1EE577B7-EFBB-4181-8E36-0AACC4AC74A2}.Release|ARM.Build.0 = Release|Any CPU
		{1EE577B7-EFBB-4181-8E36-0AACC4AC74A2}.Release|iPhone.ActiveCfg = Release|Any CPU
		{1EE577B7-EFBB-4181-8E36-0AACC4AC74A2}.Release|iPhone.Build.0 = Release|Any CPU
		{1EE577B7-EFBB-4181-8E36-0AACC4AC74A2}.Release|iPhoneSimulator.ActiveCfg = Release|Any CPU
		{1EE577B7-EFBB-4181-8E36-0AACC4AC74A2}.Release|iPhoneSimulator.Build.0 = Release|Any CPU
		{1EE577B7-EFBB-4181-8E36-0AACC4AC74A2}.Release|x64.ActiveCfg = Release|Any CPU
		{1EE577B7-EFBB-4181-8E36-0AACC4AC74A2}.Release|x64.Build.0 = Release|Any CPU
		{1EE577B7-EFBB-4181-8E36-0AACC4AC74A2}.Release|x86.ActiveCfg = Release|Any CPU
		{1EE577B7-EFBB-4181-8E36-0AACC4AC74A2}.Release|x86.Build.0 = Release|Any CPU
		{3BAE54C3-20A6-40A8-93BE-B324FED7D3FC}.Ad-Hoc|Any CPU.ActiveCfg = Release|Any CPU
		{3BAE54C3-20A6-40A8-93BE-B324FED7D3FC}.Ad-Hoc|Any CPU.Build.0 = Release|Any CPU
		{3BAE54C3-20A6-40A8-93BE-B324FED7D3FC}.Ad-Hoc|ARM.ActiveCfg = Release|Any CPU
		{3BAE54C3-20A6-40A8-93BE-B324FED7D3FC}.Ad-Hoc|ARM.Build.0 = Release|Any CPU
		{3BAE54C3-20A6-40A8-93BE-B324FED7D3FC}.Ad-Hoc|iPhone.ActiveCfg = Release|Any CPU
		{3BAE54C3-20A6-40A8-93BE-B324FED7D3FC}.Ad-Hoc|iPhone.Build.0 = Release|Any CPU
		{3BAE54C3-20A6-40A8-93BE-B324FED7D3FC}.Ad-Hoc|iPhoneSimulator.ActiveCfg = Release|Any CPU
		{3BAE54C3-20A6-40A8-93BE-B324FED7D3FC}.Ad-Hoc|iPhoneSimulator.Build.0 = Release|Any CPU
		{3BAE54C3-20A6-40A8-93BE-B324FED7D3FC}.Ad-Hoc|x64.ActiveCfg = Release|Any CPU
		{3BAE54C3-20A6-40A8-93BE-B324FED7D3FC}.Ad-Hoc|x64.Build.0 = Release|Any CPU
		{3BAE54C3-20A6-40A8-93BE-B324FED7D3FC}.Ad-Hoc|x86.ActiveCfg = Release|Any CPU
		{3BAE54C3-20A6-40A8-93BE-B324FED7D3FC}.Ad-Hoc|x86.Build.0 = Release|Any CPU
		{3BAE54C3-20A6-40A8-93BE-B324FED7D3FC}.AppStore|Any CPU.ActiveCfg = Release|Any CPU
		{3BAE54C3-20A6-40A8-93BE-B324FED7D3FC}.AppStore|Any CPU.Build.0 = Release|Any CPU
		{3BAE54C3-20A6-40A8-93BE-B324FED7D3FC}.AppStore|ARM.ActiveCfg = Release|Any CPU
		{3BAE54C3-20A6-40A8-93BE-B324FED7D3FC}.AppStore|ARM.Build.0 = Release|Any CPU
		{3BAE54C3-20A6-40A8-93BE-B324FED7D3FC}.AppStore|iPhone.ActiveCfg = Release|Any CPU
		{3BAE54C3-20A6-40A8-93BE-B324FED7D3FC}.AppStore|iPhone.Build.0 = Release|Any CPU
		{3BAE54C3-20A6-40A8-93BE-B324FED7D3FC}.AppStore|iPhoneSimulator.ActiveCfg = Release|Any CPU
		{3BAE54C3-20A6-40A8-93BE-B324FED7D3FC}.AppStore|iPhoneSimulator.Build.0 = Release|Any CPU
		{3BAE54C3-20A6-40A8-93BE-B324FED7D3FC}.AppStore|x64.ActiveCfg = Release|Any CPU
		{3BAE54C3-20A6-40A8-93BE-B324FED7D3FC}.AppStore|x64.Build.0 = Release|Any CPU
		{3BAE54C3-20A6-40A8-93BE-B324FED7D3FC}.AppStore|x86.ActiveCfg = Release|Any CPU
		{3BAE54C3-20A6-40A8-93BE-B324FED7D3FC}.AppStore|x86.Build.0 = Release|Any CPU
		{3BAE54C3-20A6-40A8-93BE-B324FED7D3FC}.Debug|Any CPU.ActiveCfg = Debug|Any CPU
		{3BAE54C3-20A6-40A8-93BE-B324FED7D3FC}.Debug|Any CPU.Build.0 = Debug|Any CPU
		{3BAE54C3-20A6-40A8-93BE-B324FED7D3FC}.Debug|ARM.ActiveCfg = Debug|Any CPU
		{3BAE54C3-20A6-40A8-93BE-B324FED7D3FC}.Debug|ARM.Build.0 = Debug|Any CPU
		{3BAE54C3-20A6-40A8-93BE-B324FED7D3FC}.Debug|iPhone.ActiveCfg = Debug|Any CPU
		{3BAE54C3-20A6-40A8-93BE-B324FED7D3FC}.Debug|iPhone.Build.0 = Debug|Any CPU
		{3BAE54C3-20A6-40A8-93BE-B324FED7D3FC}.Debug|iPhoneSimulator.ActiveCfg = Debug|Any CPU
		{3BAE54C3-20A6-40A8-93BE-B324FED7D3FC}.Debug|iPhoneSimulator.Build.0 = Debug|Any CPU
		{3BAE54C3-20A6-40A8-93BE-B324FED7D3FC}.Debug|iPhoneSimulator.Deploy.0 = Debug|Any CPU
		{3BAE54C3-20A6-40A8-93BE-B324FED7D3FC}.Debug|x64.ActiveCfg = Debug|Any CPU
		{3BAE54C3-20A6-40A8-93BE-B324FED7D3FC}.Debug|x64.Build.0 = Debug|Any CPU
		{3BAE54C3-20A6-40A8-93BE-B324FED7D3FC}.Debug|x86.ActiveCfg = Debug|Any CPU
		{3BAE54C3-20A6-40A8-93BE-B324FED7D3FC}.Debug|x86.Build.0 = Debug|Any CPU
		{3BAE54C3-20A6-40A8-93BE-B324FED7D3FC}.Release|Any CPU.ActiveCfg = Release|Any CPU
		{3BAE54C3-20A6-40A8-93BE-B324FED7D3FC}.Release|Any CPU.Build.0 = Release|Any CPU
		{3BAE54C3-20A6-40A8-93BE-B324FED7D3FC}.Release|ARM.ActiveCfg = Release|Any CPU
		{3BAE54C3-20A6-40A8-93BE-B324FED7D3FC}.Release|ARM.Build.0 = Release|Any CPU
		{3BAE54C3-20A6-40A8-93BE-B324FED7D3FC}.Release|iPhone.ActiveCfg = Release|Any CPU
		{3BAE54C3-20A6-40A8-93BE-B324FED7D3FC}.Release|iPhone.Build.0 = Release|Any CPU
		{3BAE54C3-20A6-40A8-93BE-B324FED7D3FC}.Release|iPhoneSimulator.ActiveCfg = Release|Any CPU
		{3BAE54C3-20A6-40A8-93BE-B324FED7D3FC}.Release|iPhoneSimulator.Build.0 = Release|Any CPU
		{3BAE54C3-20A6-40A8-93BE-B324FED7D3FC}.Release|x64.ActiveCfg = Release|Any CPU
		{3BAE54C3-20A6-40A8-93BE-B324FED7D3FC}.Release|x64.Build.0 = Release|Any CPU
		{3BAE54C3-20A6-40A8-93BE-B324FED7D3FC}.Release|x86.ActiveCfg = Release|Any CPU
		{3BAE54C3-20A6-40A8-93BE-B324FED7D3FC}.Release|x86.Build.0 = Release|Any CPU
		{C9C71259-FD68-4E77-9A11-1D2281C6FF61}.Ad-Hoc|Any CPU.ActiveCfg = Release|Any CPU
		{C9C71259-FD68-4E77-9A11-1D2281C6FF61}.Ad-Hoc|Any CPU.Build.0 = Release|Any CPU
		{C9C71259-FD68-4E77-9A11-1D2281C6FF61}.Ad-Hoc|Any CPU.Deploy.0 = Release|Any CPU
		{C9C71259-FD68-4E77-9A11-1D2281C6FF61}.Ad-Hoc|ARM.ActiveCfg = Release|ARM
		{C9C71259-FD68-4E77-9A11-1D2281C6FF61}.Ad-Hoc|ARM.Build.0 = Release|ARM
		{C9C71259-FD68-4E77-9A11-1D2281C6FF61}.Ad-Hoc|ARM.Deploy.0 = Release|ARM
		{C9C71259-FD68-4E77-9A11-1D2281C6FF61}.Ad-Hoc|iPhone.ActiveCfg = Release|Any CPU
		{C9C71259-FD68-4E77-9A11-1D2281C6FF61}.Ad-Hoc|iPhone.Build.0 = Release|Any CPU
		{C9C71259-FD68-4E77-9A11-1D2281C6FF61}.Ad-Hoc|iPhone.Deploy.0 = Release|Any CPU
		{C9C71259-FD68-4E77-9A11-1D2281C6FF61}.Ad-Hoc|iPhoneSimulator.ActiveCfg = Release|Any CPU
		{C9C71259-FD68-4E77-9A11-1D2281C6FF61}.Ad-Hoc|iPhoneSimulator.Build.0 = Release|Any CPU
		{C9C71259-FD68-4E77-9A11-1D2281C6FF61}.Ad-Hoc|iPhoneSimulator.Deploy.0 = Release|Any CPU
		{C9C71259-FD68-4E77-9A11-1D2281C6FF61}.Ad-Hoc|x64.ActiveCfg = Release|Any CPU
		{C9C71259-FD68-4E77-9A11-1D2281C6FF61}.Ad-Hoc|x64.Build.0 = Release|Any CPU
		{C9C71259-FD68-4E77-9A11-1D2281C6FF61}.Ad-Hoc|x64.Deploy.0 = Release|Any CPU
		{C9C71259-FD68-4E77-9A11-1D2281C6FF61}.Ad-Hoc|x86.ActiveCfg = Release|x86
		{C9C71259-FD68-4E77-9A11-1D2281C6FF61}.Ad-Hoc|x86.Build.0 = Release|x86
		{C9C71259-FD68-4E77-9A11-1D2281C6FF61}.Ad-Hoc|x86.Deploy.0 = Release|x86
		{C9C71259-FD68-4E77-9A11-1D2281C6FF61}.AppStore|Any CPU.ActiveCfg = Release|Any CPU
		{C9C71259-FD68-4E77-9A11-1D2281C6FF61}.AppStore|Any CPU.Build.0 = Release|Any CPU
		{C9C71259-FD68-4E77-9A11-1D2281C6FF61}.AppStore|Any CPU.Deploy.0 = Release|Any CPU
		{C9C71259-FD68-4E77-9A11-1D2281C6FF61}.AppStore|ARM.ActiveCfg = Release|ARM
		{C9C71259-FD68-4E77-9A11-1D2281C6FF61}.AppStore|ARM.Build.0 = Release|ARM
		{C9C71259-FD68-4E77-9A11-1D2281C6FF61}.AppStore|ARM.Deploy.0 = Release|ARM
		{C9C71259-FD68-4E77-9A11-1D2281C6FF61}.AppStore|iPhone.ActiveCfg = Release|Any CPU
		{C9C71259-FD68-4E77-9A11-1D2281C6FF61}.AppStore|iPhone.Build.0 = Release|Any CPU
		{C9C71259-FD68-4E77-9A11-1D2281C6FF61}.AppStore|iPhone.Deploy.0 = Release|Any CPU
		{C9C71259-FD68-4E77-9A11-1D2281C6FF61}.AppStore|iPhoneSimulator.ActiveCfg = Release|Any CPU
		{C9C71259-FD68-4E77-9A11-1D2281C6FF61}.AppStore|iPhoneSimulator.Build.0 = Release|Any CPU
		{C9C71259-FD68-4E77-9A11-1D2281C6FF61}.AppStore|iPhoneSimulator.Deploy.0 = Release|Any CPU
		{C9C71259-FD68-4E77-9A11-1D2281C6FF61}.AppStore|x64.ActiveCfg = Release|Any CPU
		{C9C71259-FD68-4E77-9A11-1D2281C6FF61}.AppStore|x64.Build.0 = Release|Any CPU
		{C9C71259-FD68-4E77-9A11-1D2281C6FF61}.AppStore|x64.Deploy.0 = Release|Any CPU
		{C9C71259-FD68-4E77-9A11-1D2281C6FF61}.AppStore|x86.ActiveCfg = Release|x86
		{C9C71259-FD68-4E77-9A11-1D2281C6FF61}.AppStore|x86.Build.0 = Release|x86
		{C9C71259-FD68-4E77-9A11-1D2281C6FF61}.AppStore|x86.Deploy.0 = Release|x86
		{C9C71259-FD68-4E77-9A11-1D2281C6FF61}.Debug|Any CPU.ActiveCfg = Debug|Any CPU
		{C9C71259-FD68-4E77-9A11-1D2281C6FF61}.Debug|Any CPU.Build.0 = Debug|Any CPU
		{C9C71259-FD68-4E77-9A11-1D2281C6FF61}.Debug|Any CPU.Deploy.0 = Debug|Any CPU
		{C9C71259-FD68-4E77-9A11-1D2281C6FF61}.Debug|ARM.ActiveCfg = Debug|ARM
		{C9C71259-FD68-4E77-9A11-1D2281C6FF61}.Debug|ARM.Build.0 = Debug|ARM
		{C9C71259-FD68-4E77-9A11-1D2281C6FF61}.Debug|ARM.Deploy.0 = Debug|ARM
		{C9C71259-FD68-4E77-9A11-1D2281C6FF61}.Debug|iPhone.ActiveCfg = Debug|Any CPU
		{C9C71259-FD68-4E77-9A11-1D2281C6FF61}.Debug|iPhone.Build.0 = Debug|Any CPU
		{C9C71259-FD68-4E77-9A11-1D2281C6FF61}.Debug|iPhone.Deploy.0 = Debug|Any CPU
		{C9C71259-FD68-4E77-9A11-1D2281C6FF61}.Debug|iPhoneSimulator.ActiveCfg = Debug|Any CPU
		{C9C71259-FD68-4E77-9A11-1D2281C6FF61}.Debug|iPhoneSimulator.Build.0 = Debug|Any CPU
		{C9C71259-FD68-4E77-9A11-1D2281C6FF61}.Debug|iPhoneSimulator.Deploy.0 = Debug|Any CPU
		{C9C71259-FD68-4E77-9A11-1D2281C6FF61}.Debug|x64.ActiveCfg = Debug|Any CPU
		{C9C71259-FD68-4E77-9A11-1D2281C6FF61}.Debug|x64.Build.0 = Debug|Any CPU
		{C9C71259-FD68-4E77-9A11-1D2281C6FF61}.Debug|x64.Deploy.0 = Debug|Any CPU
		{C9C71259-FD68-4E77-9A11-1D2281C6FF61}.Debug|x86.ActiveCfg = Debug|x86
		{C9C71259-FD68-4E77-9A11-1D2281C6FF61}.Debug|x86.Build.0 = Debug|x86
		{C9C71259-FD68-4E77-9A11-1D2281C6FF61}.Debug|x86.Deploy.0 = Debug|x86
		{C9C71259-FD68-4E77-9A11-1D2281C6FF61}.Release|Any CPU.ActiveCfg = Release|Any CPU
		{C9C71259-FD68-4E77-9A11-1D2281C6FF61}.Release|Any CPU.Build.0 = Release|Any CPU
		{C9C71259-FD68-4E77-9A11-1D2281C6FF61}.Release|Any CPU.Deploy.0 = Release|Any CPU
		{C9C71259-FD68-4E77-9A11-1D2281C6FF61}.Release|ARM.ActiveCfg = Release|ARM
		{C9C71259-FD68-4E77-9A11-1D2281C6FF61}.Release|ARM.Build.0 = Release|ARM
		{C9C71259-FD68-4E77-9A11-1D2281C6FF61}.Release|ARM.Deploy.0 = Release|ARM
		{C9C71259-FD68-4E77-9A11-1D2281C6FF61}.Release|iPhone.ActiveCfg = Release|Any CPU
		{C9C71259-FD68-4E77-9A11-1D2281C6FF61}.Release|iPhone.Build.0 = Release|Any CPU
		{C9C71259-FD68-4E77-9A11-1D2281C6FF61}.Release|iPhone.Deploy.0 = Release|Any CPU
		{C9C71259-FD68-4E77-9A11-1D2281C6FF61}.Release|iPhoneSimulator.ActiveCfg = Release|Any CPU
		{C9C71259-FD68-4E77-9A11-1D2281C6FF61}.Release|iPhoneSimulator.Build.0 = Release|Any CPU
		{C9C71259-FD68-4E77-9A11-1D2281C6FF61}.Release|iPhoneSimulator.Deploy.0 = Release|Any CPU
		{C9C71259-FD68-4E77-9A11-1D2281C6FF61}.Release|x64.ActiveCfg = Release|Any CPU
		{C9C71259-FD68-4E77-9A11-1D2281C6FF61}.Release|x64.Build.0 = Release|Any CPU
		{C9C71259-FD68-4E77-9A11-1D2281C6FF61}.Release|x64.Deploy.0 = Release|Any CPU
		{C9C71259-FD68-4E77-9A11-1D2281C6FF61}.Release|x86.ActiveCfg = Release|x86
		{C9C71259-FD68-4E77-9A11-1D2281C6FF61}.Release|x86.Build.0 = Release|x86
		{C9C71259-FD68-4E77-9A11-1D2281C6FF61}.Release|x86.Deploy.0 = Release|x86
		{BA8D0382-D9B6-4ED8-B9A7-ABA7D106DE6F}.Ad-Hoc|Any CPU.ActiveCfg = Release|Any CPU
		{BA8D0382-D9B6-4ED8-B9A7-ABA7D106DE6F}.Ad-Hoc|Any CPU.Build.0 = Release|Any CPU
		{BA8D0382-D9B6-4ED8-B9A7-ABA7D106DE6F}.Ad-Hoc|Any CPU.Deploy.0 = Release|Any CPU
		{BA8D0382-D9B6-4ED8-B9A7-ABA7D106DE6F}.Ad-Hoc|ARM.ActiveCfg = Release|Any CPU
		{BA8D0382-D9B6-4ED8-B9A7-ABA7D106DE6F}.Ad-Hoc|ARM.Build.0 = Release|Any CPU
		{BA8D0382-D9B6-4ED8-B9A7-ABA7D106DE6F}.Ad-Hoc|ARM.Deploy.0 = Release|Any CPU
		{BA8D0382-D9B6-4ED8-B9A7-ABA7D106DE6F}.Ad-Hoc|iPhone.ActiveCfg = Release|Any CPU
		{BA8D0382-D9B6-4ED8-B9A7-ABA7D106DE6F}.Ad-Hoc|iPhone.Build.0 = Release|Any CPU
		{BA8D0382-D9B6-4ED8-B9A7-ABA7D106DE6F}.Ad-Hoc|iPhone.Deploy.0 = Release|Any CPU
		{BA8D0382-D9B6-4ED8-B9A7-ABA7D106DE6F}.Ad-Hoc|iPhoneSimulator.ActiveCfg = Release|Any CPU
		{BA8D0382-D9B6-4ED8-B9A7-ABA7D106DE6F}.Ad-Hoc|iPhoneSimulator.Build.0 = Release|Any CPU
		{BA8D0382-D9B6-4ED8-B9A7-ABA7D106DE6F}.Ad-Hoc|iPhoneSimulator.Deploy.0 = Release|Any CPU
		{BA8D0382-D9B6-4ED8-B9A7-ABA7D106DE6F}.Ad-Hoc|x64.ActiveCfg = Release|Any CPU
		{BA8D0382-D9B6-4ED8-B9A7-ABA7D106DE6F}.Ad-Hoc|x64.Build.0 = Release|Any CPU
		{BA8D0382-D9B6-4ED8-B9A7-ABA7D106DE6F}.Ad-Hoc|x64.Deploy.0 = Release|Any CPU
		{BA8D0382-D9B6-4ED8-B9A7-ABA7D106DE6F}.Ad-Hoc|x86.ActiveCfg = Release|Any CPU
		{BA8D0382-D9B6-4ED8-B9A7-ABA7D106DE6F}.Ad-Hoc|x86.Build.0 = Release|Any CPU
		{BA8D0382-D9B6-4ED8-B9A7-ABA7D106DE6F}.Ad-Hoc|x86.Deploy.0 = Release|Any CPU
		{BA8D0382-D9B6-4ED8-B9A7-ABA7D106DE6F}.AppStore|Any CPU.ActiveCfg = Release|Any CPU
		{BA8D0382-D9B6-4ED8-B9A7-ABA7D106DE6F}.AppStore|Any CPU.Build.0 = Release|Any CPU
		{BA8D0382-D9B6-4ED8-B9A7-ABA7D106DE6F}.AppStore|Any CPU.Deploy.0 = Release|Any CPU
		{BA8D0382-D9B6-4ED8-B9A7-ABA7D106DE6F}.AppStore|ARM.ActiveCfg = Release|Any CPU
		{BA8D0382-D9B6-4ED8-B9A7-ABA7D106DE6F}.AppStore|ARM.Build.0 = Release|Any CPU
		{BA8D0382-D9B6-4ED8-B9A7-ABA7D106DE6F}.AppStore|ARM.Deploy.0 = Release|Any CPU
		{BA8D0382-D9B6-4ED8-B9A7-ABA7D106DE6F}.AppStore|iPhone.ActiveCfg = Release|Any CPU
		{BA8D0382-D9B6-4ED8-B9A7-ABA7D106DE6F}.AppStore|iPhone.Build.0 = Release|Any CPU
		{BA8D0382-D9B6-4ED8-B9A7-ABA7D106DE6F}.AppStore|iPhone.Deploy.0 = Release|Any CPU
		{BA8D0382-D9B6-4ED8-B9A7-ABA7D106DE6F}.AppStore|iPhoneSimulator.ActiveCfg = Release|Any CPU
		{BA8D0382-D9B6-4ED8-B9A7-ABA7D106DE6F}.AppStore|iPhoneSimulator.Build.0 = Release|Any CPU
		{BA8D0382-D9B6-4ED8-B9A7-ABA7D106DE6F}.AppStore|iPhoneSimulator.Deploy.0 = Release|Any CPU
		{BA8D0382-D9B6-4ED8-B9A7-ABA7D106DE6F}.AppStore|x64.ActiveCfg = Release|Any CPU
		{BA8D0382-D9B6-4ED8-B9A7-ABA7D106DE6F}.AppStore|x64.Build.0 = Release|Any CPU
		{BA8D0382-D9B6-4ED8-B9A7-ABA7D106DE6F}.AppStore|x64.Deploy.0 = Release|Any CPU
		{BA8D0382-D9B6-4ED8-B9A7-ABA7D106DE6F}.AppStore|x86.ActiveCfg = Release|Any CPU
		{BA8D0382-D9B6-4ED8-B9A7-ABA7D106DE6F}.AppStore|x86.Build.0 = Release|Any CPU
		{BA8D0382-D9B6-4ED8-B9A7-ABA7D106DE6F}.AppStore|x86.Deploy.0 = Release|Any CPU
		{BA8D0382-D9B6-4ED8-B9A7-ABA7D106DE6F}.Debug|Any CPU.ActiveCfg = Debug|Any CPU
		{BA8D0382-D9B6-4ED8-B9A7-ABA7D106DE6F}.Debug|Any CPU.Build.0 = Debug|Any CPU
		{BA8D0382-D9B6-4ED8-B9A7-ABA7D106DE6F}.Debug|Any CPU.Deploy.0 = Debug|Any CPU
		{BA8D0382-D9B6-4ED8-B9A7-ABA7D106DE6F}.Debug|ARM.ActiveCfg = Debug|Any CPU
		{BA8D0382-D9B6-4ED8-B9A7-ABA7D106DE6F}.Debug|ARM.Build.0 = Debug|Any CPU
		{BA8D0382-D9B6-4ED8-B9A7-ABA7D106DE6F}.Debug|ARM.Deploy.0 = Debug|Any CPU
		{BA8D0382-D9B6-4ED8-B9A7-ABA7D106DE6F}.Debug|iPhone.ActiveCfg = Debug|Any CPU
		{BA8D0382-D9B6-4ED8-B9A7-ABA7D106DE6F}.Debug|iPhone.Build.0 = Debug|Any CPU
		{BA8D0382-D9B6-4ED8-B9A7-ABA7D106DE6F}.Debug|iPhone.Deploy.0 = Debug|Any CPU
		{BA8D0382-D9B6-4ED8-B9A7-ABA7D106DE6F}.Debug|iPhoneSimulator.ActiveCfg = Debug|Any CPU
		{BA8D0382-D9B6-4ED8-B9A7-ABA7D106DE6F}.Debug|iPhoneSimulator.Build.0 = Debug|Any CPU
		{BA8D0382-D9B6-4ED8-B9A7-ABA7D106DE6F}.Debug|iPhoneSimulator.Deploy.0 = Debug|Any CPU
		{BA8D0382-D9B6-4ED8-B9A7-ABA7D106DE6F}.Debug|x64.ActiveCfg = Debug|Any CPU
		{BA8D0382-D9B6-4ED8-B9A7-ABA7D106DE6F}.Debug|x64.Build.0 = Debug|Any CPU
		{BA8D0382-D9B6-4ED8-B9A7-ABA7D106DE6F}.Debug|x64.Deploy.0 = Debug|Any CPU
		{BA8D0382-D9B6-4ED8-B9A7-ABA7D106DE6F}.Debug|x86.ActiveCfg = Debug|Any CPU
		{BA8D0382-D9B6-4ED8-B9A7-ABA7D106DE6F}.Debug|x86.Build.0 = Debug|Any CPU
		{BA8D0382-D9B6-4ED8-B9A7-ABA7D106DE6F}.Debug|x86.Deploy.0 = Debug|Any CPU
		{BA8D0382-D9B6-4ED8-B9A7-ABA7D106DE6F}.Release|Any CPU.ActiveCfg = Release|Any CPU
		{BA8D0382-D9B6-4ED8-B9A7-ABA7D106DE6F}.Release|Any CPU.Build.0 = Release|Any CPU
		{BA8D0382-D9B6-4ED8-B9A7-ABA7D106DE6F}.Release|Any CPU.Deploy.0 = Release|Any CPU
		{BA8D0382-D9B6-4ED8-B9A7-ABA7D106DE6F}.Release|ARM.ActiveCfg = Release|Any CPU
		{BA8D0382-D9B6-4ED8-B9A7-ABA7D106DE6F}.Release|ARM.Build.0 = Release|Any CPU
		{BA8D0382-D9B6-4ED8-B9A7-ABA7D106DE6F}.Release|ARM.Deploy.0 = Release|Any CPU
		{BA8D0382-D9B6-4ED8-B9A7-ABA7D106DE6F}.Release|iPhone.ActiveCfg = Release|Any CPU
		{BA8D0382-D9B6-4ED8-B9A7-ABA7D106DE6F}.Release|iPhone.Build.0 = Release|Any CPU
		{BA8D0382-D9B6-4ED8-B9A7-ABA7D106DE6F}.Release|iPhone.Deploy.0 = Release|Any CPU
		{BA8D0382-D9B6-4ED8-B9A7-ABA7D106DE6F}.Release|iPhoneSimulator.ActiveCfg = Release|Any CPU
		{BA8D0382-D9B6-4ED8-B9A7-ABA7D106DE6F}.Release|iPhoneSimulator.Build.0 = Release|Any CPU
		{BA8D0382-D9B6-4ED8-B9A7-ABA7D106DE6F}.Release|iPhoneSimulator.Deploy.0 = Release|Any CPU
		{BA8D0382-D9B6-4ED8-B9A7-ABA7D106DE6F}.Release|x64.ActiveCfg = Release|Any CPU
		{BA8D0382-D9B6-4ED8-B9A7-ABA7D106DE6F}.Release|x64.Build.0 = Release|Any CPU
		{BA8D0382-D9B6-4ED8-B9A7-ABA7D106DE6F}.Release|x64.Deploy.0 = Release|Any CPU
		{BA8D0382-D9B6-4ED8-B9A7-ABA7D106DE6F}.Release|x86.ActiveCfg = Release|Any CPU
		{BA8D0382-D9B6-4ED8-B9A7-ABA7D106DE6F}.Release|x86.Build.0 = Release|Any CPU
		{BA8D0382-D9B6-4ED8-B9A7-ABA7D106DE6F}.Release|x86.Deploy.0 = Release|Any CPU
		{098D8242-A354-4328-B11E-0306AEAD3014}.Ad-Hoc|Any CPU.ActiveCfg = Ad-Hoc|iPhone
		{098D8242-A354-4328-B11E-0306AEAD3014}.Ad-Hoc|ARM.ActiveCfg = Ad-Hoc|iPhone
		{098D8242-A354-4328-B11E-0306AEAD3014}.Ad-Hoc|iPhone.ActiveCfg = Ad-Hoc|iPhone
		{098D8242-A354-4328-B11E-0306AEAD3014}.Ad-Hoc|iPhone.Build.0 = Ad-Hoc|iPhone
		{098D8242-A354-4328-B11E-0306AEAD3014}.Ad-Hoc|iPhoneSimulator.ActiveCfg = Ad-Hoc|iPhoneSimulator
		{098D8242-A354-4328-B11E-0306AEAD3014}.Ad-Hoc|iPhoneSimulator.Build.0 = Ad-Hoc|iPhoneSimulator
		{098D8242-A354-4328-B11E-0306AEAD3014}.Ad-Hoc|x64.ActiveCfg = Ad-Hoc|iPhone
		{098D8242-A354-4328-B11E-0306AEAD3014}.Ad-Hoc|x86.ActiveCfg = Ad-Hoc|iPhone
		{098D8242-A354-4328-B11E-0306AEAD3014}.AppStore|Any CPU.ActiveCfg = AppStore|iPhone
		{098D8242-A354-4328-B11E-0306AEAD3014}.AppStore|ARM.ActiveCfg = AppStore|iPhone
		{098D8242-A354-4328-B11E-0306AEAD3014}.AppStore|iPhone.ActiveCfg = AppStore|iPhone
		{098D8242-A354-4328-B11E-0306AEAD3014}.AppStore|iPhone.Build.0 = AppStore|iPhone
		{098D8242-A354-4328-B11E-0306AEAD3014}.AppStore|iPhoneSimulator.ActiveCfg = AppStore|iPhoneSimulator
		{098D8242-A354-4328-B11E-0306AEAD3014}.AppStore|iPhoneSimulator.Build.0 = AppStore|iPhoneSimulator
		{098D8242-A354-4328-B11E-0306AEAD3014}.AppStore|x64.ActiveCfg = AppStore|iPhone
		{098D8242-A354-4328-B11E-0306AEAD3014}.AppStore|x86.ActiveCfg = AppStore|iPhone
		{098D8242-A354-4328-B11E-0306AEAD3014}.Debug|Any CPU.ActiveCfg = Debug|iPhone
		{098D8242-A354-4328-B11E-0306AEAD3014}.Debug|ARM.ActiveCfg = Debug|iPhone
		{098D8242-A354-4328-B11E-0306AEAD3014}.Debug|iPhone.ActiveCfg = Debug|iPhone
		{098D8242-A354-4328-B11E-0306AEAD3014}.Debug|iPhone.Build.0 = Debug|iPhone
		{098D8242-A354-4328-B11E-0306AEAD3014}.Debug|iPhoneSimulator.ActiveCfg = Debug|iPhoneSimulator
		{098D8242-A354-4328-B11E-0306AEAD3014}.Debug|iPhoneSimulator.Build.0 = Debug|iPhoneSimulator
		{098D8242-A354-4328-B11E-0306AEAD3014}.Debug|x64.ActiveCfg = Debug|iPhone
		{098D8242-A354-4328-B11E-0306AEAD3014}.Debug|x86.ActiveCfg = Debug|iPhone
		{098D8242-A354-4328-B11E-0306AEAD3014}.Release|Any CPU.ActiveCfg = Release|iPhone
		{098D8242-A354-4328-B11E-0306AEAD3014}.Release|ARM.ActiveCfg = Release|iPhone
		{098D8242-A354-4328-B11E-0306AEAD3014}.Release|iPhone.ActiveCfg = Release|iPhone
		{098D8242-A354-4328-B11E-0306AEAD3014}.Release|iPhone.Build.0 = Release|iPhone
		{098D8242-A354-4328-B11E-0306AEAD3014}.Release|iPhoneSimulator.ActiveCfg = Release|iPhoneSimulator
		{098D8242-A354-4328-B11E-0306AEAD3014}.Release|iPhoneSimulator.Build.0 = Release|iPhoneSimulator
		{098D8242-A354-4328-B11E-0306AEAD3014}.Release|x64.ActiveCfg = Release|iPhone
		{098D8242-A354-4328-B11E-0306AEAD3014}.Release|x86.ActiveCfg = Release|iPhone
	EndGlobalSection
	GlobalSection(SolutionProperties) = preSolution
		HideSolutionNode = FALSE
	EndGlobalSection
	GlobalSection(NestedProjects) = preSolution
		{AED0F189-E321-4D50-B4DC-36023D91BA0A} = {40BB5901-B77A-4844-96EA-538A1B885D2C}
		{C9C71259-FD68-4E77-9A11-1D2281C6FF61} = {40BB5901-B77A-4844-96EA-538A1B885D2C}
		{BA8D0382-D9B6-4ED8-B9A7-ABA7D106DE6F} = {40BB5901-B77A-4844-96EA-538A1B885D2C}
		{098D8242-A354-4328-B11E-0306AEAD3014} = {40BB5901-B77A-4844-96EA-538A1B885D2C}
	EndGlobalSection
EndGlobal
