
Microsoft Visual Studio Solution File, Format Version 12.00
# Visual Studio Version 16
VisualStudioVersion = 16.0.29613.14
MinimumVisualStudioVersion = 10.0.40219.1
Project("{D954291E-2A0B-460D-934E-DC6B0785DB48}") = "Features.CrossPlatform.Shared", "Features.CrossPlatform.Shared\Features.CrossPlatform.Shared.shproj", "{7BDAB9D6-294B-4AA5-A7F5-3B2992E1D5D2}"
EndProject
Project("{FAE04EC0-301F-11D3-BF4B-00C04F79EFBC}") = "Features.UWP", "Features.UWP\Features.UWP.csproj", "{FFAC51BE-42E4-4BD3-96AA-96FE2A7853AC}"
EndProject
Project("{FAE04EC0-301F-11D3-BF4B-00C04F79EFBC}") = "Features.WPF", "Features.WPF\Features.WPF.csproj", "{3BAE54C3-20A6-40A8-93BE-B324FED7D3FC}"
EndProject
Project("{2150E333-8FDC-42A3-9474-1A3956D46DE8}") = "Xamarin.Forms", "Xamarin.Forms", "{40BB5901-B77A-4844-96EA-538A1B885D2C}"
EndProject
Project("{D954291E-2A0B-460D-934E-DC6B0785DB48}") = "Features.Forms", "Features.Forms\Features.Forms\Features.Forms.shproj", "{AED0F189-E321-4D50-B4DC-36023D91BA0A}"
EndProject
Project("{FAE04EC0-301F-11D3-BF4B-00C04F79EFBC}") = "Features.Forms.iOS", "Features.Forms\Features.Forms.iOS\Features.Forms.iOS.csproj", "{098D8242-A354-4328-B11E-0306AEAD3014}"
EndProject
Project("{FAE04EC0-301F-11D3-BF4B-00C04F79EFBC}") = "Features.Forms.Android", "Features.Forms\Features.Forms.Android\Features.Forms.Android.csproj", "{C22C023A-6B52-4FE3-B98A-57F973D56D4B}"
EndProject
Project("{9A19103F-16F7-4668-BE54-9A1E7A4F7556}") = "Features.NetCore", "Features.NetCore\Features.NetCore.csproj", "{BB2E4A7A-B6D2-4179-8C75-3FD993E9E7A9}"
EndProject
Global
	GlobalSection(SharedMSBuildProjectFiles) = preSolution
		Features.CrossPlatform.Shared\Features.CrossPlatform.Shared.projitems*{098d8242-a354-4328-b11e-0306aead3014}*SharedItemsImports = 4
		Features.Forms\Features.Forms\Features.Forms.projitems*{098d8242-a354-4328-b11e-0306aead3014}*SharedItemsImports = 4
		Features.CrossPlatform.Shared\Features.CrossPlatform.Shared.projitems*{3bae54c3-20a6-40a8-93be-b324fed7d3fc}*SharedItemsImports = 4
		Features.CrossPlatform.Shared\Features.CrossPlatform.Shared.projitems*{7bdab9d6-294b-4aa5-a7f5-3b2992e1d5d2}*SharedItemsImports = 13
		Features.Forms\Features.Forms\Features.Forms.projitems*{aed0f189-e321-4d50-b4dc-36023d91ba0a}*SharedItemsImports = 13
		Features.CrossPlatform.Shared\Features.CrossPlatform.Shared.projitems*{bb2e4a7a-b6d2-4179-8c75-3fd993e9e7a9}*SharedItemsImports = 5
		Features.CrossPlatform.Shared\Features.CrossPlatform.Shared.projitems*{c22c023a-6b52-4fe3-b98a-57f973d56d4b}*SharedItemsImports = 4
		Features.Forms\Features.Forms\Features.Forms.projitems*{c22c023a-6b52-4fe3-b98a-57f973d56d4b}*SharedItemsImports = 4
		Features.CrossPlatform.Shared\Features.CrossPlatform.Shared.projitems*{ffac51be-42e4-4bd3-96aa-96fe2a7853ac}*SharedItemsImports = 4
	EndGlobalSection
	GlobalSection(SolutionConfigurationPlatforms) = preSolution
		Ad-Hoc|Any CPU = Ad-Hoc|Any CPU
		Ad-Hoc|ARM = Ad-Hoc|ARM
		Ad-Hoc|iPhone = Ad-Hoc|iPhone
		Ad-Hoc|iPhoneSimulator = Ad-Hoc|iPhoneSimulator
		Ad-Hoc|x64 = Ad-Hoc|x64
		Ad-Hoc|x86 = Ad-Hoc|x86
		AppStore|Any CPU = AppStore|Any CPU
		AppStore|ARM = AppStore|ARM
		AppStore|iPhone = AppStore|iPhone
		AppStore|iPhoneSimulator = AppStore|iPhoneSimulator
		AppStore|x64 = AppStore|x64
		AppStore|x86 = AppStore|x86
		Debug|Any CPU = Debug|Any CPU
		Debug|ARM = Debug|ARM
		Debug|iPhone = Debug|iPhone
		Debug|iPhoneSimulator = Debug|iPhoneSimulator
		Debug|x64 = Debug|x64
		Debug|x86 = Debug|x86
		Release|Any CPU = Release|Any CPU
		Release|ARM = Release|ARM
		Release|iPhone = Release|iPhone
		Release|iPhoneSimulator = Release|iPhoneSimulator
		Release|x64 = Release|x64
		Release|x86 = Release|x86
	EndGlobalSection
	GlobalSection(ProjectConfigurationPlatforms) = postSolution
		{FFAC51BE-42E4-4BD3-96AA-96FE2A7853AC}.Ad-Hoc|Any CPU.ActiveCfg = Release|x64
		{FFAC51BE-42E4-4BD3-96AA-96FE2A7853AC}.Ad-Hoc|Any CPU.Build.0 = Release|x64
		{FFAC51BE-42E4-4BD3-96AA-96FE2A7853AC}.Ad-Hoc|Any CPU.Deploy.0 = Release|x64
		{FFAC51BE-42E4-4BD3-96AA-96FE2A7853AC}.Ad-Hoc|ARM.ActiveCfg = Release|ARM
		{FFAC51BE-42E4-4BD3-96AA-96FE2A7853AC}.Ad-Hoc|ARM.Build.0 = Release|ARM
		{FFAC51BE-42E4-4BD3-96AA-96FE2A7853AC}.Ad-Hoc|ARM.Deploy.0 = Release|ARM
		{FFAC51BE-42E4-4BD3-96AA-96FE2A7853AC}.Ad-Hoc|iPhone.ActiveCfg = Release|x64
		{FFAC51BE-42E4-4BD3-96AA-96FE2A7853AC}.Ad-Hoc|iPhone.Build.0 = Release|x64
		{FFAC51BE-42E4-4BD3-96AA-96FE2A7853AC}.Ad-Hoc|iPhone.Deploy.0 = Release|x64
		{FFAC51BE-42E4-4BD3-96AA-96FE2A7853AC}.Ad-Hoc|iPhoneSimulator.ActiveCfg = Release|x64
		{FFAC51BE-42E4-4BD3-96AA-96FE2A7853AC}.Ad-Hoc|iPhoneSimulator.Build.0 = Release|x64
		{FFAC51BE-42E4-4BD3-96AA-96FE2A7853AC}.Ad-Hoc|iPhoneSimulator.Deploy.0 = Release|x64
		{FFAC51BE-42E4-4BD3-96AA-96FE2A7853AC}.Ad-Hoc|x64.ActiveCfg = Release|x64
		{FFAC51BE-42E4-4BD3-96AA-96FE2A7853AC}.Ad-Hoc|x64.Build.0 = Release|x64
		{FFAC51BE-42E4-4BD3-96AA-96FE2A7853AC}.Ad-Hoc|x64.Deploy.0 = Release|x64
		{FFAC51BE-42E4-4BD3-96AA-96FE2A7853AC}.Ad-Hoc|x86.ActiveCfg = Release|x86
		{FFAC51BE-42E4-4BD3-96AA-96FE2A7853AC}.Ad-Hoc|x86.Build.0 = Release|x86
		{FFAC51BE-42E4-4BD3-96AA-96FE2A7853AC}.Ad-Hoc|x86.Deploy.0 = Release|x86
		{FFAC51BE-42E4-4BD3-96AA-96FE2A7853AC}.AppStore|Any CPU.ActiveCfg = Release|x64
		{FFAC51BE-42E4-4BD3-96AA-96FE2A7853AC}.AppStore|Any CPU.Build.0 = Release|x64
		{FFAC51BE-42E4-4BD3-96AA-96FE2A7853AC}.AppStore|Any CPU.Deploy.0 = Release|x64
		{FFAC51BE-42E4-4BD3-96AA-96FE2A7853AC}.AppStore|ARM.ActiveCfg = Release|ARM
		{FFAC51BE-42E4-4BD3-96AA-96FE2A7853AC}.AppStore|ARM.Build.0 = Release|ARM
		{FFAC51BE-42E4-4BD3-96AA-96FE2A7853AC}.AppStore|ARM.Deploy.0 = Release|ARM
		{FFAC51BE-42E4-4BD3-96AA-96FE2A7853AC}.AppStore|iPhone.ActiveCfg = Release|x64
		{FFAC51BE-42E4-4BD3-96AA-96FE2A7853AC}.AppStore|iPhone.Build.0 = Release|x64
		{FFAC51BE-42E4-4BD3-96AA-96FE2A7853AC}.AppStore|iPhone.Deploy.0 = Release|x64
		{FFAC51BE-42E4-4BD3-96AA-96FE2A7853AC}.AppStore|iPhoneSimulator.ActiveCfg = Release|x64
		{FFAC51BE-42E4-4BD3-96AA-96FE2A7853AC}.AppStore|iPhoneSimulator.Build.0 = Release|x64
		{FFAC51BE-42E4-4BD3-96AA-96FE2A7853AC}.AppStore|iPhoneSimulator.Deploy.0 = Release|x64
		{FFAC51BE-42E4-4BD3-96AA-96FE2A7853AC}.AppStore|x64.ActiveCfg = Release|x64
		{FFAC51BE-42E4-4BD3-96AA-96FE2A7853AC}.AppStore|x64.Build.0 = Release|x64
		{FFAC51BE-42E4-4BD3-96AA-96FE2A7853AC}.AppStore|x64.Deploy.0 = Release|x64
		{FFAC51BE-42E4-4BD3-96AA-96FE2A7853AC}.AppStore|x86.ActiveCfg = Release|x86
		{FFAC51BE-42E4-4BD3-96AA-96FE2A7853AC}.AppStore|x86.Build.0 = Release|x86
		{FFAC51BE-42E4-4BD3-96AA-96FE2A7853AC}.AppStore|x86.Deploy.0 = Release|x86
		{FFAC51BE-42E4-4BD3-96AA-96FE2A7853AC}.Debug|Any CPU.ActiveCfg = Debug|x86
		{FFAC51BE-42E4-4BD3-96AA-96FE2A7853AC}.Debug|ARM.ActiveCfg = Debug|ARM
		{FFAC51BE-42E4-4BD3-96AA-96FE2A7853AC}.Debug|ARM.Build.0 = Debug|ARM
		{FFAC51BE-42E4-4BD3-96AA-96FE2A7853AC}.Debug|ARM.Deploy.0 = Debug|ARM
		{FFAC51BE-42E4-4BD3-96AA-96FE2A7853AC}.Debug|iPhone.ActiveCfg = Debug|x86
		{FFAC51BE-42E4-4BD3-96AA-96FE2A7853AC}.Debug|iPhoneSimulator.ActiveCfg = Debug|x86
		{FFAC51BE-42E4-4BD3-96AA-96FE2A7853AC}.Debug|x64.ActiveCfg = Debug|x64
		{FFAC51BE-42E4-4BD3-96AA-96FE2A7853AC}.Debug|x64.Build.0 = Debug|x64
		{FFAC51BE-42E4-4BD3-96AA-96FE2A7853AC}.Debug|x64.Deploy.0 = Debug|x64
		{FFAC51BE-42E4-4BD3-96AA-96FE2A7853AC}.Debug|x86.ActiveCfg = Debug|x86
		{FFAC51BE-42E4-4BD3-96AA-96FE2A7853AC}.Debug|x86.Build.0 = Debug|x86
		{FFAC51BE-42E4-4BD3-96AA-96FE2A7853AC}.Debug|x86.Deploy.0 = Debug|x86
		{FFAC51BE-42E4-4BD3-96AA-96FE2A7853AC}.Release|Any CPU.ActiveCfg = Release|x86
		{FFAC51BE-42E4-4BD3-96AA-96FE2A7853AC}.Release|Any CPU.Build.0 = Release|x86
		{FFAC51BE-42E4-4BD3-96AA-96FE2A7853AC}.Release|ARM.ActiveCfg = Release|ARM
		{FFAC51BE-42E4-4BD3-96AA-96FE2A7853AC}.Release|ARM.Build.0 = Release|ARM
		{FFAC51BE-42E4-4BD3-96AA-96FE2A7853AC}.Release|ARM.Deploy.0 = Release|ARM
		{FFAC51BE-42E4-4BD3-96AA-96FE2A7853AC}.Release|iPhone.ActiveCfg = Release|x86
		{FFAC51BE-42E4-4BD3-96AA-96FE2A7853AC}.Release|iPhoneSimulator.ActiveCfg = Release|x86
		{FFAC51BE-42E4-4BD3-96AA-96FE2A7853AC}.Release|x64.ActiveCfg = Release|x64
		{FFAC51BE-42E4-4BD3-96AA-96FE2A7853AC}.Release|x64.Build.0 = Release|x64
		{FFAC51BE-42E4-4BD3-96AA-96FE2A7853AC}.Release|x64.Deploy.0 = Release|x64
		{FFAC51BE-42E4-4BD3-96AA-96FE2A7853AC}.Release|x86.ActiveCfg = Release|x86
		{FFAC51BE-42E4-4BD3-96AA-96FE2A7853AC}.Release|x86.Build.0 = Release|x86
		{FFAC51BE-42E4-4BD3-96AA-96FE2A7853AC}.Release|x86.Deploy.0 = Release|x86
		{3BAE54C3-20A6-40A8-93BE-B324FED7D3FC}.Ad-Hoc|Any CPU.ActiveCfg = Release|Any CPU
		{3BAE54C3-20A6-40A8-93BE-B324FED7D3FC}.Ad-Hoc|Any CPU.Build.0 = Release|Any CPU
		{3BAE54C3-20A6-40A8-93BE-B324FED7D3FC}.Ad-Hoc|ARM.ActiveCfg = Release|Any CPU
		{3BAE54C3-20A6-40A8-93BE-B324FED7D3FC}.Ad-Hoc|ARM.Build.0 = Release|Any CPU
		{3BAE54C3-20A6-40A8-93BE-B324FED7D3FC}.Ad-Hoc|iPhone.ActiveCfg = Release|Any CPU
		{3BAE54C3-20A6-40A8-93BE-B324FED7D3FC}.Ad-Hoc|iPhone.Build.0 = Release|Any CPU
		{3BAE54C3-20A6-40A8-93BE-B324FED7D3FC}.Ad-Hoc|iPhoneSimulator.ActiveCfg = Release|Any CPU
		{3BAE54C3-20A6-40A8-93BE-B324FED7D3FC}.Ad-Hoc|iPhoneSimulator.Build.0 = Release|Any CPU
		{3BAE54C3-20A6-40A8-93BE-B324FED7D3FC}.Ad-Hoc|x64.ActiveCfg = Release|Any CPU
		{3BAE54C3-20A6-40A8-93BE-B324FED7D3FC}.Ad-Hoc|x64.Build.0 = Release|Any CPU
		{3BAE54C3-20A6-40A8-93BE-B324FED7D3FC}.Ad-Hoc|x86.ActiveCfg = Release|Any CPU
		{3BAE54C3-20A6-40A8-93BE-B324FED7D3FC}.Ad-Hoc|x86.Build.0 = Release|Any CPU
		{3BAE54C3-20A6-40A8-93BE-B324FED7D3FC}.AppStore|Any CPU.ActiveCfg = Release|Any CPU
		{3BAE54C3-20A6-40A8-93BE-B324FED7D3FC}.AppStore|Any CPU.Build.0 = Release|Any CPU
		{3BAE54C3-20A6-40A8-93BE-B324FED7D3FC}.AppStore|ARM.ActiveCfg = Release|Any CPU
		{3BAE54C3-20A6-40A8-93BE-B324FED7D3FC}.AppStore|ARM.Build.0 = Release|Any CPU
		{3BAE54C3-20A6-40A8-93BE-B324FED7D3FC}.AppStore|iPhone.ActiveCfg = Release|Any CPU
		{3BAE54C3-20A6-40A8-93BE-B324FED7D3FC}.AppStore|iPhone.Build.0 = Release|Any CPU
		{3BAE54C3-20A6-40A8-93BE-B324FED7D3FC}.AppStore|iPhoneSimulator.ActiveCfg = Release|Any CPU
		{3BAE54C3-20A6-40A8-93BE-B324FED7D3FC}.AppStore|iPhoneSimulator.Build.0 = Release|Any CPU
		{3BAE54C3-20A6-40A8-93BE-B324FED7D3FC}.AppStore|x64.ActiveCfg = Release|Any CPU
		{3BAE54C3-20A6-40A8-93BE-B324FED7D3FC}.AppStore|x64.Build.0 = Release|Any CPU
		{3BAE54C3-20A6-40A8-93BE-B324FED7D3FC}.AppStore|x86.ActiveCfg = Release|Any CPU
		{3BAE54C3-20A6-40A8-93BE-B324FED7D3FC}.AppStore|x86.Build.0 = Release|Any CPU
		{3BAE54C3-20A6-40A8-93BE-B324FED7D3FC}.Debug|Any CPU.ActiveCfg = Debug|Any CPU
		{3BAE54C3-20A6-40A8-93BE-B324FED7D3FC}.Debug|Any CPU.Build.0 = Debug|Any CPU
		{3BAE54C3-20A6-40A8-93BE-B324FED7D3FC}.Debug|ARM.ActiveCfg = Debug|Any CPU
		{3BAE54C3-20A6-40A8-93BE-B324FED7D3FC}.Debug|ARM.Build.0 = Debug|Any CPU
		{3BAE54C3-20A6-40A8-93BE-B324FED7D3FC}.Debug|iPhone.ActiveCfg = Debug|Any CPU
		{3BAE54C3-20A6-40A8-93BE-B324FED7D3FC}.Debug|iPhone.Build.0 = Debug|Any CPU
		{3BAE54C3-20A6-40A8-93BE-B324FED7D3FC}.Debug|iPhoneSimulator.ActiveCfg = Debug|Any CPU
		{3BAE54C3-20A6-40A8-93BE-B324FED7D3FC}.Debug|iPhoneSimulator.Build.0 = Debug|Any CPU
		{3BAE54C3-20A6-40A8-93BE-B324FED7D3FC}.Debug|iPhoneSimulator.Deploy.0 = Debug|Any CPU
		{3BAE54C3-20A6-40A8-93BE-B324FED7D3FC}.Debug|x64.ActiveCfg = Debug|Any CPU
		{3BAE54C3-20A6-40A8-93BE-B324FED7D3FC}.Debug|x64.Build.0 = Debug|Any CPU
		{3BAE54C3-20A6-40A8-93BE-B324FED7D3FC}.Debug|x86.ActiveCfg = Debug|Any CPU
		{3BAE54C3-20A6-40A8-93BE-B324FED7D3FC}.Debug|x86.Build.0 = Debug|Any CPU
		{3BAE54C3-20A6-40A8-93BE-B324FED7D3FC}.Release|Any CPU.ActiveCfg = Release|Any CPU
		{3BAE54C3-20A6-40A8-93BE-B324FED7D3FC}.Release|Any CPU.Build.0 = Release|Any CPU
		{3BAE54C3-20A6-40A8-93BE-B324FED7D3FC}.Release|ARM.ActiveCfg = Release|Any CPU
		{3BAE54C3-20A6-40A8-93BE-B324FED7D3FC}.Release|ARM.Build.0 = Release|Any CPU
		{3BAE54C3-20A6-40A8-93BE-B324FED7D3FC}.Release|iPhone.ActiveCfg = Release|Any CPU
		{3BAE54C3-20A6-40A8-93BE-B324FED7D3FC}.Release|iPhone.Build.0 = Release|Any CPU
		{3BAE54C3-20A6-40A8-93BE-B324FED7D3FC}.Release|iPhoneSimulator.ActiveCfg = Release|Any CPU
		{3BAE54C3-20A6-40A8-93BE-B324FED7D3FC}.Release|iPhoneSimulator.Build.0 = Release|Any CPU
		{3BAE54C3-20A6-40A8-93BE-B324FED7D3FC}.Release|x64.ActiveCfg = Release|Any CPU
		{3BAE54C3-20A6-40A8-93BE-B324FED7D3FC}.Release|x64.Build.0 = Release|Any CPU
		{3BAE54C3-20A6-40A8-93BE-B324FED7D3FC}.Release|x86.ActiveCfg = Release|Any CPU
		{3BAE54C3-20A6-40A8-93BE-B324FED7D3FC}.Release|x86.Build.0 = Release|Any CPU
		{098D8242-A354-4328-B11E-0306AEAD3014}.Ad-Hoc|Any CPU.ActiveCfg = Ad-Hoc|iPhone
		{098D8242-A354-4328-B11E-0306AEAD3014}.Ad-Hoc|ARM.ActiveCfg = Ad-Hoc|iPhone
		{098D8242-A354-4328-B11E-0306AEAD3014}.Ad-Hoc|iPhone.ActiveCfg = Ad-Hoc|iPhone
		{098D8242-A354-4328-B11E-0306AEAD3014}.Ad-Hoc|iPhone.Build.0 = Ad-Hoc|iPhone
		{098D8242-A354-4328-B11E-0306AEAD3014}.Ad-Hoc|iPhoneSimulator.ActiveCfg = Ad-Hoc|iPhoneSimulator
		{098D8242-A354-4328-B11E-0306AEAD3014}.Ad-Hoc|iPhoneSimulator.Build.0 = Ad-Hoc|iPhoneSimulator
		{098D8242-A354-4328-B11E-0306AEAD3014}.Ad-Hoc|x64.ActiveCfg = Ad-Hoc|iPhone
		{098D8242-A354-4328-B11E-0306AEAD3014}.Ad-Hoc|x86.ActiveCfg = Ad-Hoc|iPhone
		{098D8242-A354-4328-B11E-0306AEAD3014}.AppStore|Any CPU.ActiveCfg = AppStore|iPhone
		{098D8242-A354-4328-B11E-0306AEAD3014}.AppStore|ARM.ActiveCfg = AppStore|iPhone
		{098D8242-A354-4328-B11E-0306AEAD3014}.AppStore|iPhone.ActiveCfg = AppStore|iPhone
		{098D8242-A354-4328-B11E-0306AEAD3014}.AppStore|iPhone.Build.0 = AppStore|iPhone
		{098D8242-A354-4328-B11E-0306AEAD3014}.AppStore|iPhoneSimulator.ActiveCfg = AppStore|iPhoneSimulator
		{098D8242-A354-4328-B11E-0306AEAD3014}.AppStore|iPhoneSimulator.Build.0 = AppStore|iPhoneSimulator
		{098D8242-A354-4328-B11E-0306AEAD3014}.AppStore|x64.ActiveCfg = AppStore|iPhone
		{098D8242-A354-4328-B11E-0306AEAD3014}.AppStore|x86.ActiveCfg = AppStore|iPhone
		{098D8242-A354-4328-B11E-0306AEAD3014}.Debug|Any CPU.ActiveCfg = Debug|iPhone
		{098D8242-A354-4328-B11E-0306AEAD3014}.Debug|ARM.ActiveCfg = Debug|iPhone
		{098D8242-A354-4328-B11E-0306AEAD3014}.Debug|iPhone.ActiveCfg = Debug|iPhone
		{098D8242-A354-4328-B11E-0306AEAD3014}.Debug|iPhone.Build.0 = Debug|iPhone
		{098D8242-A354-4328-B11E-0306AEAD3014}.Debug|iPhoneSimulator.ActiveCfg = Debug|iPhoneSimulator
		{098D8242-A354-4328-B11E-0306AEAD3014}.Debug|iPhoneSimulator.Build.0 = Debug|iPhoneSimulator
		{098D8242-A354-4328-B11E-0306AEAD3014}.Debug|x64.ActiveCfg = Debug|iPhone
		{098D8242-A354-4328-B11E-0306AEAD3014}.Debug|x86.ActiveCfg = Debug|iPhoneSimulator
		{098D8242-A354-4328-B11E-0306AEAD3014}.Debug|x86.Build.0 = Debug|iPhoneSimulator
		{098D8242-A354-4328-B11E-0306AEAD3014}.Release|Any CPU.ActiveCfg = Release|iPhone
		{098D8242-A354-4328-B11E-0306AEAD3014}.Release|Any CPU.Build.0 = Release|iPhone
		{098D8242-A354-4328-B11E-0306AEAD3014}.Release|ARM.ActiveCfg = Release|iPhone
		{098D8242-A354-4328-B11E-0306AEAD3014}.Release|iPhone.ActiveCfg = Release|iPhone
		{098D8242-A354-4328-B11E-0306AEAD3014}.Release|iPhone.Build.0 = Release|iPhone
		{098D8242-A354-4328-B11E-0306AEAD3014}.Release|iPhoneSimulator.ActiveCfg = Release|iPhoneSimulator
		{098D8242-A354-4328-B11E-0306AEAD3014}.Release|iPhoneSimulator.Build.0 = Release|iPhoneSimulator
		{098D8242-A354-4328-B11E-0306AEAD3014}.Release|x64.ActiveCfg = Release|iPhone
		{098D8242-A354-4328-B11E-0306AEAD3014}.Release|x86.ActiveCfg = Release|iPhone
		{C22C023A-6B52-4FE3-B98A-57F973D56D4B}.Ad-Hoc|Any CPU.ActiveCfg = Release|Any CPU
		{C22C023A-6B52-4FE3-B98A-57F973D56D4B}.Ad-Hoc|Any CPU.Build.0 = Release|Any CPU
		{C22C023A-6B52-4FE3-B98A-57F973D56D4B}.Ad-Hoc|Any CPU.Deploy.0 = Release|Any CPU
		{C22C023A-6B52-4FE3-B98A-57F973D56D4B}.Ad-Hoc|ARM.ActiveCfg = Release|Any CPU
		{C22C023A-6B52-4FE3-B98A-57F973D56D4B}.Ad-Hoc|ARM.Build.0 = Release|Any CPU
		{C22C023A-6B52-4FE3-B98A-57F973D56D4B}.Ad-Hoc|ARM.Deploy.0 = Release|Any CPU
		{C22C023A-6B52-4FE3-B98A-57F973D56D4B}.Ad-Hoc|iPhone.ActiveCfg = Release|Any CPU
		{C22C023A-6B52-4FE3-B98A-57F973D56D4B}.Ad-Hoc|iPhone.Build.0 = Release|Any CPU
		{C22C023A-6B52-4FE3-B98A-57F973D56D4B}.Ad-Hoc|iPhone.Deploy.0 = Release|Any CPU
		{C22C023A-6B52-4FE3-B98A-57F973D56D4B}.Ad-Hoc|iPhoneSimulator.ActiveCfg = Release|Any CPU
		{C22C023A-6B52-4FE3-B98A-57F973D56D4B}.Ad-Hoc|iPhoneSimulator.Build.0 = Release|Any CPU
		{C22C023A-6B52-4FE3-B98A-57F973D56D4B}.Ad-Hoc|iPhoneSimulator.Deploy.0 = Release|Any CPU
		{C22C023A-6B52-4FE3-B98A-57F973D56D4B}.Ad-Hoc|x64.ActiveCfg = Release|Any CPU
		{C22C023A-6B52-4FE3-B98A-57F973D56D4B}.Ad-Hoc|x64.Build.0 = Release|Any CPU
		{C22C023A-6B52-4FE3-B98A-57F973D56D4B}.Ad-Hoc|x64.Deploy.0 = Release|Any CPU
		{C22C023A-6B52-4FE3-B98A-57F973D56D4B}.Ad-Hoc|x86.ActiveCfg = Release|Any CPU
		{C22C023A-6B52-4FE3-B98A-57F973D56D4B}.Ad-Hoc|x86.Build.0 = Release|Any CPU
		{C22C023A-6B52-4FE3-B98A-57F973D56D4B}.Ad-Hoc|x86.Deploy.0 = Release|Any CPU
		{C22C023A-6B52-4FE3-B98A-57F973D56D4B}.AppStore|Any CPU.ActiveCfg = Release|Any CPU
		{C22C023A-6B52-4FE3-B98A-57F973D56D4B}.AppStore|Any CPU.Build.0 = Release|Any CPU
		{C22C023A-6B52-4FE3-B98A-57F973D56D4B}.AppStore|Any CPU.Deploy.0 = Release|Any CPU
		{C22C023A-6B52-4FE3-B98A-57F973D56D4B}.AppStore|ARM.ActiveCfg = Release|Any CPU
		{C22C023A-6B52-4FE3-B98A-57F973D56D4B}.AppStore|ARM.Build.0 = Release|Any CPU
		{C22C023A-6B52-4FE3-B98A-57F973D56D4B}.AppStore|ARM.Deploy.0 = Release|Any CPU
		{C22C023A-6B52-4FE3-B98A-57F973D56D4B}.AppStore|iPhone.ActiveCfg = Release|Any CPU
		{C22C023A-6B52-4FE3-B98A-57F973D56D4B}.AppStore|iPhone.Build.0 = Release|Any CPU
		{C22C023A-6B52-4FE3-B98A-57F973D56D4B}.AppStore|iPhone.Deploy.0 = Release|Any CPU
		{C22C023A-6B52-4FE3-B98A-57F973D56D4B}.AppStore|iPhoneSimulator.ActiveCfg = Release|Any CPU
		{C22C023A-6B52-4FE3-B98A-57F973D56D4B}.AppStore|iPhoneSimulator.Build.0 = Release|Any CPU
		{C22C023A-6B52-4FE3-B98A-57F973D56D4B}.AppStore|iPhoneSimulator.Deploy.0 = Release|Any CPU
		{C22C023A-6B52-4FE3-B98A-57F973D56D4B}.AppStore|x64.ActiveCfg = Release|Any CPU
		{C22C023A-6B52-4FE3-B98A-57F973D56D4B}.AppStore|x64.Build.0 = Release|Any CPU
		{C22C023A-6B52-4FE3-B98A-57F973D56D4B}.AppStore|x64.Deploy.0 = Release|Any CPU
		{C22C023A-6B52-4FE3-B98A-57F973D56D4B}.AppStore|x86.ActiveCfg = Release|Any CPU
		{C22C023A-6B52-4FE3-B98A-57F973D56D4B}.AppStore|x86.Build.0 = Release|Any CPU
		{C22C023A-6B52-4FE3-B98A-57F973D56D4B}.AppStore|x86.Deploy.0 = Release|Any CPU
		{C22C023A-6B52-4FE3-B98A-57F973D56D4B}.Debug|Any CPU.ActiveCfg = Debug|Any CPU
		{C22C023A-6B52-4FE3-B98A-57F973D56D4B}.Debug|Any CPU.Build.0 = Debug|Any CPU
		{C22C023A-6B52-4FE3-B98A-57F973D56D4B}.Debug|Any CPU.Deploy.0 = Debug|Any CPU
		{C22C023A-6B52-4FE3-B98A-57F973D56D4B}.Debug|ARM.ActiveCfg = Debug|Any CPU
		{C22C023A-6B52-4FE3-B98A-57F973D56D4B}.Debug|ARM.Build.0 = Debug|Any CPU
		{C22C023A-6B52-4FE3-B98A-57F973D56D4B}.Debug|ARM.Deploy.0 = Debug|Any CPU
		{C22C023A-6B52-4FE3-B98A-57F973D56D4B}.Debug|iPhone.ActiveCfg = Debug|Any CPU
		{C22C023A-6B52-4FE3-B98A-57F973D56D4B}.Debug|iPhone.Build.0 = Debug|Any CPU
		{C22C023A-6B52-4FE3-B98A-57F973D56D4B}.Debug|iPhone.Deploy.0 = Debug|Any CPU
		{C22C023A-6B52-4FE3-B98A-57F973D56D4B}.Debug|iPhoneSimulator.ActiveCfg = Debug|Any CPU
		{C22C023A-6B52-4FE3-B98A-57F973D56D4B}.Debug|iPhoneSimulator.Build.0 = Debug|Any CPU
		{C22C023A-6B52-4FE3-B98A-57F973D56D4B}.Debug|iPhoneSimulator.Deploy.0 = Debug|Any CPU
		{C22C023A-6B52-4FE3-B98A-57F973D56D4B}.Debug|x64.ActiveCfg = Debug|Any CPU
		{C22C023A-6B52-4FE3-B98A-57F973D56D4B}.Debug|x64.Build.0 = Debug|Any CPU
		{C22C023A-6B52-4FE3-B98A-57F973D56D4B}.Debug|x64.Deploy.0 = Debug|Any CPU
		{C22C023A-6B52-4FE3-B98A-57F973D56D4B}.Debug|x86.ActiveCfg = Debug|Any CPU
		{C22C023A-6B52-4FE3-B98A-57F973D56D4B}.Debug|x86.Build.0 = Debug|Any CPU
		{C22C023A-6B52-4FE3-B98A-57F973D56D4B}.Debug|x86.Deploy.0 = Debug|Any CPU
		{C22C023A-6B52-4FE3-B98A-57F973D56D4B}.Release|Any CPU.ActiveCfg = Release|Any CPU
		{C22C023A-6B52-4FE3-B98A-57F973D56D4B}.Release|Any CPU.Build.0 = Release|Any CPU
		{C22C023A-6B52-4FE3-B98A-57F973D56D4B}.Release|ARM.ActiveCfg = Release|Any CPU
		{C22C023A-6B52-4FE3-B98A-57F973D56D4B}.Release|ARM.Build.0 = Release|Any CPU
		{C22C023A-6B52-4FE3-B98A-57F973D56D4B}.Release|ARM.Deploy.0 = Release|Any CPU
		{C22C023A-6B52-4FE3-B98A-57F973D56D4B}.Release|iPhone.ActiveCfg = Release|Any CPU
		{C22C023A-6B52-4FE3-B98A-57F973D56D4B}.Release|iPhone.Build.0 = Release|Any CPU
		{C22C023A-6B52-4FE3-B98A-57F973D56D4B}.Release|iPhone.Deploy.0 = Release|Any CPU
		{C22C023A-6B52-4FE3-B98A-57F973D56D4B}.Release|iPhoneSimulator.ActiveCfg = Release|Any CPU
		{C22C023A-6B52-4FE3-B98A-57F973D56D4B}.Release|iPhoneSimulator.Build.0 = Release|Any CPU
		{C22C023A-6B52-4FE3-B98A-57F973D56D4B}.Release|iPhoneSimulator.Deploy.0 = Release|Any CPU
		{C22C023A-6B52-4FE3-B98A-57F973D56D4B}.Release|x64.ActiveCfg = Release|Any CPU
		{C22C023A-6B52-4FE3-B98A-57F973D56D4B}.Release|x64.Build.0 = Release|Any CPU
		{C22C023A-6B52-4FE3-B98A-57F973D56D4B}.Release|x64.Deploy.0 = Release|Any CPU
		{C22C023A-6B52-4FE3-B98A-57F973D56D4B}.Release|x86.ActiveCfg = Release|Any CPU
		{C22C023A-6B52-4FE3-B98A-57F973D56D4B}.Release|x86.Build.0 = Release|Any CPU
		{C22C023A-6B52-4FE3-B98A-57F973D56D4B}.Release|x86.Deploy.0 = Release|Any CPU
		{BB2E4A7A-B6D2-4179-8C75-3FD993E9E7A9}.Ad-Hoc|Any CPU.ActiveCfg = Debug|Any CPU
		{BB2E4A7A-B6D2-4179-8C75-3FD993E9E7A9}.Ad-Hoc|Any CPU.Build.0 = Debug|Any CPU
		{BB2E4A7A-B6D2-4179-8C75-3FD993E9E7A9}.Ad-Hoc|ARM.ActiveCfg = Debug|Any CPU
		{BB2E4A7A-B6D2-4179-8C75-3FD993E9E7A9}.Ad-Hoc|ARM.Build.0 = Debug|Any CPU
		{BB2E4A7A-B6D2-4179-8C75-3FD993E9E7A9}.Ad-Hoc|iPhone.ActiveCfg = Debug|Any CPU
		{BB2E4A7A-B6D2-4179-8C75-3FD993E9E7A9}.Ad-Hoc|iPhone.Build.0 = Debug|Any CPU
		{BB2E4A7A-B6D2-4179-8C75-3FD993E9E7A9}.Ad-Hoc|iPhoneSimulator.ActiveCfg = Debug|Any CPU
		{BB2E4A7A-B6D2-4179-8C75-3FD993E9E7A9}.Ad-Hoc|iPhoneSimulator.Build.0 = Debug|Any CPU
		{BB2E4A7A-B6D2-4179-8C75-3FD993E9E7A9}.Ad-Hoc|x64.ActiveCfg = Debug|Any CPU
		{BB2E4A7A-B6D2-4179-8C75-3FD993E9E7A9}.Ad-Hoc|x64.Build.0 = Debug|Any CPU
		{BB2E4A7A-B6D2-4179-8C75-3FD993E9E7A9}.Ad-Hoc|x86.ActiveCfg = Debug|Any CPU
		{BB2E4A7A-B6D2-4179-8C75-3FD993E9E7A9}.Ad-Hoc|x86.Build.0 = Debug|Any CPU
		{BB2E4A7A-B6D2-4179-8C75-3FD993E9E7A9}.AppStore|Any CPU.ActiveCfg = Debug|Any CPU
		{BB2E4A7A-B6D2-4179-8C75-3FD993E9E7A9}.AppStore|Any CPU.Build.0 = Debug|Any CPU
		{BB2E4A7A-B6D2-4179-8C75-3FD993E9E7A9}.AppStore|ARM.ActiveCfg = Debug|Any CPU
		{BB2E4A7A-B6D2-4179-8C75-3FD993E9E7A9}.AppStore|ARM.Build.0 = Debug|Any CPU
		{BB2E4A7A-B6D2-4179-8C75-3FD993E9E7A9}.AppStore|iPhone.ActiveCfg = Debug|Any CPU
		{BB2E4A7A-B6D2-4179-8C75-3FD993E9E7A9}.AppStore|iPhone.Build.0 = Debug|Any CPU
		{BB2E4A7A-B6D2-4179-8C75-3FD993E9E7A9}.AppStore|iPhoneSimulator.ActiveCfg = Debug|Any CPU
		{BB2E4A7A-B6D2-4179-8C75-3FD993E9E7A9}.AppStore|iPhoneSimulator.Build.0 = Debug|Any CPU
		{BB2E4A7A-B6D2-4179-8C75-3FD993E9E7A9}.AppStore|x64.ActiveCfg = Debug|Any CPU
		{BB2E4A7A-B6D2-4179-8C75-3FD993E9E7A9}.AppStore|x64.Build.0 = Debug|Any CPU
		{BB2E4A7A-B6D2-4179-8C75-3FD993E9E7A9}.AppStore|x86.ActiveCfg = Debug|Any CPU
		{BB2E4A7A-B6D2-4179-8C75-3FD993E9E7A9}.AppStore|x86.Build.0 = Debug|Any CPU
		{BB2E4A7A-B6D2-4179-8C75-3FD993E9E7A9}.Debug|Any CPU.ActiveCfg = Debug|Any CPU
		{BB2E4A7A-B6D2-4179-8C75-3FD993E9E7A9}.Debug|Any CPU.Build.0 = Debug|Any CPU
		{BB2E4A7A-B6D2-4179-8C75-3FD993E9E7A9}.Debug|ARM.ActiveCfg = Debug|Any CPU
		{BB2E4A7A-B6D2-4179-8C75-3FD993E9E7A9}.Debug|ARM.Build.0 = Debug|Any CPU
		{BB2E4A7A-B6D2-4179-8C75-3FD993E9E7A9}.Debug|iPhone.ActiveCfg = Debug|Any CPU
		{BB2E4A7A-B6D2-4179-8C75-3FD993E9E7A9}.Debug|iPhone.Build.0 = Debug|Any CPU
		{BB2E4A7A-B6D2-4179-8C75-3FD993E9E7A9}.Debug|iPhoneSimulator.ActiveCfg = Debug|Any CPU
		{BB2E4A7A-B6D2-4179-8C75-3FD993E9E7A9}.Debug|iPhoneSimulator.Build.0 = Debug|Any CPU
		{BB2E4A7A-B6D2-4179-8C75-3FD993E9E7A9}.Debug|x64.ActiveCfg = Debug|Any CPU
		{BB2E4A7A-B6D2-4179-8C75-3FD993E9E7A9}.Debug|x64.Build.0 = Debug|Any CPU
		{BB2E4A7A-B6D2-4179-8C75-3FD993E9E7A9}.Debug|x86.ActiveCfg = Debug|Any CPU
		{BB2E4A7A-B6D2-4179-8C75-3FD993E9E7A9}.Debug|x86.Build.0 = Debug|Any CPU
		{BB2E4A7A-B6D2-4179-8C75-3FD993E9E7A9}.Release|Any CPU.ActiveCfg = Release|Any CPU
		{BB2E4A7A-B6D2-4179-8C75-3FD993E9E7A9}.Release|Any CPU.Build.0 = Release|Any CPU
		{BB2E4A7A-B6D2-4179-8C75-3FD993E9E7A9}.Release|ARM.ActiveCfg = Release|Any CPU
		{BB2E4A7A-B6D2-4179-8C75-3FD993E9E7A9}.Release|ARM.Build.0 = Release|Any CPU
		{BB2E4A7A-B6D2-4179-8C75-3FD993E9E7A9}.Release|iPhone.ActiveCfg = Release|Any CPU
		{BB2E4A7A-B6D2-4179-8C75-3FD993E9E7A9}.Release|iPhone.Build.0 = Release|Any CPU
		{BB2E4A7A-B6D2-4179-8C75-3FD993E9E7A9}.Release|iPhoneSimulator.ActiveCfg = Release|Any CPU
		{BB2E4A7A-B6D2-4179-8C75-3FD993E9E7A9}.Release|iPhoneSimulator.Build.0 = Release|Any CPU
		{BB2E4A7A-B6D2-4179-8C75-3FD993E9E7A9}.Release|x64.ActiveCfg = Release|Any CPU
		{BB2E4A7A-B6D2-4179-8C75-3FD993E9E7A9}.Release|x64.Build.0 = Release|Any CPU
		{BB2E4A7A-B6D2-4179-8C75-3FD993E9E7A9}.Release|x86.ActiveCfg = Release|Any CPU
		{BB2E4A7A-B6D2-4179-8C75-3FD993E9E7A9}.Release|x86.Build.0 = Release|Any CPU
	EndGlobalSection
	GlobalSection(SolutionProperties) = preSolution
		HideSolutionNode = FALSE
	EndGlobalSection
	GlobalSection(NestedProjects) = preSolution
		{AED0F189-E321-4D50-B4DC-36023D91BA0A} = {40BB5901-B77A-4844-96EA-538A1B885D2C}
		{098D8242-A354-4328-B11E-0306AEAD3014} = {40BB5901-B77A-4844-96EA-538A1B885D2C}
		{C22C023A-6B52-4FE3-B98A-57F973D56D4B} = {40BB5901-B77A-4844-96EA-538A1B885D2C}
	EndGlobalSection
	GlobalSection(ExtensibilityGlobals) = postSolution
		SolutionGuid = {48289C94-191E-43EC-AADE-AD95AF16BF2C}
	EndGlobalSection
EndGlobal
